{
    "version": 3,
    "terraform_version": "0.10.2",
    "serial": 54,
    "lineage": "76bcf47a-47ec-43da-b2a5-cc4fd1f51260",
    "modules": [
        {
            "path": [
                "root"
            ],
            "outputs": {},
            "resources": {
                "aws_alb_target_group_attachment.stageapp-01-stageapp-https": {
                    "type": "aws_alb_target_group_attachment",
                    "depends_on": [
                        "module.stage_lb",
                        "module.stage_railsapp"
                    ],
                    "primary": {
                        "id": "arn:aws:elasticloadbalancing:us-west-2:251764077246:targetgroup/red-app-https/d8bb5211d9f82820-20171026215049803500000001",
                        "attributes": {
                            "id": "arn:aws:elasticloadbalancing:us-west-2:251764077246:targetgroup/red-app-https/d8bb5211d9f82820-20171026215049803500000001",
                            "target_group_arn": "arn:aws:elasticloadbalancing:us-west-2:251764077246:targetgroup/red-app-https/d8bb5211d9f82820",
                            "target_id": "i-0aef3f7dfcdd5e07b"
                        },
                        "meta": {},
                        "tainted": false
                    },
                    "deposed": [],
                    "provider": ""
                }
            },
            "depends_on": []
        },
        {
            "path": [
                "root",
                "bootstrap"
            ],
            "outputs": {
                "base_cloutinit": {
                    "sensitive": false,
                    "type": "string",
                    "value": "H4sIAAAAAAAA/7xUYW8cNRP+bun+w7x7VV4Isp2DopBtg3RtKkDiIEpSUEVR5PXO3Vl4beOZbW7/PfIulwTS+1SJ/eD1WM88M2M/M69jYAwsb4aENXS9Z5dMZt25HbYvoIl9aE0ezqvVD6s3r35++9PF8updJYolf8FMLoYaFupkJmZCysegmdhzXzhKkRyPWMNs7LbDwC9g7TwG0+F51cTIxNkkRdvqwfMmm0BrzPJNsLF1YVPDaeP4EWBMm3HHeidpi96TzS7xTKxch08ynP9PNy7oxtBWiDl8hwGzs/BqH70cXiPDNhKXxOCzVST2A6xjhuWv15+L30C2oJGttj727bQqu96oFn6HoyNAu41QpYyE+QPe7plq4NxjBd8ecNZnZ/fYciL2hmUPhCzvU8rYynXM2JkgTxYqY6u8CUKQR0ywOCk1vE2tYSQwoQUXiI33cNmnhAzLDQYWQ9+BHKAfcXtrj9wyJ6q1HvpOpdHLm4aUjZ1+MGVGj4ZQJruQ6OWpCtFku1U5df8mnLykGUOL+Ryuokcx7/5oXQaZpit5oNZrYxnz+CPVivl0pzl6PH9W1vtrPOijC0zxjsXBINNWWMMfYZu22lK+NczZNT0jqcF0Hl6+hHfL1Y9iDrYnjt0jQC3mUL6F+lJ98/xELRZfff38TC3UmTqtoRuu+4R5eYcUO7w0RHcxtwJ3jKGo9Dbjnz0SUy0KSUq3pYgaGkMoxpBiDq9jWLtNn/Gf73m5vPn+/FlZax0Tf6SUxgVh+g3H6EESVIQMujQgHah9+ikbw1qPL6dHRecDAqw+lR3DB5djKJMBUo5tb8vAqAQNxNiVNsBgGo9/q0mISRVwfHwMFzH8n0uTbpCBI7yvMpaR8r4qlknJ77VOBV992rCauP+7SaWpbGnbcxvvAsgMXyzgakzChc3TCo+elCflTPwVAAD//7umc4jqBQAA"
                },
                "foreman_cloutinit": {
                    "sensitive": false,
                    "type": "string",
                    "value": "H4sIAAAAAAAA/8xYbXPbNvJ/j5l8hw2liewkIO3/v9delKo9JVYST/x0ktK7TJzRQORKxJgCWAC0rXP93W8WJCVKti9tMtc5vRBJYLHAYnd/+/BaK4fK8fEyxy4siszJXBgXLeQ1Ji9hqguVCLPsBceHx4NXpx9ODvrDjwGjL/4LGiu16sJ+uPeIPWKcN4kesZr3gbS5ttJ5WuGciNMFKvcSZjJDJRbYC6ZaO+uMyEObBuuVYyOUnaHhAxXrRKp5F36YStcg8Md2eO2ia25TzDIbG5m7R+xYLvDOCVuPo6lU0VTYlLEWvEWFRsbwqt6dBkfoINXW0cFg51hbly1hpg30/zHaZZ+AJxChi6M400VS/ofxbB4m8BmePAGMUw1BbtCiucRJzakLzhQYwE8PLI5evFjR0girP2KXgUXHV0cymPCZNrgQiu/thwaTMBOKMZsh5rC/RzJ8yBPh0IJQCUhlncgyOCvyHB3056gcWxYL4EsoPF39VVOmzuW2G0XLYhHmflUmpjaM9SJaf3KDGQqLPI/3OWb8h1BpYeI0NPlim2G5igu/NWu1YKgzZK3FRSIN8Ly8kjXraCZih8Y/bJiwVnmnRmfYa9P/6hofXBMRWeiuHXtwk/KVxcLdw618jWJrJsI5I6eFQxsuxSKDH3+Ej/3jI9aCuLBOLxoEXdYC+u2H/xf+9bu9cH/////y3YtwP3wR/tCFxXJU5Gj6V2j1As+EtVfaJAyvHSqy0onBXwu0znYZMcnzCQnRhUrZzO/KWvBaq5mcFwY3VXrWH7/rtem/G+nc3SPNVComirnTOgNuIbDoICIftA+IXz7CWKtZ5JUXeaM2D9hg8K3cUV1KoxWBA+RGJ0VMmBEwu7QOF+QJqMQ0w8qgGCsNA54+fQoHWnUc3dUcHTgN54FBQpXzgL5Enme1uVuiD74Nr2rhKwv/U1HrlbAyrq2CsKHInwPZjjRo4UqbC6nmMJcOKm1dSZdCrJUzOuMGcw25zotMOEwqwHNSzS0sdQE21UWWACbSsbeH48loMPxlMOx15tL9jbQ+l6TDhtI77PXpyXh4ejQZDs5Oe0H7Zr3stlv7UWPzgL07HY1P+seDXtDeWcEan+0G7OD0uH94cncuobmT0aR/NJ7Q7KgXVNbTvlmvuX1eDj6v7mZrshoNSGb+e36sBR9XV0LWpRATsia6HXApWmSj0bvJ+8HHyZvDo0Gvs+14pQKiRDhRDVcjobVpJJOJsaLDzj6cnQ3Gd1ev3bZ67bDRh4PTSU1vi0QDfwe8gHp+OPj75Oz921GvgzlmNUZ7Y2juv4HIHXbc/+dkOBgPDwej3vd7jF4/TkZHg8HZZHx4PKAx1oLDGs0v5hbkDJR2NcJjwmaF8t5aD0082Q0DT99rP2UAmY5F1iTodToMfHDNL+YgFbRrAV5Coj0MmnwB/FdoE8Fvv20sDto3jc9baN/QI2AAiVbIAD4B/xcE7QZRAJ+JC8WnOjjxJWzyYbck7RCdWUYjH1SdETE51VpIQ7OTMuSSjHIGn6DtjEQLPENoN64UPr8kY1FenBKxgsb72Cy79dJoY2GTyh+E/Lq9rR1/ff48YRg2lnSaptzx4+V573BgAJhZfGDpNpOKAt70D48GB3B4Mhr3j47Gh6cnsEnxJR7NW+AIwbk6V+fOg3nF+9Xp6Xg0HvbPHsNqajQYdCG6FCbK9LzMoLhU0nFduLxwYabnxCiAn6qovtAuKTe6lg72yd6kV3GrBQQOjALVM4RWSaAVoDHaNC1+5IrZjFWWeH8KdI9VfXsateFKK9coM1cHunCgZxAZrR3s5AYvUTlbnt7CVSozhMKSzRBQ7LI4gcgtfI47UJbyhyuEVFwiCAWj0Tt4j0vmDfkx8Bm0m9DWsOF2A4PA2pRf4HKOCrgDYwXwKXy39+L7uxz4GWl8Jmn/MVrnt+zHMVoLO5nW+S7zTtDbY+XZKWGuYGBnx089e7a7y1Z+g5bCVpON07ARfiqH2Dixh1NrU+BqrKEzckbG7p227j0uX6fo/byndGeTEwNyscKoXvvnlbuXI9Drwd49Pj4q/KEel1Y+NSgu7jhaafZP179ztQENKRoEaUFQOjTNcFHGcpfWKRApAC5wCeL+G2hyo1hWRzCRJOBSaf3t5cU0k7FnQ1PQqaJDGSs6UFg0BM5vpTsS025wx4Uph27fNLV9G+bFtMTvNVKWruexubaBIWUjX2UEG0ql+JaRLy20Q2jfNFOS/zHdVXrzd7pWGmn0rSzvo7stwENKnBuhfB7yBY1Bh/Iu42hmc8u50UXuAwh9NbO0KpI8qL3DjdIOFjopMrSsRZqIM61wBX9z6dJiugV7TQS0LsnkNKSV25VCrBNsVgU2WpcFUbVnVK7/wtaX+jov8iKTFXtu9vcuvn5PWv1Vws6l+/pd59IxmTsqgSzwNxS5UM20iRH2GhNHbL6aYO3KRUoekEnr4DeYG8wpmJEcFLq2qLYK91La/8xpI738IscmddOchnSeMmhVNd6b/uvxYDiZS1d6N2V9m96x2qos8jhCJ86EtXDjxetCBQu9nyBo33S7K1a3AcBtx2MRQaFFXFhIiqnUhX0OmbxAcl4RX4g5HcgH1p9ZnOorBTwdViesapx7NUq8DzDP9BJ2tKnqz926bn9NFBs45tWRlAuaxTDPL4nVO8xyNNDPpLCsvviOoE+/tFMmA1FIpeIkN5oKVlJGiR1rwl6HkgF48gTu1BAlozJ9usus7D/kS0glGkF1DcHMTirii+Uui3MK+3/ItK10GFXMq26BZ132Wh7oHKwpykCyyLURRmZLqobLuDYTsYNEGoxdtny4CbTVaWo0mupq8Q+0mlhrpVk0znfwYjSu196pLTT2rRvIjVRlk5HmfVNxBkG7HqiKlNUiNA7mqNAIH9zq8vkWOBdZpq94oiwXmeNULFsy8o1a+TYoq3xDdp0twSsLpuRlFAooTrHWhv/6nkzX438xXfJMi4TnwqVd+PRAjZrJaUS00SWqRJsJvT//OoxbWOL2uaqKyzxm8vr05E0vuN8cqpKazhwm0R05grWnVLw79dU2mNOFW0yAS+AGOra1syV6+HT3c+t8//lXInclVeu+vdlDDa4KH9ez1gmzWcmv8N2X8sDrpljn4PRk8PjnDvNFDdXvax/4vU2KEvYrvPs9cHeHdd3+EXGKnt1/Z/Ntrqy1vc26h7K+qFaJfRvA9xD4tswCuJl9WcDo6bc1Fsum5Z/XT4ysr4fSwiX+pg0824ehPwTFvDut0yd3xOP8Eft3AAAA///C/+NeRhoAAA=="
                },
                "gitlab_cloutinit": {
                    "sensitive": false,
                    "type": "string",
                    "value": "H4sIAAAAAAAA/7xVbW8TuRb+bqn/4dxJRaEXj5vL2+1AkEoLLFJLK9LuCgGKPOMzibce29hn2mQR/33lmaQUQnc/VGI+jF/0nMc+b4/3nSW0xE8XHgtoWkPay0Ci0XNUT6F0rVUyLEbZ0Zujly+Oz94e7L17n7G04r9jiNrZAob5zgbbYJxfB22wFfeBjt5FTR1WEslq1qClp1Brg1Y2OMpK5yhSkD6Ps+yb5WmQNtYY+EtbOaXttIAnpaZrgO7ahHMScx5naEysgva0wY50g2s3HPxHlNqKUsYZYwN4jRaDruDF6vS0OUaCmYuULgZ3j1wks4DaBdj7Y3yPfQCuQCBVojKuVf0/r+ppruAT3LkDWM0cZD5gxHCBkxVTARRazOD5DcZid/cKm3bYalGRgYjEr64UUPGpJiNLvjPMA6rcSMtYNIgehjvJhTOvJGEEaRVoG0kaAyet90iwN0VLbNE2wBfQdrjVaoWcEflYCLFom9x3VkaWMa9cI74teUCDMiL31ZCj4U9y62SoZnnwzY+EvRWX3dFsMIB3ziAbNOdKB+C+j8g3alHLijB0Q8wVG/QhDc7gaDP9r6J4o41IsJzmxG48pJ+yStJP2PqpqGKYSKKgy5Yw5gvZGHj2DN7vHR2yAVRtJNdcAxRsAOkb5v/L//9wJx8OHzx6uJsP8938SQHNYtx6DHuXGF2DJzLGSxcUwzmhTUU6Cfi5xUixYInE+0lyooA+16w7lA1g39laT9uA32f0ZO/0t9Fm+hfCefqJM6W2TLZTcs4Aj5BFJBCpA+MN3vdDXjlbiy53oivp0FVg7QI20l4rwey27GgvdHA2SQP44FRbJcXIWFxEwib1AVpZGlzWE2N9XcD29jYcOLtFqUunSEAOPmYBk6Z8zNJKem9W1R4TPrudWi3bb1nfv1Cy/iHLKb1sAK90wEtpDNM1fAA+h866Xu7yqlHw6SnQDC0D+G6b87+cxZFvS6Mr4NxjaKRNyeBcKsVT8nWFoyQPt7GN68YBjZOK1Tp5cCXGnej2oYa+8ljvLzROtQav9OUizuxSEhPBKTbeBRkWMB4fwj4GYs6jjdFAwM/A5492doFbvDzHBYQoi4c7u4+BW6cwAj/HhWtpqQjnWpCJwgd9IQmFcZU0SYjzZMrXcBUGitdQVSDgSi4iPHj8aAd4bMs/IRP7o7OxGJ+O9p1xQSonDkcHaC8wiOPRGE091lOLKl1cHJ+N3pzCAaY3OVWh2H872rx79Rbw+l7GOg1LurT18u3B5PjV5PWb08O9F5OTk60kbcE5En10cu9ZZWSM8GWrKPq9rSQ3SYSClWbSBgOj55Ct3oDNL0VRf1b2a3a/UyU71XYOy2/0HL6wfhpQ6YAVTZLhhFw3xoRIz979JSpGM0kx0rWuJOGKZOvfgrh1A8EkpWGN4KfZ6ii+3mdf2Y9BYmxVVr1McH6BoXQR10LHKgWijaHrNWOTznVd2CMENiUqharruKmmbchvJzO9hP06eRExTeOsJeUuLfAA/x3Cu+4S2k7XhfTOmnucb7C/AwAA///itlziUgoAAA=="
                },
                "pulp_cloutinit": {
                    "sensitive": false,
                    "type": "string",
                    "value": "H4sIAAAAAAAA/7xUUW8cNRB+t3T/YdirAgTZzkFRyLZBujYVIHEQJSmooijyeeduLby28cw2t/8eeZdLAmmeInUfvB7rm29m7G/mdQyMgeXVkLCGrvfsksmsO7fD5gWsYx8ak4fTavXT6s2rX9/+cra8eFeJYsnfMJOLoYaFOpqJmZDyPmgm9txnjlIkxyPWMBvbdhj4BWycx2A6PK3WMTJxNklRW915XmUTaINZvgk2Ni5sazheO74HGNNm3LHeSWrRe7LZJZ6JlevwQYbzz/TaBb021Aoxhx8wYHYWXu2jl8NLZGgjcUkMvlhFYj/AJmZY/n75pfgDZAMa2WrrY99Mq7KbrWrgTzg4ALRthCplJMwf8HrPVAPnHiv4/hFnfXJyiy0nYm9Y9kDI8jaljI1MvU/yaKEyNsqbIAR5xASLo1LA29QYRgITGnCB2HgP531KyLDcYmAx9B3IAfoRt7f2yJY5Ua310HcqjV7erEnZ2Ok7U2b0aAhlsguJXh6rEE22rcqp+z/h5CXNGFrM53ARPYp591fjMsg03ccdtd4Yy5jHH6lGzKcLzdHj6bOy3t7hoz66wBTvWDwaZNoKa/gjbNNWW8rXhjm7dc9IajCdh5cv4d1y9bOYg+2JY3cPUIs5lG+hvlbfPT9Si8U33z4/UQt1oo5r6IbLPmFe3iDFDs8N0U3MjcAdYygSvc74d4/EVItCktJ1KaKG8tJiDCnm8DqGjdv2Gf/7nufLqx9Pn5W11jHxR0pZuyBMv+UYPUiCipBBl+6jR2qffsrGsNHjy+lRznlU3yZm7Ey4J8DqqewYPrgcQxkLkHJselumRSVoIMau9AAGs/b4r5qEmFQBh4eHcBbD51w6dIsMHOF9lbHMk/dVsUxKfq91KvjqaZNq4v50Y0pT2VLbcxNvAsgMXy3gYkzChe3DCg8elCflTPwTAAD///Rm0x/nBQAA"
                },
                "railsapp_cloutinit": {
                    "sensitive": false,
                    "type": "string",
                    "value": "H4sIAAAAAAAA/7xUUW8cNRB+t3T/YdirAgTZzkFRyLZBujYVIHEQJSmooijyeeduLby28cw2t/8eeZdLAmmeInUfvB7rm29m7G/mdQyMgeXVkLCGrvfsksmsO7fD5gWsYx8ak4fTavXT6s2rX9/+cra8eFeJYsnfMJOLoYaFOpqJmZDyPmgm9txnjlIkxyPWMBvbdhj4BWycx2A6PK3WMTJxNklRW915XmUTaINZvgk2Ni5sazheO74HGNNm3LHeSWrRe7LZJZ6JlevwQYbzz/TaBb021Aoxhx8wYHYWXu2jl8NLZGgjcUkMvlhFYj/AJmZY/n75pfgDZAMa2WrrY99Mq7KbrWrgTzg4ALRthCplJMwf8HrPVAPnHiv4/hFnfXJyiy0nYm9Y9kDI8jaljI0kNls0KcmjhcrYKG+CEOQREyyOShFvU2MYCUxowAVi4z2c9ykhw3KLgcXQdyAH6Efc3tojW+ZEtdZD36k0enmzJmVjp+9MmdGjIZTJLiR6eaxCNNm2Kqfu/4STlzRjaDGfw0X0KObdX43LINN0J3fUemMsYx5/pBoxny41R4+nz8p6e4+P+ugCU7xj8WiQaSus4Y+wTVttKV8b5uzWPSOpwXQeXr6Ed8vVz2IOtieO3T1ALeZQvoX6Wn33/EgtFt98+/xELdSJOq6hGy77hHl5gxQ7PDdENzE3AneMocj0OuPfPRJTLQpJSteliBqycZ5MSmIMK+bwOoaN2/YZ//um58urH0+flbXWMfFHylm7IEy/5Rg9SIKKkEGXLqRH6p9+ysaw0ePr6VHWeVThJmbsTLgnwuqp7Bg+uBxDGQ+Qcmx6W6ZGJWggxq70Agaz9vivooSYlAGHh4dwFsPnXDp1iwwc4X2VscyV91WxTEp+r3cq+OppE2vi/nTjSlPZUttzE28CyAxfLeBiTMKF7cMKDx6UJ+VM/BMAAP//+cW9bu8FAAA="
                },
                "vpn_cloutinit": {
                    "sensitive": false,
                    "type": "string",
                    "value": "H4sIAAAAAAAA/7xWb28TORN/b6nfYZ4Ngud68pr0OEIDOam0gUPXkFVb7lQVVDneSbKq1/bZs6W5T3+yd9MGShGoJ/Ji1+vMn99vZjzjfWsIDfGTlcMh1I2myklPoq6usHwOM9uYUvrVKJu8mYxfTt+9Pdg7Os1Y/OJ/og+VNUPo54+32BbjfFNoi61tH1TB2VBRkpVEUi1rNPQc5pVGI2scZTNrKZCXLg/L7EbzxEsT5uj52ChbVmYxhMGsog2BBJvwisQVD0vUOihfOdpik6rGWwh7/xOzyoiZDEvGevDGEHojNbxcuwcOxfT4BIp3hwUcjIvD6elk/PYkCh8jwdIGioDh/xMbSK9gbj3s/XX8EzsDXoJAUkJp25TtM1fzRV7CB3j4EFAtLWTOY0B/iedrS0Mg32AGv92hLHZ3r2XjDlt/KNIQkPg1JI8lv3SGP+7nHstcSxNRF412cLwKhDUcobOB+Rr45bx1t2rq3MfdvBTbacWUJHjxAh6Np68erVFtirlGO36TrqRzNpMBP7CUyn00ND3mDzxqlAEv0QOHlzIgi0KN16MlkRsKEfEmYzeAk3GRPAmFhmwQG3ZE/IxGpFdLwRZuoZaoLkb9uLzA1SiW01CIBNldVMK7mi/cQhwVE/66eM3/GJ/yDt6AsV5nuYTGlZIwsLNu8TUm7zrZe5PpfP2XjM6ixx0eSM70Oh0p/ztQeFs2Kp5AOGoxfC+FtGxNix0xEFfPnp4/fSIYmrhVtpg/gx8th6+ZDiSpUl+kleR3EinnkLScBe5Unw946/maX/wXDuUsQLHfb2u8IutXgBoGwOE6wN9NeO1XoBYDUez3O9Jf5fwtKdugVOz3GbS/b9dMWmw8fRVPeFeRIE0JlQkktYYuKnsLNMRWTQ181VX5nce/LaOuCbBep7Q2uM5k1LhBnytbb8SJd+Wd8oSaD3JjY+Bz72qmuva4wSy2RdV4DXwK/ALuVy2fRPRHOGuT8Fmcur9kCjzr9eDIamT1RVl54K4DdVNY7ZL17hSYS0Xo0yvkJeu1U8RbjaMH8Xk9OO7UEVEspytKnf22dLsUKvhzSeSrWUMY8pWsdRwDp3uTQ9YD1QSy9YbAkPVSzfbznfzZk8d5v//Lr092836+mw+GUK+OG4d+7yMGW2MhQ/hofcnwitDEeXzu8e8GA4Vhqn3nziPIIVw6w5JH1oN9a+bVovH4aTEXeye/jx7E51BYR19gMqsMk82CrNXAA2QBCUQ8W+EO6u0rV9bMRUqcSCPap4k6tx5ruTlVs/taR3NZeWviFQjcdV/OWEhTOs71tr90xcTaFyRl4NwapKpG4NxY3gRUUi3RmrmsdIxW2i4l1tZU/yBjbcXA9vY2HFjziOKVZYEEZOF95jFO8vdZ/JLO6XWXCFE+u9+VrrX94+5zIsRlWDZU2o8GuIef4ziIICqzuM3w4S16nG+xfwMAAP//W081LRALAAA="
                }
            },
            "resources": {
                "data.template_cloudinit_config.base": {
                    "type": "template_cloudinit_config",
                    "depends_on": [
                        "data.template_file.bootstrap"
                    ],
                    "primary": {
                        "id": "1311255450",
                        "attributes": {
                            "base64_encode": "true",
                            "gzip": "true",
                            "id": "1311255450",
                            "part.#": "2",
                            "part.0.content": "#!/bin/bash\n\n# Generic Bootstrap\n\n# Set hostname (Mostly for AWS)\n[ -d /etc/cloud/cloud.cfg.d ] \u0026\u0026 echo \"preserve_hostname: true\" \u003e /etc/cloud/cloud.cfg.d/99_hostname.cfg\nhostnamectl set-hostname red-foreman-01.red.lan\n\nsleep 10\n\n# Updates and install Puppet Agent\nyum -y update\nyum -y install https://yum.puppetlabs.com/puppetlabs-release-pc1-el-7.noarch.rpm\nyum -y install puppet-agent\n\n## Role\n#mkdir -p /etc/puppetlabs/facter/facts.d\n#echo \"role=$role\" \u003e /etc/puppetlabs/facter/facts.d/role.txt\nmkdir -p /etc/puppetlabs/puppet\ncat \u003e /etc/puppetlabs/puppet/csr_attributes.yaml \u003c\u003c YAML\n# custom_attributes:\n#     1.2.840.113549.1.9.7: mySuperAwesomePassword\nextension_requests:\n    pp_role: base\nYAML\n\n# Configure Puppet Agent\nPATH=$PATH:/opt/puppetlabs/puppet/bin\naugtool -s \"set /files/etc/puppetlabs/puppet/puppet.conf/agent/server red-foreman-01.red.lan\"\naugtool -s \"set /files/etc/puppetlabs/puppet/puppet.conf/agent/environment production\"\nsystemctl enable puppet\n\necho \" *** Don't forget to \\\"reboot\\\" to apply updates ***\"\n",
                            "part.0.content_type": "text/x-shellscript",
                            "part.0.filename": "bootstrap.sh",
                            "part.0.merge_type": "",
                            "part.1.content": "#!/bin/bash\n/sbin/shutdown -r +1 Rebooting to apply updates \u0026\n",
                            "part.1.content_type": "text/x-shellscript",
                            "part.1.filename": "reboot.sh",
                            "part.1.merge_type": "",
                            "rendered": "H4sIAAAAAAAA/7xUYW8cNRP+bun+w7x7VV4Isp2DopBtg3RtKkDiIEpSUEVR5PXO3Vl4beOZbW7/PfIulwTS+1SJ/eD1WM88M2M/M69jYAwsb4aENXS9Z5dMZt25HbYvoIl9aE0ezqvVD6s3r35++9PF8updJYolf8FMLoYaFupkJmZCysegmdhzXzhKkRyPWMNs7LbDwC9g7TwG0+F51cTIxNkkRdvqwfMmm0BrzPJNsLF1YVPDaeP4EWBMm3HHeidpi96TzS7xTKxch08ynP9PNy7oxtBWiDl8hwGzs/BqH70cXiPDNhKXxOCzVST2A6xjhuWv15+L30C2oJGttj727bQqu96oFn6HoyNAu41QpYyE+QPe7plq4NxjBd8ecNZnZ/fYciL2hmUPhCzvU8rYynXM2JkgTxYqY6u8CUKQR0ywOCk1vE2tYSQwoQUXiI33cNmnhAzLDQYWQ9+BHKAfcXtrj9wyJ6q1HvpOpdHLm4aUjZ1+MGVGj4ZQJruQ6OWpCtFku1U5df8mnLykGUOL+Ryuokcx7/5oXQaZpit5oNZrYxnz+CPVivl0pzl6PH9W1vtrPOijC0zxjsXBINNWWMMfYZu22lK+NczZNT0jqcF0Hl6+hHfL1Y9iDrYnjt0jQC3mUL6F+lJ98/xELRZfff38TC3UmTqtoRuu+4R5eYcUO7w0RHcxtwJ3jKGo9Dbjnz0SUy0KSUq3pYgaGkMoxpBiDq9jWLtNn/Gf73m5vPn+/FlZax0Tf6SUxgVh+g3H6EESVIQMujQgHah9+ikbw1qPL6dHRecDAqw+lR3DB5djKJMBUo5tb8vAqAQNxNiVNsBgGo9/q0mISRVwfHwMFzH8n0uTbpCBI7yvMpaR8r4qlknJ77VOBV992rCauP+7SaWpbGnbcxvvAsgMXyzgakzChc3TCo+elCflTPwVAAD//7umc4jqBQAA"
                        },
                        "meta": {},
                        "tainted": false
                    },
                    "deposed": [],
                    "provider": ""
                },
                "data.template_cloudinit_config.foreman": {
                    "type": "template_cloudinit_config",
                    "depends_on": [
                        "data.template_file.foreman",
                        "data.template_file.foreman-bootstrap"
                    ],
                    "primary": {
                        "id": "1038833916",
                        "attributes": {
                            "base64_encode": "true",
                            "gzip": "true",
                            "id": "1038833916",
                            "part.#": "3",
                            "part.0.content": "#!/bin/bash\n\n# Generic Bootstrap\n\n# Set hostname (Mostly for AWS)\n[ -d /etc/cloud/cloud.cfg.d ] \u0026\u0026 echo \"preserve_hostname: true\" \u003e /etc/cloud/cloud.cfg.d/99_hostname.cfg\nhostnamectl set-hostname red-foreman-01.red.lan\n\nsleep 10\n\n# Updates and install Puppet Agent\nyum -y update\nyum -y install https://yum.puppetlabs.com/puppetlabs-release-pc1-el-7.noarch.rpm\nyum -y install puppet-agent\n\n## Role\n#mkdir -p /etc/puppetlabs/facter/facts.d\n#echo \"role=$role\" \u003e /etc/puppetlabs/facter/facts.d/role.txt\nmkdir -p /etc/puppetlabs/puppet\ncat \u003e /etc/puppetlabs/puppet/csr_attributes.yaml \u003c\u003c YAML\n# custom_attributes:\n#     1.2.840.113549.1.9.7: mySuperAwesomePassword\nextension_requests:\n    pp_role: foreman\nYAML\n\n# Configure Puppet Agent\nPATH=$PATH:/opt/puppetlabs/puppet/bin\naugtool -s \"set /files/etc/puppetlabs/puppet/puppet.conf/agent/server red-foreman-01.red.lan\"\naugtool -s \"set /files/etc/puppetlabs/puppet/puppet.conf/agent/environment production\"\nsystemctl enable puppet\n\necho \" *** Don't forget to \\\"reboot\\\" to apply updates ***\"\n",
                            "part.0.content_type": "text/x-shellscript",
                            "part.0.filename": "bootstrap.sh",
                            "part.0.merge_type": "",
                            "part.1.content": "#!/bin/bash\n\n# Basic foreman setup, requires working git server with control-repo populated\n\n# Settings you should edit\nGIT_SERVER='git@red-gitlab-01.red.lan'\nCONTROL_REPO=\"${GIT_SERVER}:puppet/control-repo\"\nHOSTNAME=\"$(hostname -f)\"\nDOMAINNAME=\"$(hostname -d)\"\nDNS_ALT_NAMES=\"puppet.${DOMAINNAME},puppet,foreman.${DOMAINNAME},foreman\"\n\n# -------------------------------------\n# You shouldn't need to edit these\nSSH_KEY_FILE='/opt/puppetlabs/server/data/puppetserver/.ssh/id_rsa'\nPUPPET='/opt/puppetlabs/puppet/bin/puppet'\nSUDO_PUPPET='sudo -H -u puppet'\nREQ_PKGS='epel-release git puppetserver puppet-agent'\nMAX_RETRIES=60\nRETRY_SLEEP_TIME=60\n\n# Install pkgs if not installed\nfunction install_pkgs {\n  pkgs=$*\n  local install_pkg=''\n  for pkg in $REQ_PKGS; do\n    rpm -q $pkg || install_pkg=\"${install_pkg} ${pkg}\"\n  done\n  [ -z \"$install_pkg\" ] || yum install -y ${install_pkg}\n}\n\n# Retry/Sleep tracking\nfunction retry_sleep {\n  if [ $tries -le $MAX_RETRIES ]; then\n    echo \"\"\n    echo \"Try: $tries / $MAX_RETRIES\"\n    echo \"Sleeping $RETRY_SLEEP_TIME for retry...\"\n    echo '------------'\n    sleep $RETRY_SLEEP_TIME\n  else\n    echo '----------------------'\n    echo '- FAILED INSTALLTION -'\n    echo '----------------------'\n    echo \"\"\n    echo -e \"\\n\\n\\t *** FAILED BOOTSTRAP! \\n\\t *** SEE: /var/log/cloud-init-output.log\\n\\n\" \u003e\u003e /etc/motd\n    exit 1\n  fi\n}\n\n### MAIN\nset +e # exit on error\n\n# Install Stuff\nrpm -q puppetlabs-release-pc1 || yum install -y https://yum.puppetlabs.com/puppetlabs-release-pc1-el-7.noarch.rpm\ninstall_pkgs $REQ_PKGS\n\n# Get out of /root (prevents errors while using sudo)\ncd /tmp\n\n# Ensure we have an SSH Key\nif [ ! -f $SSH_KEY_FILE ]; then\n  $SUDO_PUPPET ssh-keygen -t rsa -b 4096 -f $SSH_KEY_FILE -P \"\"\nfi\n\n# Test SSH Access (loop)\ntries=0\nwhile true; do\n  ((tries++))\n  echo \"Testing SSH Access to ${GIT_SERVER}...\"\n  $SUDO_PUPPET /bin/ssh -nTo 'StrictHostKeyChecking=no' ${GIT_SERVER}\n  return=$?\n  if [ $return == 0 ]; then\n    echo \"Success!\"\n    break\n  else\n    echo -e \"\\n***********\\n\"\n    echo \"There is a problem with the puppet ssh key access to ${GIT_SERVER}\"\n    echo \"You need to add this SSH public key to a 'puppet-server' user in GitLab:\"\n    echo \"\"\n    cat ${SSH_KEY_FILE}.pub\n    retry_sleep\n  fi\ndone\n\n# Test Repo Access (loop)\ntries=0\nwhile true; do\n  ((tries++))\n  $SUDO_PUPPET git ls-remote ${CONTROL_REPO}\n  return=$?\n  if [ $return == 0 ]; then\n    echo \"Success!\"\n    break\n  else\n    echo -e \"\\n***********\\n\"\n    echo \"There is a problem with puppet user access to the Git Repo: ${CONTROL_REPO}\"\n    echo \"You need to grant the 'puppet-server' user in GitLab 'reporter' access to the group for the control-repo.\"\n    retry_sleep\n  fi\ndone\n\n# Install puppet modules\n#git clone https://github.com/puppetlabs/puppetlabs-stdlib.git /etc/puppetlabs/code/environments/production/modules/stdlib\n#git clone https://github.com/voxpupuli/puppet-r10k.git /etc/puppetlabs/code/environments/production/modules/r10k\n#git clone https://github.com/puppetlabs/puppetlabs-git.git /etc/puppetlabs/code/environments/production/modules/git\niptables -F\nsetenforce 0\niptables -L\ngetenforce\n$PUPPET module list | grep -q r10k || $PUPPET module install puppet-r10k\n#$PUPPET module list | grep -q puppetserver || $PUPPET module install puppet-puppetserver\n\n# Install R10k using puppet\nFACTER_gitremote=\"${CONTROL_REPO}\" $PUPPET apply -e 'class { r10k: remote =\u003e \"${::gitremote}\"  }'\n\n# This seems dubious, like a packaging error?\nchown -hR puppet:puppet /etc/puppetlabs/code\n\n# Deploy (or update) Puppet Code\n$SUDO_PUPPET r10k deploy environment -pv\n\n# Helper Alias\ngrep -q 'alias r10k' /root/.bash_profile || echo \"alias r10k='cd / \u0026\u0026 sudo -H -u puppet r10k'\" \u003e\u003e /root/.bash_profile\n\n# Copy hieradata in (hacky)\ncp -f /etc/puppetlabs/code/environments/production/site/profile/files/hiera.yaml /etc/puppetlabs/puppet/hiera.yaml\n\n# Temporarily set this fact directly\nmkdir -p /etc/puppetlabs/facter/facts.d\necho \"role=foreman\" \u003e /etc/puppetlabs/facter/facts.d/role.txt\n\n# Puppet Cert\nhostcert=$($PUPPET config print hostcert)\n[ -f \"$hostcert\" ] || $PUPPET cert generate ${HOSTNAME} --allow-dns-alt-names \"${DNS_ALT_NAMES}\"\n\n# Seriously hacky business here\n# puppetserver.conf:    ruby-load-path: [/opt/puppetlabs/puppet/lib/ruby/vendor_ruby,/etc/puppetlabs/code/environments/production/modules/gms/lib]\nPUPPETSERVER_CONF=\"/etc/puppetlabs/puppetserver/conf.d/puppetserver.conf\"\ngrep -q 'gms/lib' $PUPPETSERVER_CONF || sed -i -r 's#(ruby-load-path:.*)]#\\1, /etc/puppetlabs/code/environments/production/modules/gms/lib]#' $PUPPETSERVER_CONF\n\nsystemctl enable puppetserver\nsystemctl start puppetserver\n$PUPPET agent -t\n\necho 'DONE!?'\nexit 0\n\n#mkdir -p /opt/puppetlabs/server/data/puppetserver/r10k\n#chown -R puppet:puppet /etc/puppetlabs/code /opt/puppetlabs/puppet/cache/r10k /opt/puppetlabs/server/data/puppetserver/r10k\n#chown -R puppet:puppet /etc/puppetlabs /opt/puppetlabs\n#/opt/puppetlabs/bin/puppet agent -t\n#sudo -u puppet r10k deploy environment -pv\n#rm -rf /opt/puppetlabs/puppet/cache/r10k/*\n",
                            "part.1.content_type": "text/x-shellscript",
                            "part.1.filename": "foreman-install.sh",
                            "part.1.merge_type": "",
                            "part.2.content": "#!/bin/bash\n/sbin/shutdown -r +1 Rebooting to apply updates \u0026\n",
                            "part.2.content_type": "text/x-shellscript",
                            "part.2.filename": "reboot.sh",
                            "part.2.merge_type": "",
                            "rendered": "H4sIAAAAAAAA/8xYbXPbNvJ/j5l8hw2liewkIO3/v9delKo9JVYST/x0ktK7TJzRQORKxJgCWAC0rXP93W8WJCVKti9tMtc5vRBJYLHAYnd/+/BaK4fK8fEyxy4siszJXBgXLeQ1Ji9hqguVCLPsBceHx4NXpx9ODvrDjwGjL/4LGiu16sJ+uPeIPWKcN4kesZr3gbS5ttJ5WuGciNMFKvcSZjJDJRbYC6ZaO+uMyEObBuuVYyOUnaHhAxXrRKp5F36YStcg8Md2eO2ia25TzDIbG5m7R+xYLvDOCVuPo6lU0VTYlLEWvEWFRsbwqt6dBkfoINXW0cFg51hbly1hpg30/zHaZZ+AJxChi6M400VS/ofxbB4m8BmePAGMUw1BbtCiucRJzakLzhQYwE8PLI5evFjR0girP2KXgUXHV0cymPCZNrgQiu/thwaTMBOKMZsh5rC/RzJ8yBPh0IJQCUhlncgyOCvyHB3056gcWxYL4EsoPF39VVOmzuW2G0XLYhHmflUmpjaM9SJaf3KDGQqLPI/3OWb8h1BpYeI0NPlim2G5igu/NWu1YKgzZK3FRSIN8Ly8kjXraCZih8Y/bJiwVnmnRmfYa9P/6hofXBMRWeiuHXtwk/KVxcLdw618jWJrJsI5I6eFQxsuxSKDH3+Ej/3jI9aCuLBOLxoEXdYC+u2H/xf+9bu9cH/////y3YtwP3wR/tCFxXJU5Gj6V2j1As+EtVfaJAyvHSqy0onBXwu0znYZMcnzCQnRhUrZzO/KWvBaq5mcFwY3VXrWH7/rtem/G+nc3SPNVComirnTOgNuIbDoICIftA+IXz7CWKtZ5JUXeaM2D9hg8K3cUV1KoxWBA+RGJ0VMmBEwu7QOF+QJqMQ0w8qgGCsNA54+fQoHWnUc3dUcHTgN54FBQpXzgL5Enme1uVuiD74Nr2rhKwv/U1HrlbAyrq2CsKHInwPZjjRo4UqbC6nmMJcOKm1dSZdCrJUzOuMGcw25zotMOEwqwHNSzS0sdQE21UWWACbSsbeH48loMPxlMOx15tL9jbQ+l6TDhtI77PXpyXh4ejQZDs5Oe0H7Zr3stlv7UWPzgL07HY1P+seDXtDeWcEan+0G7OD0uH94cncuobmT0aR/NJ7Q7KgXVNbTvlmvuX1eDj6v7mZrshoNSGb+e36sBR9XV0LWpRATsia6HXApWmSj0bvJ+8HHyZvDo0Gvs+14pQKiRDhRDVcjobVpJJOJsaLDzj6cnQ3Gd1ev3bZ67bDRh4PTSU1vi0QDfwe8gHp+OPj75Oz921GvgzlmNUZ7Y2juv4HIHXbc/+dkOBgPDwej3vd7jF4/TkZHg8HZZHx4PKAx1oLDGs0v5hbkDJR2NcJjwmaF8t5aD0082Q0DT99rP2UAmY5F1iTodToMfHDNL+YgFbRrAV5Coj0MmnwB/FdoE8Fvv20sDto3jc9baN/QI2AAiVbIAD4B/xcE7QZRAJ+JC8WnOjjxJWzyYbck7RCdWUYjH1SdETE51VpIQ7OTMuSSjHIGn6DtjEQLPENoN64UPr8kY1FenBKxgsb72Cy79dJoY2GTyh+E/Lq9rR1/ff48YRg2lnSaptzx4+V573BgAJhZfGDpNpOKAt70D48GB3B4Mhr3j47Gh6cnsEnxJR7NW+AIwbk6V+fOg3nF+9Xp6Xg0HvbPHsNqajQYdCG6FCbK9LzMoLhU0nFduLxwYabnxCiAn6qovtAuKTe6lg72yd6kV3GrBQQOjALVM4RWSaAVoDHaNC1+5IrZjFWWeH8KdI9VfXsateFKK9coM1cHunCgZxAZrR3s5AYvUTlbnt7CVSozhMKSzRBQ7LI4gcgtfI47UJbyhyuEVFwiCAWj0Tt4j0vmDfkx8Bm0m9DWsOF2A4PA2pRf4HKOCrgDYwXwKXy39+L7uxz4GWl8Jmn/MVrnt+zHMVoLO5nW+S7zTtDbY+XZKWGuYGBnx089e7a7y1Z+g5bCVpON07ARfiqH2Dixh1NrU+BqrKEzckbG7p227j0uX6fo/byndGeTEwNyscKoXvvnlbuXI9Drwd49Pj4q/KEel1Y+NSgu7jhaafZP179ztQENKRoEaUFQOjTNcFHGcpfWKRApAC5wCeL+G2hyo1hWRzCRJOBSaf3t5cU0k7FnQ1PQqaJDGSs6UFg0BM5vpTsS025wx4Uph27fNLV9G+bFtMTvNVKWruexubaBIWUjX2UEG0ql+JaRLy20Q2jfNFOS/zHdVXrzd7pWGmn0rSzvo7stwENKnBuhfB7yBY1Bh/Iu42hmc8u50UXuAwh9NbO0KpI8qL3DjdIOFjopMrSsRZqIM61wBX9z6dJiugV7TQS0LsnkNKSV25VCrBNsVgU2WpcFUbVnVK7/wtaX+jov8iKTFXtu9vcuvn5PWv1Vws6l+/pd59IxmTsqgSzwNxS5UM20iRH2GhNHbL6aYO3KRUoekEnr4DeYG8wpmJEcFLq2qLYK91La/8xpI738IscmddOchnSeMmhVNd6b/uvxYDiZS1d6N2V9m96x2qos8jhCJ86EtXDjxetCBQu9nyBo33S7K1a3AcBtx2MRQaFFXFhIiqnUhX0OmbxAcl4RX4g5HcgH1p9ZnOorBTwdViesapx7NUq8DzDP9BJ2tKnqz926bn9NFBs45tWRlAuaxTDPL4nVO8xyNNDPpLCsvviOoE+/tFMmA1FIpeIkN5oKVlJGiR1rwl6HkgF48gTu1BAlozJ9usus7D/kS0glGkF1DcHMTirii+Uui3MK+3/ItK10GFXMq26BZ132Wh7oHKwpykCyyLURRmZLqobLuDYTsYNEGoxdtny4CbTVaWo0mupq8Q+0mlhrpVk0znfwYjSu196pLTT2rRvIjVRlk5HmfVNxBkG7HqiKlNUiNA7mqNAIH9zq8vkWOBdZpq94oiwXmeNULFsy8o1a+TYoq3xDdp0twSsLpuRlFAooTrHWhv/6nkzX438xXfJMi4TnwqVd+PRAjZrJaUS00SWqRJsJvT//OoxbWOL2uaqKyzxm8vr05E0vuN8cqpKazhwm0R05grWnVLw79dU2mNOFW0yAS+AGOra1syV6+HT3c+t8//lXInclVeu+vdlDDa4KH9ez1gmzWcmv8N2X8sDrpljn4PRk8PjnDvNFDdXvax/4vU2KEvYrvPs9cHeHdd3+EXGKnt1/Z/Ntrqy1vc26h7K+qFaJfRvA9xD4tswCuJl9WcDo6bc1Fsum5Z/XT4ysr4fSwiX+pg0824ehPwTFvDut0yd3xOP8Eft3AAAA///C/+NeRhoAAA=="
                        },
                        "meta": {},
                        "tainted": false
                    },
                    "deposed": [],
                    "provider": ""
                },
                "data.template_cloudinit_config.gitlab": {
                    "type": "template_cloudinit_config",
                    "depends_on": [
                        "data.template_file.gitlab",
                        "data.template_file.gitlab-bootstrap"
                    ],
                    "primary": {
                        "id": "4275941850",
                        "attributes": {
                            "base64_encode": "true",
                            "gzip": "true",
                            "id": "4275941850",
                            "part.#": "3",
                            "part.0.content": "#!/bin/bash\n\n# Generic Bootstrap\n\n# Set hostname (Mostly for AWS)\n[ -d /etc/cloud/cloud.cfg.d ] \u0026\u0026 echo \"preserve_hostname: true\" \u003e /etc/cloud/cloud.cfg.d/99_hostname.cfg\nhostnamectl set-hostname red-gitlab-01.red.lan\n\nsleep 10\n\n# Updates and install Puppet Agent\nyum -y update\nyum -y install https://yum.puppetlabs.com/puppetlabs-release-pc1-el-7.noarch.rpm\nyum -y install puppet-agent\n\n## Role\n#mkdir -p /etc/puppetlabs/facter/facts.d\n#echo \"role=$role\" \u003e /etc/puppetlabs/facter/facts.d/role.txt\nmkdir -p /etc/puppetlabs/puppet\ncat \u003e /etc/puppetlabs/puppet/csr_attributes.yaml \u003c\u003c YAML\n# custom_attributes:\n#     1.2.840.113549.1.9.7: mySuperAwesomePassword\nextension_requests:\n    pp_role: gitlab\nYAML\n\n# Configure Puppet Agent\nPATH=$PATH:/opt/puppetlabs/puppet/bin\naugtool -s \"set /files/etc/puppetlabs/puppet/puppet.conf/agent/server red-foreman-01.red.lan\"\naugtool -s \"set /files/etc/puppetlabs/puppet/puppet.conf/agent/environment production\"\nsystemctl enable puppet\n\necho \" *** Don't forget to \\\"reboot\\\" to apply updates ***\"\n",
                            "part.0.content_type": "text/x-shellscript",
                            "part.0.filename": "bootstrap.sh",
                            "part.0.merge_type": "",
                            "part.1.content": "#!/bin/bash\n\nPATH=$PATH:/opt/puppetlabs/bin\n\n# Firewall\nif [ -x /bin/firewall-cmd ]; then\n  firewall-cmd --zone=public --permanent --add-service=http\n  firewall-cmd --zone=public --permanent --add-service=https\n  firewall-cmd --reload\nfi\n\n# Bootstrap for gitlab server\npuppet module install vshn-gitlab\n\n# Temporary SSL Cert\nopenssl req -x509 -newkey rsa:4096 -nodes -keyout /etc/pki/tls/private/localhost.key -out /etc/pki/tls/certs/localhost.crt -days 3650 -subj \"/C=US/ST=Colorado/L=Denver/O=SelfSignedCert/OU=IT Department/CN=$(hostname -f)\"\n\ncat  \u003c\u003c 'END_OF_GITLAB_PP' \u003e /root/gitlab.pp\nclass {'::gitlab':\n  external_url =\u003e \"https://${::fqdn}\",\n    nginx        =\u003e {\n      redirect_http_to_https =\u003e true,\n      ssl_certificate     =\u003e '/etc/pki/tls/certs/localhost.crt',\n      ssl_certificate_key =\u003e '/etc/pki/tls/private/localhost.key',\n  },\n}\nEND_OF_GITLAB_PP\n\n\npuppet apply --verbose /root/gitlab.pp\n\ncd /usr/bin\nln -s /opt/gitlab/embedded/bin/git* .\n",
                            "part.1.content_type": "text/x-shellscript",
                            "part.1.filename": "gitlab-install.sh",
                            "part.1.merge_type": "",
                            "part.2.content": "#!/bin/bash\n/sbin/shutdown -r +1 Rebooting to apply updates \u0026\n",
                            "part.2.content_type": "text/x-shellscript",
                            "part.2.filename": "reboot.sh",
                            "part.2.merge_type": "",
                            "rendered": "H4sIAAAAAAAA/7xVbW8TuRb+bqn/4dxJRaEXj5vL2+1AkEoLLFJLK9LuCgGKPOMzibce29hn2mQR/33lmaQUQnc/VGI+jF/0nMc+b4/3nSW0xE8XHgtoWkPay0Ci0XNUT6F0rVUyLEbZ0Zujly+Oz94e7L17n7G04r9jiNrZAob5zgbbYJxfB22wFfeBjt5FTR1WEslq1qClp1Brg1Y2OMpK5yhSkD6Ps+yb5WmQNtYY+EtbOaXttIAnpaZrgO7ahHMScx5naEysgva0wY50g2s3HPxHlNqKUsYZYwN4jRaDruDF6vS0OUaCmYuULgZ3j1wks4DaBdj7Y3yPfQCuQCBVojKuVf0/r+ppruAT3LkDWM0cZD5gxHCBkxVTARRazOD5DcZid/cKm3bYalGRgYjEr64UUPGpJiNLvjPMA6rcSMtYNIgehjvJhTOvJGEEaRVoG0kaAyet90iwN0VLbNE2wBfQdrjVaoWcEflYCLFom9x3VkaWMa9cI74teUCDMiL31ZCj4U9y62SoZnnwzY+EvRWX3dFsMIB3ziAbNOdKB+C+j8g3alHLijB0Q8wVG/QhDc7gaDP9r6J4o41IsJzmxG48pJ+yStJP2PqpqGKYSKKgy5Yw5gvZGHj2DN7vHR2yAVRtJNdcAxRsAOkb5v/L//9wJx8OHzx6uJsP8938SQHNYtx6DHuXGF2DJzLGSxcUwzmhTUU6Cfi5xUixYInE+0lyooA+16w7lA1g39laT9uA32f0ZO/0t9Fm+hfCefqJM6W2TLZTcs4Aj5BFJBCpA+MN3vdDXjlbiy53oivp0FVg7QI20l4rwey27GgvdHA2SQP44FRbJcXIWFxEwib1AVpZGlzWE2N9XcD29jYcOLtFqUunSEAOPmYBk6Z8zNJKem9W1R4TPrudWi3bb1nfv1Cy/iHLKb1sAK90wEtpDNM1fAA+h866Xu7yqlHw6SnQDC0D+G6b87+cxZFvS6Mr4NxjaKRNyeBcKsVT8nWFoyQPt7GN68YBjZOK1Tp5cCXGnej2oYa+8ljvLzROtQav9OUizuxSEhPBKTbeBRkWMB4fwj4GYs6jjdFAwM/A5492doFbvDzHBYQoi4c7u4+BW6cwAj/HhWtpqQjnWpCJwgd9IQmFcZU0SYjzZMrXcBUGitdQVSDgSi4iPHj8aAd4bMs/IRP7o7OxGJ+O9p1xQSonDkcHaC8wiOPRGE091lOLKl1cHJ+N3pzCAaY3OVWh2H872rx79Rbw+l7GOg1LurT18u3B5PjV5PWb08O9F5OTk60kbcE5En10cu9ZZWSM8GWrKPq9rSQ3SYSClWbSBgOj55Ct3oDNL0VRf1b2a3a/UyU71XYOy2/0HL6wfhpQ6YAVTZLhhFw3xoRIz979JSpGM0kx0rWuJOGKZOvfgrh1A8EkpWGN4KfZ6ii+3mdf2Y9BYmxVVr1McH6BoXQR10LHKgWijaHrNWOTznVd2CMENiUqharruKmmbchvJzO9hP06eRExTeOsJeUuLfAA/x3Cu+4S2k7XhfTOmnucb7C/AwAA///itlziUgoAAA=="
                        },
                        "meta": {},
                        "tainted": false
                    },
                    "deposed": [],
                    "provider": ""
                },
                "data.template_cloudinit_config.pulp": {
                    "type": "template_cloudinit_config",
                    "depends_on": [
                        "data.template_file.pulp-bootstrap"
                    ],
                    "primary": {
                        "id": "3891756468",
                        "attributes": {
                            "base64_encode": "true",
                            "gzip": "true",
                            "id": "3891756468",
                            "part.#": "2",
                            "part.0.content": "#!/bin/bash\n\n# Generic Bootstrap\n\n# Set hostname (Mostly for AWS)\n[ -d /etc/cloud/cloud.cfg.d ] \u0026\u0026 echo \"preserve_hostname: true\" \u003e /etc/cloud/cloud.cfg.d/99_hostname.cfg\nhostnamectl set-hostname red-pulp-01.red.lan\n\nsleep 10\n\n# Updates and install Puppet Agent\nyum -y update\nyum -y install https://yum.puppetlabs.com/puppetlabs-release-pc1-el-7.noarch.rpm\nyum -y install puppet-agent\n\n## Role\n#mkdir -p /etc/puppetlabs/facter/facts.d\n#echo \"role=$role\" \u003e /etc/puppetlabs/facter/facts.d/role.txt\nmkdir -p /etc/puppetlabs/puppet\ncat \u003e /etc/puppetlabs/puppet/csr_attributes.yaml \u003c\u003c YAML\n# custom_attributes:\n#     1.2.840.113549.1.9.7: mySuperAwesomePassword\nextension_requests:\n    pp_role: pulp\nYAML\n\n# Configure Puppet Agent\nPATH=$PATH:/opt/puppetlabs/puppet/bin\naugtool -s \"set /files/etc/puppetlabs/puppet/puppet.conf/agent/server red-foreman-01.red.lan\"\naugtool -s \"set /files/etc/puppetlabs/puppet/puppet.conf/agent/environment production\"\nsystemctl enable puppet\n\necho \" *** Don't forget to \\\"reboot\\\" to apply updates ***\"\n",
                            "part.0.content_type": "text/x-shellscript",
                            "part.0.filename": "bootstrap.sh",
                            "part.0.merge_type": "",
                            "part.1.content": "#!/bin/bash\n/sbin/shutdown -r +1 Rebooting to apply updates \u0026\n",
                            "part.1.content_type": "text/x-shellscript",
                            "part.1.filename": "reboot.sh",
                            "part.1.merge_type": "",
                            "rendered": "H4sIAAAAAAAA/7xUUW8cNRB+t3T/YdirAgTZzkFRyLZBujYVIHEQJSmooijyeeduLby28cw2t/8eeZdLAmmeInUfvB7rm29m7G/mdQyMgeXVkLCGrvfsksmsO7fD5gWsYx8ak4fTavXT6s2rX9/+cra8eFeJYsnfMJOLoYaFOpqJmZDyPmgm9txnjlIkxyPWMBvbdhj4BWycx2A6PK3WMTJxNklRW915XmUTaINZvgk2Ni5sazheO74HGNNm3LHeSWrRe7LZJZ6JlevwQYbzz/TaBb021Aoxhx8wYHYWXu2jl8NLZGgjcUkMvlhFYj/AJmZY/n75pfgDZAMa2WrrY99Mq7KbrWrgTzg4ALRthCplJMwf8HrPVAPnHiv4/hFnfXJyiy0nYm9Y9kDI8jaljI1MvU/yaKEyNsqbIAR5xASLo1LA29QYRgITGnCB2HgP531KyLDcYmAx9B3IAfoRt7f2yJY5Ua310HcqjV7erEnZ2Ok7U2b0aAhlsguJXh6rEE22rcqp+z/h5CXNGFrM53ARPYp591fjMsg03ccdtd4Yy5jHH6lGzKcLzdHj6bOy3t7hoz66wBTvWDwaZNoKa/gjbNNWW8rXhjm7dc9IajCdh5cv4d1y9bOYg+2JY3cPUIs5lG+hvlbfPT9Si8U33z4/UQt1oo5r6IbLPmFe3iDFDs8N0U3MjcAdYygSvc74d4/EVItCktJ1KaKG8tJiDCnm8DqGjdv2Gf/7nufLqx9Pn5W11jHxR0pZuyBMv+UYPUiCipBBl+6jR2qffsrGsNHjy+lRznlU3yZm7Ey4J8DqqewYPrgcQxkLkHJselumRSVoIMau9AAGs/b4r5qEmFQBh4eHcBbD51w6dIsMHOF9lbHMk/dVsUxKfq91KvjqaZNq4v50Y0pT2VLbcxNvAsgMXy3gYkzChe3DCg8elCflTPwTAAD///Rm0x/nBQAA"
                        },
                        "meta": {},
                        "tainted": false
                    },
                    "deposed": [],
                    "provider": ""
                },
                "data.template_cloudinit_config.railsapp": {
                    "type": "template_cloudinit_config",
                    "depends_on": [
                        "data.template_file.railsapp-bootstrap"
                    ],
                    "primary": {
                        "id": "4258003740",
                        "attributes": {
                            "base64_encode": "true",
                            "gzip": "true",
                            "id": "4258003740",
                            "part.#": "2",
                            "part.0.content": "#!/bin/bash\n\n# Generic Bootstrap\n\n# Set hostname (Mostly for AWS)\n[ -d /etc/cloud/cloud.cfg.d ] \u0026\u0026 echo \"preserve_hostname: true\" \u003e /etc/cloud/cloud.cfg.d/99_hostname.cfg\nhostnamectl set-hostname red-stageapp-01.red.lan\n\nsleep 10\n\n# Updates and install Puppet Agent\nyum -y update\nyum -y install https://yum.puppetlabs.com/puppetlabs-release-pc1-el-7.noarch.rpm\nyum -y install puppet-agent\n\n## Role\n#mkdir -p /etc/puppetlabs/facter/facts.d\n#echo \"role=$role\" \u003e /etc/puppetlabs/facter/facts.d/role.txt\nmkdir -p /etc/puppetlabs/puppet\ncat \u003e /etc/puppetlabs/puppet/csr_attributes.yaml \u003c\u003c YAML\n# custom_attributes:\n#     1.2.840.113549.1.9.7: mySuperAwesomePassword\nextension_requests:\n    pp_role: railsapp\nYAML\n\n# Configure Puppet Agent\nPATH=$PATH:/opt/puppetlabs/puppet/bin\naugtool -s \"set /files/etc/puppetlabs/puppet/puppet.conf/agent/server red-foreman-01.red.lan\"\naugtool -s \"set /files/etc/puppetlabs/puppet/puppet.conf/agent/environment production\"\nsystemctl enable puppet\n\necho \" *** Don't forget to \\\"reboot\\\" to apply updates ***\"\n",
                            "part.0.content_type": "text/x-shellscript",
                            "part.0.filename": "bootstrap.sh",
                            "part.0.merge_type": "",
                            "part.1.content": "#!/bin/bash\n/sbin/shutdown -r +1 Rebooting to apply updates \u0026\n",
                            "part.1.content_type": "text/x-shellscript",
                            "part.1.filename": "reboot.sh",
                            "part.1.merge_type": "",
                            "rendered": "H4sIAAAAAAAA/7xUUW8cNRB+t3T/YdirAgTZzkFRyLZBujYVIHEQJSmooijyeeduLby28cw2t/8eeZdLAmmeInUfvB7rm29m7G/mdQyMgeXVkLCGrvfsksmsO7fD5gWsYx8ak4fTavXT6s2rX9/+cra8eFeJYsnfMJOLoYaFOpqJmZDyPmgm9txnjlIkxyPWMBvbdhj4BWycx2A6PK3WMTJxNklRW915XmUTaINZvgk2Ni5sazheO74HGNNm3LHeSWrRe7LZJZ6JlevwQYbzz/TaBb021Aoxhx8wYHYWXu2jl8NLZGgjcUkMvlhFYj/AJmZY/n75pfgDZAMa2WrrY99Mq7KbrWrgTzg4ALRthCplJMwf8HrPVAPnHiv4/hFnfXJyiy0nYm9Y9kDI8jaljI0kNls0KcmjhcrYKG+CEOQREyyOShFvU2MYCUxowAVi4z2c9ykhw3KLgcXQdyAH6Efc3tojW+ZEtdZD36k0enmzJmVjp+9MmdGjIZTJLiR6eaxCNNm2Kqfu/4STlzRjaDGfw0X0KObdX43LINN0J3fUemMsYx5/pBoxny41R4+nz8p6e4+P+ugCU7xj8WiQaSus4Y+wTVttKV8b5uzWPSOpwXQeXr6Ed8vVz2IOtieO3T1ALeZQvoX6Wn33/EgtFt98+/xELdSJOq6hGy77hHl5gxQ7PDdENzE3AneMocj0OuPfPRJTLQpJSteliBqycZ5MSmIMK+bwOoaN2/YZ//um58urH0+flbXWMfFHylm7IEy/5Rg9SIKKkEGXLqRH6p9+ysaw0ePr6VHWeVThJmbsTLgnwuqp7Bg+uBxDGQ+Qcmx6W6ZGJWggxq70Agaz9vivooSYlAGHh4dwFsPnXDp1iwwc4X2VscyV91WxTEp+r3cq+OppE2vi/nTjSlPZUttzE28CyAxfLeBiTMKF7cMKDx6UJ+VM/BMAAP//+cW9bu8FAAA="
                        },
                        "meta": {},
                        "tainted": false
                    },
                    "deposed": [],
                    "provider": ""
                },
                "data.template_cloudinit_config.vpn": {
                    "type": "template_cloudinit_config",
                    "depends_on": [
                        "data.template_file.bootstrap-vpn"
                    ],
                    "primary": {
                        "id": "1534799606",
                        "attributes": {
                            "base64_encode": "true",
                            "gzip": "true",
                            "id": "1534799606",
                            "part.#": "2",
                            "part.0.content": "#!/bin/bash\n\n# Internal Bootstrap - POST PULP DEPLOYMENT\n\n# Set hostname (Mostly for AWS)\n[ -d /etc/cloud/cloud.cfg.d ] \u0026\u0026 echo \"preserve_hostname: true\" \u003e /etc/cloud/cloud.cfg.d/99_hostname.cfg\nhostnamectl set-hostname red-vpn-01.red.lan\n\n# Pulp System Repos\nrm -vf /etc/yum.repos.d/*.repo\ncat \u003c\u003c 'EOF' \u003e /etc/yum.repos.d/pulp-bootstrap.repo\n[base]\nname=CentOS-$releasever - Base\nbaseurl=http://red-pulp-01.red.lan/pulp/repos/centos/$releasever/os/$basearch/\ngpgcheck=1\ngpgkey=file:///etc/pki/rpm-gpg/RPM-GPG-KEY-CentOS-7\n\n#released updates\n[updates]\nname=CentOS-$releasever - Updates\nbaseurl=http://red-pulp-01.red.lan/pulp/repos/centos/$releasever/updates/$basearch/\ngpgcheck=1\ngpgkey=file:///etc/pki/rpm-gpg/RPM-GPG-KEY-CentOS-7\n\n[pulp2-stable]\nname=Pulp 2 Production Releases\nbaseurl=http://red-pulp-01.red.lan/pulp/repos/pulp/stable/2/7/x86_64/\nenabled=1\ngpgcheck=1\ngpgkey=https://red-pulp-01.red.lan/pulp/static/rpm-gpg/RPM-GPG-KEY-pulp-2\n\n[puppetlabs-pc1-7-x86_64]\nname=Puppet Labs PC1 Repository el 7 - $basearch\nbaseurl=http://red-pulp-01.red.lan/pulp/repos/puppetlabs/el/7/PC1/x86_64\nenabled=1\ngpgcheck=1\ngpgkey=file:///etc/pki/rpm-gpg/RPM-GPG-KEY-puppetlabs-PC1\n       file:///etc/pki/rpm-gpg/RPM-GPG-KEY-puppet-PC1\n\nEOF\n\n# Updates and install Puppet Agent\nyum -y update\nrm -vf /etc/yum.repos.d/CentOS*.repo\n\n#yum -y install https://yum.puppetlabs.com/puppetlabs-release-pc1-el-7.noarch.rpm\ncd /etc/pki/rpm-gpg \u0026\u0026 curl -O -k https://red-pulp-01.red.lan/pulp/static/rpm-gpg/RPM-GPG-KEY-puppetlabs-PC1\ncd /etc/pki/rpm-gpg \u0026\u0026 curl -O -k https://red-pulp-01.red.lan/pulp/static/rpm-gpg/RPM-GPG-KEY-puppet-PC1\n\nyum -y install puppet-agent\n\n## Role\nmkdir -p /etc/puppetlabs/puppet\n#mkdir -p /etc/puppetlabs/facter/facts.d\n#echo \"role=$role\" \u003e /etc/puppetlabs/facter/facts.d/role.txt\ncat \u003e /etc/puppetlabs/puppet/csr_attributes.yaml \u003c\u003c YAML\n# custom_attributes:\n#     1.2.840.113549.1.9.7: mySuperAwesomePassword\nextension_requests:\n    pp_role: vpn\nYAML\n\n# Configure Puppet Agent\nPATH=$PATH:/opt/puppetlabs/puppet/bin\naugtool -s \"set /files/etc/puppetlabs/puppet/puppet.conf/agent/server red-foreman-01.red.lan\"\naugtool -s \"set /files/etc/puppetlabs/puppet/puppet.conf/agent/environment production\"\nsystemctl enable puppet\npuppet agent --onetime --no-usecacheonfailure --no-daemonize\n\necho \" *** Don't forget to \\\"reboot\\\" to apply updates ***\"\n",
                            "part.0.content_type": "text/x-shellscript",
                            "part.0.filename": "bootstrap.sh",
                            "part.0.merge_type": "",
                            "part.1.content": "#!/bin/bash\n/sbin/shutdown -r +1 Rebooting to apply updates \u0026\n",
                            "part.1.content_type": "text/x-shellscript",
                            "part.1.filename": "reboot.sh",
                            "part.1.merge_type": "",
                            "rendered": "H4sIAAAAAAAA/7xWb28TORN/b6nfYZ4Ngud68pr0OEIDOam0gUPXkFVb7lQVVDneSbKq1/bZs6W5T3+yd9MGShGoJ/Ji1+vMn99vZjzjfWsIDfGTlcMh1I2myklPoq6usHwOM9uYUvrVKJu8mYxfTt+9Pdg7Os1Y/OJ/og+VNUPo54+32BbjfFNoi61tH1TB2VBRkpVEUi1rNPQc5pVGI2scZTNrKZCXLg/L7EbzxEsT5uj52ChbVmYxhMGsog2BBJvwisQVD0vUOihfOdpik6rGWwh7/xOzyoiZDEvGevDGEHojNbxcuwcOxfT4BIp3hwUcjIvD6elk/PYkCh8jwdIGioDh/xMbSK9gbj3s/XX8EzsDXoJAUkJp25TtM1fzRV7CB3j4EFAtLWTOY0B/iedrS0Mg32AGv92hLHZ3r2XjDlt/KNIQkPg1JI8lv3SGP+7nHstcSxNRF412cLwKhDUcobOB+Rr45bx1t2rq3MfdvBTbacWUJHjxAh6Np68erVFtirlGO36TrqRzNpMBP7CUyn00ND3mDzxqlAEv0QOHlzIgi0KN16MlkRsKEfEmYzeAk3GRPAmFhmwQG3ZE/IxGpFdLwRZuoZaoLkb9uLzA1SiW01CIBNldVMK7mi/cQhwVE/66eM3/GJ/yDt6AsV5nuYTGlZIwsLNu8TUm7zrZe5PpfP2XjM6ixx0eSM70Oh0p/ztQeFs2Kp5AOGoxfC+FtGxNix0xEFfPnp4/fSIYmrhVtpg/gx8th6+ZDiSpUl+kleR3EinnkLScBe5Unw946/maX/wXDuUsQLHfb2u8IutXgBoGwOE6wN9NeO1XoBYDUez3O9Jf5fwtKdugVOz3GbS/b9dMWmw8fRVPeFeRIE0JlQkktYYuKnsLNMRWTQ181VX5nce/LaOuCbBep7Q2uM5k1LhBnytbb8SJd+Wd8oSaD3JjY+Bz72qmuva4wSy2RdV4DXwK/ALuVy2fRPRHOGuT8Fmcur9kCjzr9eDIamT1RVl54K4DdVNY7ZL17hSYS0Xo0yvkJeu1U8RbjaMH8Xk9OO7UEVEspytKnf22dLsUKvhzSeSrWUMY8pWsdRwDp3uTQ9YD1QSy9YbAkPVSzfbznfzZk8d5v//Lr092836+mw+GUK+OG4d+7yMGW2MhQ/hofcnwitDEeXzu8e8GA4Vhqn3nziPIIVw6w5JH1oN9a+bVovH4aTEXeye/jx7E51BYR19gMqsMk82CrNXAA2QBCUQ8W+EO6u0rV9bMRUqcSCPap4k6tx5ruTlVs/taR3NZeWviFQjcdV/OWEhTOs71tr90xcTaFyRl4NwapKpG4NxY3gRUUi3RmrmsdIxW2i4l1tZU/yBjbcXA9vY2HFjziOKVZYEEZOF95jFO8vdZ/JLO6XWXCFE+u9+VrrX94+5zIsRlWDZU2o8GuIef4ziIICqzuM3w4S16nG+xfwMAAP//W081LRALAAA="
                        },
                        "meta": {},
                        "tainted": false
                    },
                    "deposed": [],
                    "provider": ""
                },
                "data.template_file.bootstrap": {
                    "type": "template_file",
                    "depends_on": [],
                    "primary": {
                        "id": "4e1de4462ac654e5f56c2b4afcdbe003ff2bb7d73f6c0e097f57944946ec0712",
                        "attributes": {
                            "id": "4e1de4462ac654e5f56c2b4afcdbe003ff2bb7d73f6c0e097f57944946ec0712",
                            "rendered": "#!/bin/bash\n\n# Generic Bootstrap\n\n# Set hostname (Mostly for AWS)\n[ -d /etc/cloud/cloud.cfg.d ] \u0026\u0026 echo \"preserve_hostname: true\" \u003e /etc/cloud/cloud.cfg.d/99_hostname.cfg\nhostnamectl set-hostname red-foreman-01.red.lan\n\nsleep 10\n\n# Updates and install Puppet Agent\nyum -y update\nyum -y install https://yum.puppetlabs.com/puppetlabs-release-pc1-el-7.noarch.rpm\nyum -y install puppet-agent\n\n## Role\n#mkdir -p /etc/puppetlabs/facter/facts.d\n#echo \"role=$role\" \u003e /etc/puppetlabs/facter/facts.d/role.txt\nmkdir -p /etc/puppetlabs/puppet\ncat \u003e /etc/puppetlabs/puppet/csr_attributes.yaml \u003c\u003c YAML\n# custom_attributes:\n#     1.2.840.113549.1.9.7: mySuperAwesomePassword\nextension_requests:\n    pp_role: base\nYAML\n\n# Configure Puppet Agent\nPATH=$PATH:/opt/puppetlabs/puppet/bin\naugtool -s \"set /files/etc/puppetlabs/puppet/puppet.conf/agent/server red-foreman-01.red.lan\"\naugtool -s \"set /files/etc/puppetlabs/puppet/puppet.conf/agent/environment production\"\nsystemctl enable puppet\n\necho \" *** Don't forget to \\\"reboot\\\" to apply updates ***\"\n",
                            "template": "#!/bin/bash\n\n# Generic Bootstrap\n\n# Set hostname (Mostly for AWS)\n[ -d /etc/cloud/cloud.cfg.d ] \u0026\u0026 echo \"preserve_hostname: true\" \u003e /etc/cloud/cloud.cfg.d/99_hostname.cfg\nhostnamectl set-hostname ${hostname}\n\nsleep 10\n\n# Updates and install Puppet Agent\nyum -y update\nyum -y install https://yum.puppetlabs.com/puppetlabs-release-pc1-el-7.noarch.rpm\nyum -y install puppet-agent\n\n## Role\n#mkdir -p /etc/puppetlabs/facter/facts.d\n#echo \"role=$role\" \u003e /etc/puppetlabs/facter/facts.d/role.txt\nmkdir -p /etc/puppetlabs/puppet\ncat \u003e /etc/puppetlabs/puppet/csr_attributes.yaml \u003c\u003c YAML\n# custom_attributes:\n#     1.2.840.113549.1.9.7: mySuperAwesomePassword\nextension_requests:\n    pp_role: ${role}\nYAML\n\n# Configure Puppet Agent\nPATH=$PATH:/opt/puppetlabs/puppet/bin\naugtool -s \"set /files/etc/puppetlabs/puppet/puppet.conf/agent/server ${puppet_server}\"\naugtool -s \"set /files/etc/puppetlabs/puppet/puppet.conf/agent/environment ${puppet_env}\"\nsystemctl enable puppet\n\necho \" *** Don't forget to \\\"reboot\\\" to apply updates ***\"\n",
                            "vars.%": "5",
                            "vars.gitlab_server": "red-gitlab-01.red.lan",
                            "vars.hostname": "red-foreman-01.red.lan",
                            "vars.puppet_env": "production",
                            "vars.puppet_server": "red-foreman-01.red.lan",
                            "vars.role": "base"
                        },
                        "meta": {},
                        "tainted": false
                    },
                    "deposed": [],
                    "provider": ""
                },
                "data.template_file.bootstrap-vpn": {
                    "type": "template_file",
                    "depends_on": [],
                    "primary": {
                        "id": "774f8065e9975e98ca331c3f87771f5fe6cd0fcbb38c0f78807790746a69197b",
                        "attributes": {
                            "id": "774f8065e9975e98ca331c3f87771f5fe6cd0fcbb38c0f78807790746a69197b",
                            "rendered": "#!/bin/bash\n\n# Internal Bootstrap - POST PULP DEPLOYMENT\n\n# Set hostname (Mostly for AWS)\n[ -d /etc/cloud/cloud.cfg.d ] \u0026\u0026 echo \"preserve_hostname: true\" \u003e /etc/cloud/cloud.cfg.d/99_hostname.cfg\nhostnamectl set-hostname red-vpn-01.red.lan\n\n# Pulp System Repos\nrm -vf /etc/yum.repos.d/*.repo\ncat \u003c\u003c 'EOF' \u003e /etc/yum.repos.d/pulp-bootstrap.repo\n[base]\nname=CentOS-$releasever - Base\nbaseurl=http://red-pulp-01.red.lan/pulp/repos/centos/$releasever/os/$basearch/\ngpgcheck=1\ngpgkey=file:///etc/pki/rpm-gpg/RPM-GPG-KEY-CentOS-7\n\n#released updates\n[updates]\nname=CentOS-$releasever - Updates\nbaseurl=http://red-pulp-01.red.lan/pulp/repos/centos/$releasever/updates/$basearch/\ngpgcheck=1\ngpgkey=file:///etc/pki/rpm-gpg/RPM-GPG-KEY-CentOS-7\n\n[pulp2-stable]\nname=Pulp 2 Production Releases\nbaseurl=http://red-pulp-01.red.lan/pulp/repos/pulp/stable/2/7/x86_64/\nenabled=1\ngpgcheck=1\ngpgkey=https://red-pulp-01.red.lan/pulp/static/rpm-gpg/RPM-GPG-KEY-pulp-2\n\n[puppetlabs-pc1-7-x86_64]\nname=Puppet Labs PC1 Repository el 7 - $basearch\nbaseurl=http://red-pulp-01.red.lan/pulp/repos/puppetlabs/el/7/PC1/x86_64\nenabled=1\ngpgcheck=1\ngpgkey=file:///etc/pki/rpm-gpg/RPM-GPG-KEY-puppetlabs-PC1\n       file:///etc/pki/rpm-gpg/RPM-GPG-KEY-puppet-PC1\n\nEOF\n\n# Updates and install Puppet Agent\nyum -y update\nrm -vf /etc/yum.repos.d/CentOS*.repo\n\n#yum -y install https://yum.puppetlabs.com/puppetlabs-release-pc1-el-7.noarch.rpm\ncd /etc/pki/rpm-gpg \u0026\u0026 curl -O -k https://red-pulp-01.red.lan/pulp/static/rpm-gpg/RPM-GPG-KEY-puppetlabs-PC1\ncd /etc/pki/rpm-gpg \u0026\u0026 curl -O -k https://red-pulp-01.red.lan/pulp/static/rpm-gpg/RPM-GPG-KEY-puppet-PC1\n\nyum -y install puppet-agent\n\n## Role\nmkdir -p /etc/puppetlabs/puppet\n#mkdir -p /etc/puppetlabs/facter/facts.d\n#echo \"role=$role\" \u003e /etc/puppetlabs/facter/facts.d/role.txt\ncat \u003e /etc/puppetlabs/puppet/csr_attributes.yaml \u003c\u003c YAML\n# custom_attributes:\n#     1.2.840.113549.1.9.7: mySuperAwesomePassword\nextension_requests:\n    pp_role: vpn\nYAML\n\n# Configure Puppet Agent\nPATH=$PATH:/opt/puppetlabs/puppet/bin\naugtool -s \"set /files/etc/puppetlabs/puppet/puppet.conf/agent/server red-foreman-01.red.lan\"\naugtool -s \"set /files/etc/puppetlabs/puppet/puppet.conf/agent/environment production\"\nsystemctl enable puppet\npuppet agent --onetime --no-usecacheonfailure --no-daemonize\n\necho \" *** Don't forget to \\\"reboot\\\" to apply updates ***\"\n",
                            "template": "#!/bin/bash\n\n# Internal Bootstrap - POST PULP DEPLOYMENT\n\n# Set hostname (Mostly for AWS)\n[ -d /etc/cloud/cloud.cfg.d ] \u0026\u0026 echo \"preserve_hostname: true\" \u003e /etc/cloud/cloud.cfg.d/99_hostname.cfg\nhostnamectl set-hostname ${hostname}\n\n# Pulp System Repos\nrm -vf /etc/yum.repos.d/*.repo\ncat \u003c\u003c 'EOF' \u003e /etc/yum.repos.d/pulp-bootstrap.repo\n[base]\nname=CentOS-$releasever - Base\nbaseurl=http://${pulp_server}/pulp/repos/centos/$releasever/os/$basearch/\ngpgcheck=1\ngpgkey=file:///etc/pki/rpm-gpg/RPM-GPG-KEY-CentOS-7\n\n#released updates\n[updates]\nname=CentOS-$releasever - Updates\nbaseurl=http://${pulp_server}/pulp/repos/centos/$releasever/updates/$basearch/\ngpgcheck=1\ngpgkey=file:///etc/pki/rpm-gpg/RPM-GPG-KEY-CentOS-7\n\n[pulp2-stable]\nname=Pulp 2 Production Releases\nbaseurl=http://${pulp_server}/pulp/repos/pulp/stable/2/7/x86_64/\nenabled=1\ngpgcheck=1\ngpgkey=https://${pulp_server}/pulp/static/rpm-gpg/RPM-GPG-KEY-pulp-2\n\n[puppetlabs-pc1-7-x86_64]\nname=Puppet Labs PC1 Repository el 7 - $basearch\nbaseurl=http://${pulp_server}/pulp/repos/puppetlabs/el/7/PC1/x86_64\nenabled=1\ngpgcheck=1\ngpgkey=file:///etc/pki/rpm-gpg/RPM-GPG-KEY-puppetlabs-PC1\n       file:///etc/pki/rpm-gpg/RPM-GPG-KEY-puppet-PC1\n\nEOF\n\n# Updates and install Puppet Agent\nyum -y update\nrm -vf /etc/yum.repos.d/CentOS*.repo\n\n#yum -y install https://yum.puppetlabs.com/puppetlabs-release-pc1-el-7.noarch.rpm\ncd /etc/pki/rpm-gpg \u0026\u0026 curl -O -k https://${pulp_server}/pulp/static/rpm-gpg/RPM-GPG-KEY-puppetlabs-PC1\ncd /etc/pki/rpm-gpg \u0026\u0026 curl -O -k https://${pulp_server}/pulp/static/rpm-gpg/RPM-GPG-KEY-puppet-PC1\n\nyum -y install puppet-agent\n\n## Role\nmkdir -p /etc/puppetlabs/puppet\n#mkdir -p /etc/puppetlabs/facter/facts.d\n#echo \"role=$role\" \u003e /etc/puppetlabs/facter/facts.d/role.txt\ncat \u003e /etc/puppetlabs/puppet/csr_attributes.yaml \u003c\u003c YAML\n# custom_attributes:\n#     1.2.840.113549.1.9.7: mySuperAwesomePassword\nextension_requests:\n    pp_role: ${role}\nYAML\n\n# Configure Puppet Agent\nPATH=$PATH:/opt/puppetlabs/puppet/bin\naugtool -s \"set /files/etc/puppetlabs/puppet/puppet.conf/agent/server ${puppet_server}\"\naugtool -s \"set /files/etc/puppetlabs/puppet/puppet.conf/agent/environment ${puppet_env}\"\nsystemctl enable puppet\npuppet agent --onetime --no-usecacheonfailure --no-daemonize\n\necho \" *** Don't forget to \\\"reboot\\\" to apply updates ***\"\n",
                            "vars.%": "5",
                            "vars.hostname": "red-vpn-01.red.lan",
                            "vars.pulp_server": "red-pulp-01.red.lan",
                            "vars.puppet_env": "production",
                            "vars.puppet_server": "red-foreman-01.red.lan",
                            "vars.role": "vpn"
                        },
                        "meta": {},
                        "tainted": false
                    },
                    "deposed": [],
                    "provider": ""
                },
                "data.template_file.foreman": {
                    "type": "template_file",
                    "depends_on": [],
                    "primary": {
                        "id": "2174d9d984ce899850ace7b1b0ac5743253f8fc6baf9bee6e4122d1cebc36690",
                        "attributes": {
                            "id": "2174d9d984ce899850ace7b1b0ac5743253f8fc6baf9bee6e4122d1cebc36690",
                            "rendered": "#!/bin/bash\n\n# Basic foreman setup, requires working git server with control-repo populated\n\n# Settings you should edit\nGIT_SERVER='git@red-gitlab-01.red.lan'\nCONTROL_REPO=\"${GIT_SERVER}:puppet/control-repo\"\nHOSTNAME=\"$(hostname -f)\"\nDOMAINNAME=\"$(hostname -d)\"\nDNS_ALT_NAMES=\"puppet.${DOMAINNAME},puppet,foreman.${DOMAINNAME},foreman\"\n\n# -------------------------------------\n# You shouldn't need to edit these\nSSH_KEY_FILE='/opt/puppetlabs/server/data/puppetserver/.ssh/id_rsa'\nPUPPET='/opt/puppetlabs/puppet/bin/puppet'\nSUDO_PUPPET='sudo -H -u puppet'\nREQ_PKGS='epel-release git puppetserver puppet-agent'\nMAX_RETRIES=60\nRETRY_SLEEP_TIME=60\n\n# Install pkgs if not installed\nfunction install_pkgs {\n  pkgs=$*\n  local install_pkg=''\n  for pkg in $REQ_PKGS; do\n    rpm -q $pkg || install_pkg=\"${install_pkg} ${pkg}\"\n  done\n  [ -z \"$install_pkg\" ] || yum install -y ${install_pkg}\n}\n\n# Retry/Sleep tracking\nfunction retry_sleep {\n  if [ $tries -le $MAX_RETRIES ]; then\n    echo \"\"\n    echo \"Try: $tries / $MAX_RETRIES\"\n    echo \"Sleeping $RETRY_SLEEP_TIME for retry...\"\n    echo '------------'\n    sleep $RETRY_SLEEP_TIME\n  else\n    echo '----------------------'\n    echo '- FAILED INSTALLTION -'\n    echo '----------------------'\n    echo \"\"\n    echo -e \"\\n\\n\\t *** FAILED BOOTSTRAP! \\n\\t *** SEE: /var/log/cloud-init-output.log\\n\\n\" \u003e\u003e /etc/motd\n    exit 1\n  fi\n}\n\n### MAIN\nset +e # exit on error\n\n# Install Stuff\nrpm -q puppetlabs-release-pc1 || yum install -y https://yum.puppetlabs.com/puppetlabs-release-pc1-el-7.noarch.rpm\ninstall_pkgs $REQ_PKGS\n\n# Get out of /root (prevents errors while using sudo)\ncd /tmp\n\n# Ensure we have an SSH Key\nif [ ! -f $SSH_KEY_FILE ]; then\n  $SUDO_PUPPET ssh-keygen -t rsa -b 4096 -f $SSH_KEY_FILE -P \"\"\nfi\n\n# Test SSH Access (loop)\ntries=0\nwhile true; do\n  ((tries++))\n  echo \"Testing SSH Access to ${GIT_SERVER}...\"\n  $SUDO_PUPPET /bin/ssh -nTo 'StrictHostKeyChecking=no' ${GIT_SERVER}\n  return=$?\n  if [ $return == 0 ]; then\n    echo \"Success!\"\n    break\n  else\n    echo -e \"\\n***********\\n\"\n    echo \"There is a problem with the puppet ssh key access to ${GIT_SERVER}\"\n    echo \"You need to add this SSH public key to a 'puppet-server' user in GitLab:\"\n    echo \"\"\n    cat ${SSH_KEY_FILE}.pub\n    retry_sleep\n  fi\ndone\n\n# Test Repo Access (loop)\ntries=0\nwhile true; do\n  ((tries++))\n  $SUDO_PUPPET git ls-remote ${CONTROL_REPO}\n  return=$?\n  if [ $return == 0 ]; then\n    echo \"Success!\"\n    break\n  else\n    echo -e \"\\n***********\\n\"\n    echo \"There is a problem with puppet user access to the Git Repo: ${CONTROL_REPO}\"\n    echo \"You need to grant the 'puppet-server' user in GitLab 'reporter' access to the group for the control-repo.\"\n    retry_sleep\n  fi\ndone\n\n# Install puppet modules\n#git clone https://github.com/puppetlabs/puppetlabs-stdlib.git /etc/puppetlabs/code/environments/production/modules/stdlib\n#git clone https://github.com/voxpupuli/puppet-r10k.git /etc/puppetlabs/code/environments/production/modules/r10k\n#git clone https://github.com/puppetlabs/puppetlabs-git.git /etc/puppetlabs/code/environments/production/modules/git\niptables -F\nsetenforce 0\niptables -L\ngetenforce\n$PUPPET module list | grep -q r10k || $PUPPET module install puppet-r10k\n#$PUPPET module list | grep -q puppetserver || $PUPPET module install puppet-puppetserver\n\n# Install R10k using puppet\nFACTER_gitremote=\"${CONTROL_REPO}\" $PUPPET apply -e 'class { r10k: remote =\u003e \"${::gitremote}\"  }'\n\n# This seems dubious, like a packaging error?\nchown -hR puppet:puppet /etc/puppetlabs/code\n\n# Deploy (or update) Puppet Code\n$SUDO_PUPPET r10k deploy environment -pv\n\n# Helper Alias\ngrep -q 'alias r10k' /root/.bash_profile || echo \"alias r10k='cd / \u0026\u0026 sudo -H -u puppet r10k'\" \u003e\u003e /root/.bash_profile\n\n# Copy hieradata in (hacky)\ncp -f /etc/puppetlabs/code/environments/production/site/profile/files/hiera.yaml /etc/puppetlabs/puppet/hiera.yaml\n\n# Temporarily set this fact directly\nmkdir -p /etc/puppetlabs/facter/facts.d\necho \"role=foreman\" \u003e /etc/puppetlabs/facter/facts.d/role.txt\n\n# Puppet Cert\nhostcert=$($PUPPET config print hostcert)\n[ -f \"$hostcert\" ] || $PUPPET cert generate ${HOSTNAME} --allow-dns-alt-names \"${DNS_ALT_NAMES}\"\n\n# Seriously hacky business here\n# puppetserver.conf:    ruby-load-path: [/opt/puppetlabs/puppet/lib/ruby/vendor_ruby,/etc/puppetlabs/code/environments/production/modules/gms/lib]\nPUPPETSERVER_CONF=\"/etc/puppetlabs/puppetserver/conf.d/puppetserver.conf\"\ngrep -q 'gms/lib' $PUPPETSERVER_CONF || sed -i -r 's#(ruby-load-path:.*)]#\\1, /etc/puppetlabs/code/environments/production/modules/gms/lib]#' $PUPPETSERVER_CONF\n\nsystemctl enable puppetserver\nsystemctl start puppetserver\n$PUPPET agent -t\n\necho 'DONE!?'\nexit 0\n\n#mkdir -p /opt/puppetlabs/server/data/puppetserver/r10k\n#chown -R puppet:puppet /etc/puppetlabs/code /opt/puppetlabs/puppet/cache/r10k /opt/puppetlabs/server/data/puppetserver/r10k\n#chown -R puppet:puppet /etc/puppetlabs /opt/puppetlabs\n#/opt/puppetlabs/bin/puppet agent -t\n#sudo -u puppet r10k deploy environment -pv\n#rm -rf /opt/puppetlabs/puppet/cache/r10k/*\n",
                            "template": "#!/bin/bash\n\n# Basic foreman setup, requires working git server with control-repo populated\n\n# Settings you should edit\nGIT_SERVER='git@${gitlab_server}'\nCONTROL_REPO=\"$${GIT_SERVER}:puppet/control-repo\"\nHOSTNAME=\"$(hostname -f)\"\nDOMAINNAME=\"$(hostname -d)\"\nDNS_ALT_NAMES=\"puppet.$${DOMAINNAME},puppet,foreman.$${DOMAINNAME},foreman\"\n\n# -------------------------------------\n# You shouldn't need to edit these\nSSH_KEY_FILE='/opt/puppetlabs/server/data/puppetserver/.ssh/id_rsa'\nPUPPET='/opt/puppetlabs/puppet/bin/puppet'\nSUDO_PUPPET='sudo -H -u puppet'\nREQ_PKGS='epel-release git puppetserver puppet-agent'\nMAX_RETRIES=60\nRETRY_SLEEP_TIME=60\n\n# Install pkgs if not installed\nfunction install_pkgs {\n  pkgs=$$*\n  local install_pkg=''\n  for pkg in $$REQ_PKGS; do\n    rpm -q $$pkg || install_pkg=\"$${install_pkg} $${pkg}\"\n  done\n  [ -z \"$$install_pkg\" ] || yum install -y $${install_pkg}\n}\n\n# Retry/Sleep tracking\nfunction retry_sleep {\n  if [ $$tries -le $$MAX_RETRIES ]; then\n    echo \"\"\n    echo \"Try: $$tries / $$MAX_RETRIES\"\n    echo \"Sleeping $$RETRY_SLEEP_TIME for retry...\"\n    echo '------------'\n    sleep $$RETRY_SLEEP_TIME\n  else\n    echo '----------------------'\n    echo '- FAILED INSTALLTION -'\n    echo '----------------------'\n    echo \"\"\n    echo -e \"\\n\\n\\t *** FAILED BOOTSTRAP! \\n\\t *** SEE: /var/log/cloud-init-output.log\\n\\n\" \u003e\u003e /etc/motd\n    exit 1\n  fi\n}\n\n### MAIN\nset +e # exit on error\n\n# Install Stuff\nrpm -q puppetlabs-release-pc1 || yum install -y https://yum.puppetlabs.com/puppetlabs-release-pc1-el-7.noarch.rpm\ninstall_pkgs $$REQ_PKGS\n\n# Get out of /root (prevents errors while using sudo)\ncd /tmp\n\n# Ensure we have an SSH Key\nif [ ! -f $$SSH_KEY_FILE ]; then\n  $$SUDO_PUPPET ssh-keygen -t rsa -b 4096 -f $$SSH_KEY_FILE -P \"\"\nfi\n\n# Test SSH Access (loop)\ntries=0\nwhile true; do\n  ((tries++))\n  echo \"Testing SSH Access to $${GIT_SERVER}...\"\n  $$SUDO_PUPPET /bin/ssh -nTo 'StrictHostKeyChecking=no' $${GIT_SERVER}\n  return=$$?\n  if [ $$return == 0 ]; then\n    echo \"Success!\"\n    break\n  else\n    echo -e \"\\n***********\\n\"\n    echo \"There is a problem with the puppet ssh key access to $${GIT_SERVER}\"\n    echo \"You need to add this SSH public key to a 'puppet-server' user in GitLab:\"\n    echo \"\"\n    cat $${SSH_KEY_FILE}.pub\n    retry_sleep\n  fi\ndone\n\n# Test Repo Access (loop)\ntries=0\nwhile true; do\n  ((tries++))\n  $$SUDO_PUPPET git ls-remote $${CONTROL_REPO}\n  return=$$?\n  if [ $$return == 0 ]; then\n    echo \"Success!\"\n    break\n  else\n    echo -e \"\\n***********\\n\"\n    echo \"There is a problem with puppet user access to the Git Repo: $${CONTROL_REPO}\"\n    echo \"You need to grant the 'puppet-server' user in GitLab 'reporter' access to the group for the control-repo.\"\n    retry_sleep\n  fi\ndone\n\n# Install puppet modules\n#git clone https://github.com/puppetlabs/puppetlabs-stdlib.git /etc/puppetlabs/code/environments/production/modules/stdlib\n#git clone https://github.com/voxpupuli/puppet-r10k.git /etc/puppetlabs/code/environments/production/modules/r10k\n#git clone https://github.com/puppetlabs/puppetlabs-git.git /etc/puppetlabs/code/environments/production/modules/git\niptables -F\nsetenforce 0\niptables -L\ngetenforce\n$$PUPPET module list | grep -q r10k || $$PUPPET module install puppet-r10k\n#$$PUPPET module list | grep -q puppetserver || $$PUPPET module install puppet-puppetserver\n\n# Install R10k using puppet\nFACTER_gitremote=\"$${CONTROL_REPO}\" $$PUPPET apply -e 'class { r10k: remote =\u003e \"$${::gitremote}\"  }'\n\n# This seems dubious, like a packaging error?\nchown -hR puppet:puppet /etc/puppetlabs/code\n\n# Deploy (or update) Puppet Code\n$$SUDO_PUPPET r10k deploy environment -pv\n\n# Helper Alias\ngrep -q 'alias r10k' /root/.bash_profile || echo \"alias r10k='cd / \u0026\u0026 sudo -H -u puppet r10k'\" \u003e\u003e /root/.bash_profile\n\n# Copy hieradata in (hacky)\ncp -f /etc/puppetlabs/code/environments/production/site/profile/files/hiera.yaml /etc/puppetlabs/puppet/hiera.yaml\n\n# Temporarily set this fact directly\nmkdir -p /etc/puppetlabs/facter/facts.d\necho \"role=foreman\" \u003e /etc/puppetlabs/facter/facts.d/role.txt\n\n# Puppet Cert\nhostcert=$$($$PUPPET config print hostcert)\n[ -f \"$$hostcert\" ] || $$PUPPET cert generate $${HOSTNAME} --allow-dns-alt-names \"$${DNS_ALT_NAMES}\"\n\n# Seriously hacky business here\n# puppetserver.conf:    ruby-load-path: [/opt/puppetlabs/puppet/lib/ruby/vendor_ruby,/etc/puppetlabs/code/environments/production/modules/gms/lib]\nPUPPETSERVER_CONF=\"/etc/puppetlabs/puppetserver/conf.d/puppetserver.conf\"\ngrep -q 'gms/lib' $$PUPPETSERVER_CONF || sed -i -r 's#(ruby-load-path:.*)]#\\1, /etc/puppetlabs/code/environments/production/modules/gms/lib]#' $$PUPPETSERVER_CONF\n\nsystemctl enable puppetserver\nsystemctl start puppetserver\n$$PUPPET agent -t\n\necho 'DONE!?'\nexit 0\n\n#mkdir -p /opt/puppetlabs/server/data/puppetserver/r10k\n#chown -R puppet:puppet /etc/puppetlabs/code /opt/puppetlabs/puppet/cache/r10k /opt/puppetlabs/server/data/puppetserver/r10k\n#chown -R puppet:puppet /etc/puppetlabs /opt/puppetlabs\n#/opt/puppetlabs/bin/puppet agent -t\n#sudo -u puppet r10k deploy environment -pv\n#rm -rf /opt/puppetlabs/puppet/cache/r10k/*\n",
                            "vars.%": "5",
                            "vars.gitlab_server": "red-gitlab-01.red.lan",
                            "vars.hostname": "red-foreman-01.red.lan",
                            "vars.puppet_env": "production",
                            "vars.puppet_server": "red-foreman-01.red.lan",
                            "vars.role": "foreman"
                        },
                        "meta": {},
                        "tainted": false
                    },
                    "deposed": [],
                    "provider": ""
                },
                "data.template_file.foreman-bootstrap": {
                    "type": "template_file",
                    "depends_on": [],
                    "primary": {
                        "id": "e45ea9181ba285cdb0d4d158f80615563aba405cb541044edcd72ff1258d7302",
                        "attributes": {
                            "id": "e45ea9181ba285cdb0d4d158f80615563aba405cb541044edcd72ff1258d7302",
                            "rendered": "#!/bin/bash\n\n# Generic Bootstrap\n\n# Set hostname (Mostly for AWS)\n[ -d /etc/cloud/cloud.cfg.d ] \u0026\u0026 echo \"preserve_hostname: true\" \u003e /etc/cloud/cloud.cfg.d/99_hostname.cfg\nhostnamectl set-hostname red-foreman-01.red.lan\n\nsleep 10\n\n# Updates and install Puppet Agent\nyum -y update\nyum -y install https://yum.puppetlabs.com/puppetlabs-release-pc1-el-7.noarch.rpm\nyum -y install puppet-agent\n\n## Role\n#mkdir -p /etc/puppetlabs/facter/facts.d\n#echo \"role=$role\" \u003e /etc/puppetlabs/facter/facts.d/role.txt\nmkdir -p /etc/puppetlabs/puppet\ncat \u003e /etc/puppetlabs/puppet/csr_attributes.yaml \u003c\u003c YAML\n# custom_attributes:\n#     1.2.840.113549.1.9.7: mySuperAwesomePassword\nextension_requests:\n    pp_role: foreman\nYAML\n\n# Configure Puppet Agent\nPATH=$PATH:/opt/puppetlabs/puppet/bin\naugtool -s \"set /files/etc/puppetlabs/puppet/puppet.conf/agent/server red-foreman-01.red.lan\"\naugtool -s \"set /files/etc/puppetlabs/puppet/puppet.conf/agent/environment production\"\nsystemctl enable puppet\n\necho \" *** Don't forget to \\\"reboot\\\" to apply updates ***\"\n",
                            "template": "#!/bin/bash\n\n# Generic Bootstrap\n\n# Set hostname (Mostly for AWS)\n[ -d /etc/cloud/cloud.cfg.d ] \u0026\u0026 echo \"preserve_hostname: true\" \u003e /etc/cloud/cloud.cfg.d/99_hostname.cfg\nhostnamectl set-hostname ${hostname}\n\nsleep 10\n\n# Updates and install Puppet Agent\nyum -y update\nyum -y install https://yum.puppetlabs.com/puppetlabs-release-pc1-el-7.noarch.rpm\nyum -y install puppet-agent\n\n## Role\n#mkdir -p /etc/puppetlabs/facter/facts.d\n#echo \"role=$role\" \u003e /etc/puppetlabs/facter/facts.d/role.txt\nmkdir -p /etc/puppetlabs/puppet\ncat \u003e /etc/puppetlabs/puppet/csr_attributes.yaml \u003c\u003c YAML\n# custom_attributes:\n#     1.2.840.113549.1.9.7: mySuperAwesomePassword\nextension_requests:\n    pp_role: ${role}\nYAML\n\n# Configure Puppet Agent\nPATH=$PATH:/opt/puppetlabs/puppet/bin\naugtool -s \"set /files/etc/puppetlabs/puppet/puppet.conf/agent/server ${puppet_server}\"\naugtool -s \"set /files/etc/puppetlabs/puppet/puppet.conf/agent/environment ${puppet_env}\"\nsystemctl enable puppet\n\necho \" *** Don't forget to \\\"reboot\\\" to apply updates ***\"\n",
                            "vars.%": "5",
                            "vars.gitlab_server": "red-gitlab-01.red.lan",
                            "vars.hostname": "red-foreman-01.red.lan",
                            "vars.puppet_env": "production",
                            "vars.puppet_server": "red-foreman-01.red.lan",
                            "vars.role": "foreman"
                        },
                        "meta": {},
                        "tainted": false
                    },
                    "deposed": [],
                    "provider": ""
                },
                "data.template_file.gitlab": {
                    "type": "template_file",
                    "depends_on": [],
                    "primary": {
                        "id": "14c8e351eff2b5e90aa4eab4f4a31383a4372cd6172f4942910f1a6c0b778f6d",
                        "attributes": {
                            "id": "14c8e351eff2b5e90aa4eab4f4a31383a4372cd6172f4942910f1a6c0b778f6d",
                            "rendered": "#!/bin/bash\n\nPATH=$PATH:/opt/puppetlabs/bin\n\n# Firewall\nif [ -x /bin/firewall-cmd ]; then\n  firewall-cmd --zone=public --permanent --add-service=http\n  firewall-cmd --zone=public --permanent --add-service=https\n  firewall-cmd --reload\nfi\n\n# Bootstrap for gitlab server\npuppet module install vshn-gitlab\n\n# Temporary SSL Cert\nopenssl req -x509 -newkey rsa:4096 -nodes -keyout /etc/pki/tls/private/localhost.key -out /etc/pki/tls/certs/localhost.crt -days 3650 -subj \"/C=US/ST=Colorado/L=Denver/O=SelfSignedCert/OU=IT Department/CN=$(hostname -f)\"\n\ncat  \u003c\u003c 'END_OF_GITLAB_PP' \u003e /root/gitlab.pp\nclass {'::gitlab':\n  external_url =\u003e \"https://${::fqdn}\",\n    nginx        =\u003e {\n      redirect_http_to_https =\u003e true,\n      ssl_certificate     =\u003e '/etc/pki/tls/certs/localhost.crt',\n      ssl_certificate_key =\u003e '/etc/pki/tls/private/localhost.key',\n  },\n}\nEND_OF_GITLAB_PP\n\n\npuppet apply --verbose /root/gitlab.pp\n\ncd /usr/bin\nln -s /opt/gitlab/embedded/bin/git* .\n",
                            "template": "#!/bin/bash\n\nPATH=$PATH:/opt/puppetlabs/bin\n\n# Firewall\nif [ -x /bin/firewall-cmd ]; then\n  firewall-cmd --zone=public --permanent --add-service=http\n  firewall-cmd --zone=public --permanent --add-service=https\n  firewall-cmd --reload\nfi\n\n# Bootstrap for gitlab server\npuppet module install vshn-gitlab\n\n# Temporary SSL Cert\nopenssl req -x509 -newkey rsa:4096 -nodes -keyout /etc/pki/tls/private/localhost.key -out /etc/pki/tls/certs/localhost.crt -days 3650 -subj \"/C=US/ST=Colorado/L=Denver/O=SelfSignedCert/OU=IT Department/CN=$(hostname -f)\"\n\ncat  \u003c\u003c 'END_OF_GITLAB_PP' \u003e /root/gitlab.pp\nclass {'::gitlab':\n  external_url =\u003e \"https://$${::fqdn}\",\n    nginx        =\u003e {\n      redirect_http_to_https =\u003e true,\n      ssl_certificate     =\u003e '/etc/pki/tls/certs/localhost.crt',\n      ssl_certificate_key =\u003e '/etc/pki/tls/private/localhost.key',\n  },\n}\nEND_OF_GITLAB_PP\n\n\npuppet apply --verbose /root/gitlab.pp\n\ncd /usr/bin\nln -s /opt/gitlab/embedded/bin/git* .\n",
                            "vars.%": "4",
                            "vars.hostname": "red-gitlab-01.red.lan",
                            "vars.puppet_env": "production",
                            "vars.puppet_server": "red-foreman-01.red.lan",
                            "vars.role": "gitlab"
                        },
                        "meta": {},
                        "tainted": false
                    },
                    "deposed": [],
                    "provider": ""
                },
                "data.template_file.gitlab-bootstrap": {
                    "type": "template_file",
                    "depends_on": [],
                    "primary": {
                        "id": "4e5aaae1194682c2567225a1b753559e5676892c131ca7adc0599e243f7be9eb",
                        "attributes": {
                            "id": "4e5aaae1194682c2567225a1b753559e5676892c131ca7adc0599e243f7be9eb",
                            "rendered": "#!/bin/bash\n\n# Generic Bootstrap\n\n# Set hostname (Mostly for AWS)\n[ -d /etc/cloud/cloud.cfg.d ] \u0026\u0026 echo \"preserve_hostname: true\" \u003e /etc/cloud/cloud.cfg.d/99_hostname.cfg\nhostnamectl set-hostname red-gitlab-01.red.lan\n\nsleep 10\n\n# Updates and install Puppet Agent\nyum -y update\nyum -y install https://yum.puppetlabs.com/puppetlabs-release-pc1-el-7.noarch.rpm\nyum -y install puppet-agent\n\n## Role\n#mkdir -p /etc/puppetlabs/facter/facts.d\n#echo \"role=$role\" \u003e /etc/puppetlabs/facter/facts.d/role.txt\nmkdir -p /etc/puppetlabs/puppet\ncat \u003e /etc/puppetlabs/puppet/csr_attributes.yaml \u003c\u003c YAML\n# custom_attributes:\n#     1.2.840.113549.1.9.7: mySuperAwesomePassword\nextension_requests:\n    pp_role: gitlab\nYAML\n\n# Configure Puppet Agent\nPATH=$PATH:/opt/puppetlabs/puppet/bin\naugtool -s \"set /files/etc/puppetlabs/puppet/puppet.conf/agent/server red-foreman-01.red.lan\"\naugtool -s \"set /files/etc/puppetlabs/puppet/puppet.conf/agent/environment production\"\nsystemctl enable puppet\n\necho \" *** Don't forget to \\\"reboot\\\" to apply updates ***\"\n",
                            "template": "#!/bin/bash\n\n# Generic Bootstrap\n\n# Set hostname (Mostly for AWS)\n[ -d /etc/cloud/cloud.cfg.d ] \u0026\u0026 echo \"preserve_hostname: true\" \u003e /etc/cloud/cloud.cfg.d/99_hostname.cfg\nhostnamectl set-hostname ${hostname}\n\nsleep 10\n\n# Updates and install Puppet Agent\nyum -y update\nyum -y install https://yum.puppetlabs.com/puppetlabs-release-pc1-el-7.noarch.rpm\nyum -y install puppet-agent\n\n## Role\n#mkdir -p /etc/puppetlabs/facter/facts.d\n#echo \"role=$role\" \u003e /etc/puppetlabs/facter/facts.d/role.txt\nmkdir -p /etc/puppetlabs/puppet\ncat \u003e /etc/puppetlabs/puppet/csr_attributes.yaml \u003c\u003c YAML\n# custom_attributes:\n#     1.2.840.113549.1.9.7: mySuperAwesomePassword\nextension_requests:\n    pp_role: ${role}\nYAML\n\n# Configure Puppet Agent\nPATH=$PATH:/opt/puppetlabs/puppet/bin\naugtool -s \"set /files/etc/puppetlabs/puppet/puppet.conf/agent/server ${puppet_server}\"\naugtool -s \"set /files/etc/puppetlabs/puppet/puppet.conf/agent/environment ${puppet_env}\"\nsystemctl enable puppet\n\necho \" *** Don't forget to \\\"reboot\\\" to apply updates ***\"\n",
                            "vars.%": "5",
                            "vars.gitlab_server": "red-gitlab-01.red.lan",
                            "vars.hostname": "red-gitlab-01.red.lan",
                            "vars.puppet_env": "production",
                            "vars.puppet_server": "red-foreman-01.red.lan",
                            "vars.role": "gitlab"
                        },
                        "meta": {},
                        "tainted": false
                    },
                    "deposed": [],
                    "provider": ""
                },
                "data.template_file.pulp-bootstrap": {
                    "type": "template_file",
                    "depends_on": [],
                    "primary": {
                        "id": "ca9aab1ac71dc7f585126881caf7a7f1f98fba4854443a6b3c6c2e4952a5e016",
                        "attributes": {
                            "id": "ca9aab1ac71dc7f585126881caf7a7f1f98fba4854443a6b3c6c2e4952a5e016",
                            "rendered": "#!/bin/bash\n\n# Generic Bootstrap\n\n# Set hostname (Mostly for AWS)\n[ -d /etc/cloud/cloud.cfg.d ] \u0026\u0026 echo \"preserve_hostname: true\" \u003e /etc/cloud/cloud.cfg.d/99_hostname.cfg\nhostnamectl set-hostname red-pulp-01.red.lan\n\nsleep 10\n\n# Updates and install Puppet Agent\nyum -y update\nyum -y install https://yum.puppetlabs.com/puppetlabs-release-pc1-el-7.noarch.rpm\nyum -y install puppet-agent\n\n## Role\n#mkdir -p /etc/puppetlabs/facter/facts.d\n#echo \"role=$role\" \u003e /etc/puppetlabs/facter/facts.d/role.txt\nmkdir -p /etc/puppetlabs/puppet\ncat \u003e /etc/puppetlabs/puppet/csr_attributes.yaml \u003c\u003c YAML\n# custom_attributes:\n#     1.2.840.113549.1.9.7: mySuperAwesomePassword\nextension_requests:\n    pp_role: pulp\nYAML\n\n# Configure Puppet Agent\nPATH=$PATH:/opt/puppetlabs/puppet/bin\naugtool -s \"set /files/etc/puppetlabs/puppet/puppet.conf/agent/server red-foreman-01.red.lan\"\naugtool -s \"set /files/etc/puppetlabs/puppet/puppet.conf/agent/environment production\"\nsystemctl enable puppet\n\necho \" *** Don't forget to \\\"reboot\\\" to apply updates ***\"\n",
                            "template": "#!/bin/bash\n\n# Generic Bootstrap\n\n# Set hostname (Mostly for AWS)\n[ -d /etc/cloud/cloud.cfg.d ] \u0026\u0026 echo \"preserve_hostname: true\" \u003e /etc/cloud/cloud.cfg.d/99_hostname.cfg\nhostnamectl set-hostname ${hostname}\n\nsleep 10\n\n# Updates and install Puppet Agent\nyum -y update\nyum -y install https://yum.puppetlabs.com/puppetlabs-release-pc1-el-7.noarch.rpm\nyum -y install puppet-agent\n\n## Role\n#mkdir -p /etc/puppetlabs/facter/facts.d\n#echo \"role=$role\" \u003e /etc/puppetlabs/facter/facts.d/role.txt\nmkdir -p /etc/puppetlabs/puppet\ncat \u003e /etc/puppetlabs/puppet/csr_attributes.yaml \u003c\u003c YAML\n# custom_attributes:\n#     1.2.840.113549.1.9.7: mySuperAwesomePassword\nextension_requests:\n    pp_role: ${role}\nYAML\n\n# Configure Puppet Agent\nPATH=$PATH:/opt/puppetlabs/puppet/bin\naugtool -s \"set /files/etc/puppetlabs/puppet/puppet.conf/agent/server ${puppet_server}\"\naugtool -s \"set /files/etc/puppetlabs/puppet/puppet.conf/agent/environment ${puppet_env}\"\nsystemctl enable puppet\n\necho \" *** Don't forget to \\\"reboot\\\" to apply updates ***\"\n",
                            "vars.%": "4",
                            "vars.hostname": "red-pulp-01.red.lan",
                            "vars.puppet_env": "production",
                            "vars.puppet_server": "red-foreman-01.red.lan",
                            "vars.role": "pulp"
                        },
                        "meta": {},
                        "tainted": false
                    },
                    "deposed": [],
                    "provider": ""
                },
                "data.template_file.railsapp-bootstrap": {
                    "type": "template_file",
                    "depends_on": [],
                    "primary": {
                        "id": "7a3ec7122445438a3a3b92fab9ab5e7576b657bdb3d247c290867c9df10c6871",
                        "attributes": {
                            "id": "7a3ec7122445438a3a3b92fab9ab5e7576b657bdb3d247c290867c9df10c6871",
                            "rendered": "#!/bin/bash\n\n# Generic Bootstrap\n\n# Set hostname (Mostly for AWS)\n[ -d /etc/cloud/cloud.cfg.d ] \u0026\u0026 echo \"preserve_hostname: true\" \u003e /etc/cloud/cloud.cfg.d/99_hostname.cfg\nhostnamectl set-hostname red-stageapp-01.red.lan\n\nsleep 10\n\n# Updates and install Puppet Agent\nyum -y update\nyum -y install https://yum.puppetlabs.com/puppetlabs-release-pc1-el-7.noarch.rpm\nyum -y install puppet-agent\n\n## Role\n#mkdir -p /etc/puppetlabs/facter/facts.d\n#echo \"role=$role\" \u003e /etc/puppetlabs/facter/facts.d/role.txt\nmkdir -p /etc/puppetlabs/puppet\ncat \u003e /etc/puppetlabs/puppet/csr_attributes.yaml \u003c\u003c YAML\n# custom_attributes:\n#     1.2.840.113549.1.9.7: mySuperAwesomePassword\nextension_requests:\n    pp_role: railsapp\nYAML\n\n# Configure Puppet Agent\nPATH=$PATH:/opt/puppetlabs/puppet/bin\naugtool -s \"set /files/etc/puppetlabs/puppet/puppet.conf/agent/server red-foreman-01.red.lan\"\naugtool -s \"set /files/etc/puppetlabs/puppet/puppet.conf/agent/environment production\"\nsystemctl enable puppet\n\necho \" *** Don't forget to \\\"reboot\\\" to apply updates ***\"\n",
                            "template": "#!/bin/bash\n\n# Generic Bootstrap\n\n# Set hostname (Mostly for AWS)\n[ -d /etc/cloud/cloud.cfg.d ] \u0026\u0026 echo \"preserve_hostname: true\" \u003e /etc/cloud/cloud.cfg.d/99_hostname.cfg\nhostnamectl set-hostname ${hostname}\n\nsleep 10\n\n# Updates and install Puppet Agent\nyum -y update\nyum -y install https://yum.puppetlabs.com/puppetlabs-release-pc1-el-7.noarch.rpm\nyum -y install puppet-agent\n\n## Role\n#mkdir -p /etc/puppetlabs/facter/facts.d\n#echo \"role=$role\" \u003e /etc/puppetlabs/facter/facts.d/role.txt\nmkdir -p /etc/puppetlabs/puppet\ncat \u003e /etc/puppetlabs/puppet/csr_attributes.yaml \u003c\u003c YAML\n# custom_attributes:\n#     1.2.840.113549.1.9.7: mySuperAwesomePassword\nextension_requests:\n    pp_role: ${role}\nYAML\n\n# Configure Puppet Agent\nPATH=$PATH:/opt/puppetlabs/puppet/bin\naugtool -s \"set /files/etc/puppetlabs/puppet/puppet.conf/agent/server ${puppet_server}\"\naugtool -s \"set /files/etc/puppetlabs/puppet/puppet.conf/agent/environment ${puppet_env}\"\nsystemctl enable puppet\n\necho \" *** Don't forget to \\\"reboot\\\" to apply updates ***\"\n",
                            "vars.%": "5",
                            "vars.hostname": "red-stageapp-01.red.lan",
                            "vars.pulp_server": "red-pulp-01.red.lan",
                            "vars.puppet_env": "production",
                            "vars.puppet_server": "red-foreman-01.red.lan",
                            "vars.role": "railsapp"
                        },
                        "meta": {},
                        "tainted": false
                    },
                    "deposed": [],
                    "provider": ""
                }
            },
            "depends_on": []
        },
        {
            "path": [
                "root",
                "db"
            ],
            "outputs": {
                "this_db_instance_address": {
                    "sensitive": false,
                    "type": "string",
                    "value": "stage.clxtbeltidcx.us-west-2.rds.amazonaws.com"
                },
                "this_db_instance_arn": {
                    "sensitive": false,
                    "type": "string",
                    "value": "arn:aws:rds:us-west-2:251764077246:db:stage"
                },
                "this_db_instance_availability_zone": {
                    "sensitive": false,
                    "type": "string",
                    "value": "us-west-2a"
                },
                "this_db_instance_endpoint": {
                    "sensitive": false,
                    "type": "string",
                    "value": "stage.clxtbeltidcx.us-west-2.rds.amazonaws.com:5432"
                },
                "this_db_instance_hosted_zone_id": {
                    "sensitive": false,
                    "type": "string",
                    "value": "Z1PVIF0B656C1W"
                },
                "this_db_instance_id": {
                    "sensitive": false,
                    "type": "string",
                    "value": "stage"
                },
                "this_db_instance_name": {
                    "sensitive": false,
                    "type": "string",
                    "value": "stagedb"
                },
                "this_db_instance_password": {
                    "sensitive": false,
                    "type": "string",
                    "value": "YourPwdShouldBeLongAndSecure!"
                },
                "this_db_instance_port": {
                    "sensitive": false,
                    "type": "string",
                    "value": "5432"
                },
                "this_db_instance_resource_id": {
                    "sensitive": false,
                    "type": "string",
                    "value": "db-WQYFW3KGF27NXPHHRZCI3DWTGQ"
                },
                "this_db_instance_status": {
                    "sensitive": false,
                    "type": "string",
                    "value": "available"
                },
                "this_db_instance_username": {
                    "sensitive": false,
                    "type": "string",
                    "value": "dbadmin"
                },
                "this_db_parameter_group_arn": {
                    "sensitive": false,
                    "type": "string",
                    "value": "arn:aws:rds:us-west-2:251764077246:pg:stage-20171005184635510000000002"
                },
                "this_db_parameter_group_id": {
                    "sensitive": false,
                    "type": "string",
                    "value": "stage-20171005184635510000000002"
                },
                "this_db_subnet_group_arn": {
                    "sensitive": false,
                    "type": "string",
                    "value": "arn:aws:rds:us-west-2:251764077246:subgrp:stage-20171005184635350600000001"
                },
                "this_db_subnet_group_id": {
                    "sensitive": false,
                    "type": "string",
                    "value": "stage-20171005184635350600000001"
                }
            },
            "resources": {},
            "depends_on": []
        },
        {
            "path": [
                "root",
                "dns"
            ],
            "outputs": {
                "external_dns_enable": {
                    "sensitive": false,
                    "type": "string",
                    "value": "1"
                },
                "internal_domain_name": {
                    "sensitive": false,
                    "type": "string",
                    "value": "red.lan"
                },
                "route53_external_id": {
                    "sensitive": false,
                    "type": "string",
                    "value": "Z3UQ1VWES9ZN56"
                },
                "route53_internal_id": {
                    "sensitive": false,
                    "type": "string",
                    "value": "Z3GTC2DDZGDB36"
                }
            },
            "resources": {
                "aws_route53_zone.external": {
                    "type": "aws_route53_zone",
                    "depends_on": [],
                    "primary": {
                        "id": "Z3UQ1VWES9ZN56",
                        "attributes": {
                            "comment": "External Domain",
                            "force_destroy": "false",
                            "id": "Z3UQ1VWES9ZN56",
                            "name": "terraform.lark-it.com",
                            "name_servers.#": "4",
                            "name_servers.0": "ns-1529.awsdns-63.org",
                            "name_servers.1": "ns-2022.awsdns-60.co.uk",
                            "name_servers.2": "ns-343.awsdns-42.com",
                            "name_servers.3": "ns-735.awsdns-27.net",
                            "tags.%": "0",
                            "zone_id": "Z3UQ1VWES9ZN56"
                        },
                        "meta": {},
                        "tainted": false
                    },
                    "deposed": [],
                    "provider": ""
                },
                "aws_route53_zone.internal": {
                    "type": "aws_route53_zone",
                    "depends_on": [],
                    "primary": {
                        "id": "Z3GTC2DDZGDB36",
                        "attributes": {
                            "comment": "Internal Domain",
                            "force_destroy": "false",
                            "id": "Z3GTC2DDZGDB36",
                            "name": "red.lan",
                            "name_servers.#": "4",
                            "name_servers.0": "ns-0.awsdns-00.com.",
                            "name_servers.1": "ns-1024.awsdns-00.org.",
                            "name_servers.2": "ns-1536.awsdns-00.co.uk.",
                            "name_servers.3": "ns-512.awsdns-00.net.",
                            "tags.%": "0",
                            "vpc_id": "vpc-21c2ba47",
                            "vpc_region": "us-west-2",
                            "zone_id": "Z3GTC2DDZGDB36"
                        },
                        "meta": {},
                        "tainted": false
                    },
                    "deposed": [],
                    "provider": ""
                },
                "aws_vpc_dhcp_options.internal": {
                    "type": "aws_vpc_dhcp_options",
                    "depends_on": [],
                    "primary": {
                        "id": "dopt-35b53353",
                        "attributes": {
                            "domain_name": "red.lan",
                            "domain_name_servers.#": "1",
                            "domain_name_servers.0": "172.20.0.2",
                            "id": "dopt-35b53353",
                            "tags.%": "1",
                            "tags.Name": "internal"
                        },
                        "meta": {},
                        "tainted": false
                    },
                    "deposed": [],
                    "provider": ""
                },
                "aws_vpc_dhcp_options_association.internal": {
                    "type": "aws_vpc_dhcp_options_association",
                    "depends_on": [
                        "aws_vpc_dhcp_options.internal"
                    ],
                    "primary": {
                        "id": "dopt-35b53353-vpc-21c2ba47",
                        "attributes": {
                            "dhcp_options_id": "dopt-35b53353",
                            "id": "dopt-35b53353-vpc-21c2ba47",
                            "vpc_id": "vpc-21c2ba47"
                        },
                        "meta": {},
                        "tainted": false
                    },
                    "deposed": [],
                    "provider": ""
                }
            },
            "depends_on": []
        },
        {
            "path": [
                "root",
                "foreman"
            ],
            "outputs": {
                "hostname": {
                    "sensitive": false,
                    "type": "string",
                    "value": "red-foreman-01 (172.20.40.217)\t[54.71.141.80]"
                },
                "hostname_id": {
                    "sensitive": false,
                    "type": "string",
                    "value": "i-09c1c991d7e76b2fb"
                }
            },
            "resources": {
                "aws_eip.hostname": {
                    "type": "aws_eip",
                    "depends_on": [
                        "aws_instance.hostname"
                    ],
                    "primary": {
                        "id": "eipalloc-df8932e2",
                        "attributes": {
                            "association_id": "eipassoc-0ddf3132",
                            "domain": "vpc",
                            "id": "eipalloc-df8932e2",
                            "instance": "i-09c1c991d7e76b2fb",
                            "network_interface": "eni-652e8855",
                            "private_ip": "172.20.40.217",
                            "public_ip": "54.71.141.80",
                            "vpc": "true"
                        },
                        "meta": {},
                        "tainted": false
                    },
                    "deposed": [],
                    "provider": ""
                },
                "aws_instance.hostname": {
                    "type": "aws_instance",
                    "depends_on": [],
                    "primary": {
                        "id": "i-09c1c991d7e76b2fb",
                        "attributes": {
                            "ami": "ami-f4533694",
                            "associate_public_ip_address": "true",
                            "availability_zone": "us-west-2a",
                            "disable_api_termination": "false",
                            "ebs_block_device.#": "0",
                            "ebs_optimized": "false",
                            "ephemeral_block_device.#": "0",
                            "iam_instance_profile": "basicServer",
                            "id": "i-09c1c991d7e76b2fb",
                            "instance_state": "running",
                            "instance_type": "t2.medium",
                            "ipv6_addresses.#": "0",
                            "key_name": "lark-provisioning",
                            "monitoring": "false",
                            "network_interface.#": "0",
                            "network_interface_id": "eni-652e8855",
                            "primary_network_interface_id": "eni-652e8855",
                            "private_dns": "ip-172-20-40-217.us-west-2.compute.internal",
                            "private_ip": "172.20.40.217",
                            "public_dns": "ec2-54-71-141-80.us-west-2.compute.amazonaws.com",
                            "public_ip": "54.71.141.80",
                            "root_block_device.#": "1",
                            "root_block_device.0.delete_on_termination": "false",
                            "root_block_device.0.iops": "0",
                            "root_block_device.0.volume_size": "8",
                            "root_block_device.0.volume_type": "standard",
                            "security_groups.#": "0",
                            "source_dest_check": "true",
                            "subnet_id": "subnet-4ed67806",
                            "tags.%": "1",
                            "tags.Name": "red-foreman-01",
                            "tenancy": "default",
                            "user_data": "6d8ed9d5cd876407ccd17fc628c87bfd82cc1577",
                            "volume_tags.%": "0",
                            "vpc_security_group_ids.#": "3",
                            "vpc_security_group_ids.2647677636": "sg-182e9a65",
                            "vpc_security_group_ids.2973286420": "sg-632e9a1e",
                            "vpc_security_group_ids.3413107033": "sg-852c98f8"
                        },
                        "meta": {
                            "e2bfb730-ecaa-11e6-8f88-34363bc7c4c0": {
                                "create": 600000000000,
                                "delete": 600000000000,
                                "update": 600000000000
                            },
                            "schema_version": "1"
                        },
                        "tainted": false
                    },
                    "deposed": [],
                    "provider": ""
                },
                "aws_route53_record.hostname": {
                    "type": "aws_route53_record",
                    "depends_on": [
                        "aws_instance.hostname"
                    ],
                    "primary": {
                        "id": "Z3GTC2DDZGDB36_red-foreman-01_A",
                        "attributes": {
                            "fqdn": "red-foreman-01.red.lan",
                            "health_check_id": "",
                            "id": "Z3GTC2DDZGDB36_red-foreman-01_A",
                            "name": "red-foreman-01",
                            "records.#": "1",
                            "records.2836931462": "172.20.40.217",
                            "set_identifier": "",
                            "ttl": "300",
                            "type": "A",
                            "zone_id": "Z3GTC2DDZGDB36"
                        },
                        "meta": {
                            "schema_version": "2"
                        },
                        "tainted": false
                    },
                    "deposed": [],
                    "provider": ""
                }
            },
            "depends_on": []
        },
        {
            "path": [
                "root",
                "gitlab"
            ],
            "outputs": {
                "hostname": {
                    "sensitive": false,
                    "type": "string",
                    "value": "red-gitlab-01 (172.20.40.170)\t[54.68.112.237]"
                },
                "hostname_id": {
                    "sensitive": false,
                    "type": "string",
                    "value": "i-062d6fd4ed96bff11"
                }
            },
            "resources": {
                "aws_eip.hostname": {
                    "type": "aws_eip",
                    "depends_on": [
                        "aws_instance.hostname"
                    ],
                    "primary": {
                        "id": "eipalloc-c2bf04ff",
                        "attributes": {
                            "association_id": "eipassoc-6d49a652",
                            "domain": "vpc",
                            "id": "eipalloc-c2bf04ff",
                            "instance": "i-062d6fd4ed96bff11",
                            "network_interface": "eni-0656f136",
                            "private_ip": "172.20.40.170",
                            "public_ip": "54.68.112.237",
                            "vpc": "true"
                        },
                        "meta": {},
                        "tainted": false
                    },
                    "deposed": [],
                    "provider": ""
                },
                "aws_instance.hostname": {
                    "type": "aws_instance",
                    "depends_on": [],
                    "primary": {
                        "id": "i-062d6fd4ed96bff11",
                        "attributes": {
                            "ami": "ami-f4533694",
                            "associate_public_ip_address": "true",
                            "availability_zone": "us-west-2a",
                            "disable_api_termination": "false",
                            "ebs_block_device.#": "0",
                            "ebs_optimized": "false",
                            "ephemeral_block_device.#": "0",
                            "iam_instance_profile": "basicServer",
                            "id": "i-062d6fd4ed96bff11",
                            "instance_state": "running",
                            "instance_type": "t2.medium",
                            "ipv6_addresses.#": "0",
                            "key_name": "lark-provisioning",
                            "monitoring": "false",
                            "network_interface.#": "0",
                            "network_interface_id": "eni-0656f136",
                            "primary_network_interface_id": "eni-0656f136",
                            "private_dns": "ip-172-20-40-170.us-west-2.compute.internal",
                            "private_ip": "172.20.40.170",
                            "public_dns": "ec2-54-68-112-237.us-west-2.compute.amazonaws.com",
                            "public_ip": "54.68.112.237",
                            "root_block_device.#": "1",
                            "root_block_device.0.delete_on_termination": "false",
                            "root_block_device.0.iops": "0",
                            "root_block_device.0.volume_size": "8",
                            "root_block_device.0.volume_type": "standard",
                            "security_groups.#": "0",
                            "source_dest_check": "true",
                            "subnet_id": "subnet-4ed67806",
                            "tags.%": "1",
                            "tags.Name": "red-gitlab-01",
                            "tenancy": "default",
                            "user_data": "a5090b91d8931a93963a7d0a98a1734911724141",
                            "volume_tags.%": "0",
                            "vpc_security_group_ids.#": "2",
                            "vpc_security_group_ids.2973286420": "sg-632e9a1e",
                            "vpc_security_group_ids.3413107033": "sg-852c98f8"
                        },
                        "meta": {
                            "e2bfb730-ecaa-11e6-8f88-34363bc7c4c0": {
                                "create": 600000000000,
                                "delete": 600000000000,
                                "update": 600000000000
                            },
                            "schema_version": "1"
                        },
                        "tainted": false
                    },
                    "deposed": [],
                    "provider": ""
                },
                "aws_route53_record.hostname": {
                    "type": "aws_route53_record",
                    "depends_on": [
                        "aws_instance.hostname"
                    ],
                    "primary": {
                        "id": "Z3GTC2DDZGDB36_red-gitlab-01_A",
                        "attributes": {
                            "fqdn": "red-gitlab-01.red.lan",
                            "health_check_id": "",
                            "id": "Z3GTC2DDZGDB36_red-gitlab-01_A",
                            "name": "red-gitlab-01",
                            "records.#": "1",
                            "records.1667280890": "172.20.40.170",
                            "set_identifier": "",
                            "ttl": "300",
                            "type": "A",
                            "zone_id": "Z3GTC2DDZGDB36"
                        },
                        "meta": {
                            "schema_version": "2"
                        },
                        "tainted": false
                    },
                    "deposed": [],
                    "provider": ""
                }
            },
            "depends_on": []
        },
        {
            "path": [
                "root",
                "gitlab_s3_backups"
            ],
            "outputs": {
                "bucket_arn": {
                    "sensitive": false,
                    "type": "string",
                    "value": "arn:aws:s3:::red-gitlab-s3-backups"
                }
            },
            "resources": {
                "aws_s3_bucket.bucket": {
                    "type": "aws_s3_bucket",
                    "depends_on": [],
                    "primary": {
                        "id": "red-gitlab-s3-backups",
                        "attributes": {
                            "acceleration_status": "",
                            "acl": "private",
                            "arn": "arn:aws:s3:::red-gitlab-s3-backups",
                            "bucket": "red-gitlab-s3-backups",
                            "bucket_domain_name": "red-gitlab-s3-backups.s3.amazonaws.com",
                            "force_destroy": "false",
                            "hosted_zone_id": "Z3BJ6K6RIION7M",
                            "id": "red-gitlab-s3-backups",
                            "logging.#": "0",
                            "region": "us-west-2",
                            "request_payer": "BucketOwner",
                            "tags.%": "0",
                            "versioning.#": "1",
                            "versioning.0.enabled": "true",
                            "versioning.0.mfa_delete": "false",
                            "website.#": "0"
                        },
                        "meta": {},
                        "tainted": false
                    },
                    "deposed": [],
                    "provider": ""
                }
            },
            "depends_on": []
        },
        {
            "path": [
                "root",
                "iam_role"
            ],
            "outputs": {},
            "resources": {
                "aws_iam_instance_profile.basicServer": {
                    "type": "aws_iam_instance_profile",
                    "depends_on": [
                        "aws_iam_role.basicServer"
                    ],
                    "primary": {
                        "id": "basicServer",
                        "attributes": {
                            "arn": "arn:aws:iam::251764077246:instance-profile/basicServer",
                            "id": "basicServer",
                            "name": "basicServer",
                            "path": "/",
                            "role": "basicServer",
                            "roles.#": "1",
                            "roles.231576256": "basicServer",
                            "unique_id": "AIPAJRRKLFL7D34PZOMZQ"
                        },
                        "meta": {},
                        "tainted": false
                    },
                    "deposed": [],
                    "provider": ""
                },
                "aws_iam_instance_profile.foreman": {
                    "type": "aws_iam_instance_profile",
                    "depends_on": [
                        "aws_iam_role.foreman"
                    ],
                    "primary": {
                        "id": "foreman",
                        "attributes": {
                            "arn": "arn:aws:iam::251764077246:instance-profile/foreman",
                            "id": "foreman",
                            "name": "foreman",
                            "path": "/",
                            "role": "foreman",
                            "roles.#": "1",
                            "roles.2510414202": "foreman",
                            "unique_id": "AIPAJSQG4DREA6DF3ELMG"
                        },
                        "meta": {},
                        "tainted": false
                    },
                    "deposed": [],
                    "provider": ""
                },
                "aws_iam_instance_profile.gitlab": {
                    "type": "aws_iam_instance_profile",
                    "depends_on": [
                        "aws_iam_role.gitlab"
                    ],
                    "primary": {
                        "id": "gitlab",
                        "attributes": {
                            "arn": "arn:aws:iam::251764077246:instance-profile/gitlab",
                            "id": "gitlab",
                            "name": "gitlab",
                            "path": "/",
                            "role": "gitlab",
                            "roles.#": "1",
                            "roles.1255920736": "gitlab",
                            "unique_id": "AIPAIFA2SXRCXUVV2KDNI"
                        },
                        "meta": {},
                        "tainted": false
                    },
                    "deposed": [],
                    "provider": ""
                },
                "aws_iam_role.basicServer": {
                    "type": "aws_iam_role",
                    "depends_on": [],
                    "primary": {
                        "id": "basicServer",
                        "attributes": {
                            "arn": "arn:aws:iam::251764077246:role/basicServer",
                            "assume_role_policy": "{\"Version\":\"2012-10-17\",\"Statement\":[{\"Effect\":\"Allow\",\"Principal\":{\"Service\":\"ec2.amazonaws.com\"},\"Action\":\"sts:AssumeRole\"}]}",
                            "create_date": "2017-10-05T15:12:00Z",
                            "force_detach_policies": "false",
                            "id": "basicServer",
                            "name": "basicServer",
                            "path": "/",
                            "unique_id": "AROAJIMGYR57EH2PDSNOC"
                        },
                        "meta": {},
                        "tainted": false
                    },
                    "deposed": [],
                    "provider": ""
                },
                "aws_iam_role.foreman": {
                    "type": "aws_iam_role",
                    "depends_on": [],
                    "primary": {
                        "id": "foreman",
                        "attributes": {
                            "arn": "arn:aws:iam::251764077246:role/foreman",
                            "assume_role_policy": "{\"Version\":\"2012-10-17\",\"Statement\":[{\"Sid\":\"\",\"Effect\":\"Allow\",\"Principal\":{\"Service\":\"ec2.amazonaws.com\"},\"Action\":\"sts:AssumeRole\"}]}",
                            "create_date": "2017-10-05T15:12:00Z",
                            "force_detach_policies": "false",
                            "id": "foreman",
                            "name": "foreman",
                            "path": "/",
                            "unique_id": "AROAJBVEILOIZU4LL2BHO"
                        },
                        "meta": {},
                        "tainted": false
                    },
                    "deposed": [],
                    "provider": ""
                },
                "aws_iam_role.gitlab": {
                    "type": "aws_iam_role",
                    "depends_on": [],
                    "primary": {
                        "id": "gitlab",
                        "attributes": {
                            "arn": "arn:aws:iam::251764077246:role/gitlab",
                            "assume_role_policy": "{\"Version\":\"2012-10-17\",\"Statement\":[{\"Effect\":\"Allow\",\"Principal\":{\"Service\":\"ec2.amazonaws.com\"},\"Action\":\"sts:AssumeRole\"}]}",
                            "create_date": "2017-10-24T16:04:52Z",
                            "force_detach_policies": "false",
                            "id": "gitlab",
                            "name": "gitlab",
                            "path": "/",
                            "unique_id": "AROAJXXAFBMNJVLN4N4RK"
                        },
                        "meta": {},
                        "tainted": false
                    },
                    "deposed": [],
                    "provider": ""
                },
                "aws_iam_role_policy_attachment.cloudwatch": {
                    "type": "aws_iam_role_policy_attachment",
                    "depends_on": [
                        "aws_iam_role.basicServer"
                    ],
                    "primary": {
                        "id": "basicServer-20171005151201506100000002",
                        "attributes": {
                            "id": "basicServer-20171005151201506100000002",
                            "policy_arn": "arn:aws:iam::251764077246:policy/cloudwatch_policy",
                            "role": "basicServer"
                        },
                        "meta": {},
                        "tainted": false
                    },
                    "deposed": [],
                    "provider": ""
                },
                "aws_iam_role_policy_attachment.ec2_admin": {
                    "type": "aws_iam_role_policy_attachment",
                    "depends_on": [
                        "aws_iam_role.foreman"
                    ],
                    "primary": {
                        "id": "foreman-20171005151201508600000003",
                        "attributes": {
                            "id": "foreman-20171005151201508600000003",
                            "policy_arn": "arn:aws:iam::251764077246:policy/ec2_admin",
                            "role": "foreman"
                        },
                        "meta": {},
                        "tainted": false
                    },
                    "deposed": [],
                    "provider": ""
                },
                "aws_iam_role_policy_attachment.foreman-cloudwatch": {
                    "type": "aws_iam_role_policy_attachment",
                    "depends_on": [
                        "aws_iam_role.foreman"
                    ],
                    "primary": {
                        "id": "foreman-20171005151201506000000001",
                        "attributes": {
                            "id": "foreman-20171005151201506000000001",
                            "policy_arn": "arn:aws:iam::251764077246:policy/cloudwatch_policy",
                            "role": "foreman"
                        },
                        "meta": {},
                        "tainted": false
                    },
                    "deposed": [],
                    "provider": ""
                },
                "aws_iam_role_policy_attachment.gitlab": {
                    "type": "aws_iam_role_policy_attachment",
                    "depends_on": [
                        "aws_iam_role.gitlab"
                    ],
                    "primary": {
                        "id": "gitlab-20171024160453155400000001",
                        "attributes": {
                            "id": "gitlab-20171024160453155400000001",
                            "policy_arn": "arn:aws:iam::251764077246:policy/cloudwatch_policy",
                            "role": "gitlab"
                        },
                        "meta": {},
                        "tainted": false
                    },
                    "deposed": [],
                    "provider": ""
                },
                "aws_iam_role_policy_attachment.gitlab-s3": {
                    "type": "aws_iam_role_policy_attachment",
                    "depends_on": [
                        "aws_iam_role.gitlab"
                    ],
                    "primary": {
                        "id": "gitlab-20171024160457905000000002",
                        "attributes": {
                            "id": "gitlab-20171024160457905000000002",
                            "policy_arn": "arn:aws:iam::251764077246:policy/gitlab",
                            "role": "gitlab"
                        },
                        "meta": {},
                        "tainted": false
                    },
                    "deposed": [],
                    "provider": ""
                }
            },
            "depends_on": []
        },
        {
            "path": [
                "root",
                "policy"
            ],
            "outputs": {
                "cloudwatch_policy_arn": {
                    "sensitive": false,
                    "type": "string",
                    "value": "arn:aws:iam::251764077246:policy/cloudwatch_policy"
                },
                "ec2_admin_policy_arn": {
                    "sensitive": false,
                    "type": "string",
                    "value": "arn:aws:iam::251764077246:policy/ec2_admin"
                },
                "gitlab_policy_arn": {
                    "sensitive": false,
                    "type": "string",
                    "value": "arn:aws:iam::251764077246:policy/gitlab"
                }
            },
            "resources": {
                "aws_iam_policy.cloudwatch_policy": {
                    "type": "aws_iam_policy",
                    "depends_on": [],
                    "primary": {
                        "id": "arn:aws:iam::251764077246:policy/cloudwatch_policy",
                        "attributes": {
                            "arn": "arn:aws:iam::251764077246:policy/cloudwatch_policy",
                            "id": "arn:aws:iam::251764077246:policy/cloudwatch_policy",
                            "name": "cloudwatch_policy",
                            "path": "/",
                            "policy": "{\n  \"Version\": \"2012-10-17\",\n  \"Statement\": [\n    {\n      \"Effect\": \"Allow\",\n      \"Action\": [\n        \"logs:CreateLogGroup\",\n        \"logs:CreateLogStream\",\n        \"logs:PutLogEvents\",\n        \"logs:DescribeLogStreams\"\n    ],\n      \"Resource\": [\n        \"arn:aws:logs:*:*:*\"\n    ]\n  }\n ]\n}\n"
                        },
                        "meta": {},
                        "tainted": false
                    },
                    "deposed": [],
                    "provider": ""
                },
                "aws_iam_policy.ec2_admin_policy": {
                    "type": "aws_iam_policy",
                    "depends_on": [],
                    "primary": {
                        "id": "arn:aws:iam::251764077246:policy/ec2_admin",
                        "attributes": {
                            "arn": "arn:aws:iam::251764077246:policy/ec2_admin",
                            "id": "arn:aws:iam::251764077246:policy/ec2_admin",
                            "name": "ec2_admin",
                            "path": "/",
                            "policy": "{\n  \"Version\": \"2012-10-17\",\n  \"Statement\": [\n    {\n      \"Action\": [\n        \"ec2:*\"\n      ],\n      \"Effect\": \"Allow\",\n      \"Resource\": \"*\"\n    }\n  ]\n}\n"
                        },
                        "meta": {},
                        "tainted": false
                    },
                    "deposed": [],
                    "provider": ""
                },
                "aws_iam_policy.gitlab_policy": {
                    "type": "aws_iam_policy",
                    "depends_on": [],
                    "primary": {
                        "id": "arn:aws:iam::251764077246:policy/gitlab",
                        "attributes": {
                            "arn": "arn:aws:iam::251764077246:policy/gitlab",
                            "id": "arn:aws:iam::251764077246:policy/gitlab",
                            "name": "gitlab",
                            "path": "/",
                            "policy": "{\n    \"Version\": \"2012-10-17\",\n    \"Statement\": [\n        {\n            \"Effect\": \"Allow\",\n            \"Action\": \"s3:*\",\n            \"Resource\": \"arn:aws:s3:::red-gitlab-s3-backups\"\n        },\n        {\n            \"Effect\": \"Allow\",\n            \"Action\": \"s3:*\",\n            \"Resource\": \"arn:aws:s3:::red-gitlab-s3-backups/*\"\n        }\n    ]\n}\n"
                        },
                        "meta": {},
                        "tainted": false
                    },
                    "deposed": [],
                    "provider": ""
                }
            },
            "depends_on": []
        },
        {
            "path": [
                "root",
                "pulp"
            ],
            "outputs": {
                "hostname": {
                    "sensitive": false,
                    "type": "string",
                    "value": "red-pulp-01 (172.20.40.91)\t[52.41.86.231]"
                },
                "hostname_id": {
                    "sensitive": false,
                    "type": "string",
                    "value": "i-0a0b089c406c8aea7"
                }
            },
            "resources": {
                "aws_eip.hostname": {
                    "type": "aws_eip",
                    "depends_on": [
                        "aws_instance.hostname"
                    ],
                    "primary": {
                        "id": "eipalloc-7863d945",
                        "attributes": {
                            "association_id": "eipassoc-75df344a",
                            "domain": "vpc",
                            "id": "eipalloc-7863d945",
                            "instance": "i-0a0b089c406c8aea7",
                            "network_interface": "eni-b359f583",
                            "private_ip": "172.20.40.91",
                            "public_ip": "52.41.86.231",
                            "vpc": "true"
                        },
                        "meta": {},
                        "tainted": false
                    },
                    "deposed": [],
                    "provider": ""
                },
                "aws_instance.hostname": {
                    "type": "aws_instance",
                    "depends_on": [],
                    "primary": {
                        "id": "i-0a0b089c406c8aea7",
                        "attributes": {
                            "ami": "ami-f4533694",
                            "associate_public_ip_address": "true",
                            "availability_zone": "us-west-2a",
                            "disable_api_termination": "false",
                            "ebs_block_device.#": "0",
                            "ebs_optimized": "false",
                            "ephemeral_block_device.#": "0",
                            "iam_instance_profile": "basicServer",
                            "id": "i-0a0b089c406c8aea7",
                            "instance_state": "running",
                            "instance_type": "t2.medium",
                            "ipv6_addresses.#": "0",
                            "key_name": "lark-provisioning",
                            "monitoring": "false",
                            "network_interface.#": "0",
                            "network_interface_id": "eni-b359f583",
                            "primary_network_interface_id": "eni-b359f583",
                            "private_dns": "ip-172-20-40-91.us-west-2.compute.internal",
                            "private_ip": "172.20.40.91",
                            "public_dns": "ec2-52-41-86-231.us-west-2.compute.amazonaws.com",
                            "public_ip": "52.41.86.231",
                            "root_block_device.#": "1",
                            "root_block_device.0.delete_on_termination": "false",
                            "root_block_device.0.iops": "0",
                            "root_block_device.0.volume_size": "8",
                            "root_block_device.0.volume_type": "standard",
                            "security_groups.#": "0",
                            "source_dest_check": "true",
                            "subnet_id": "subnet-4ed67806",
                            "tags.%": "1",
                            "tags.Name": "red-pulp-01",
                            "tenancy": "default",
                            "user_data": "9dd31454ebb308b25be4e0210a167fef15906ab2",
                            "volume_tags.%": "0",
                            "vpc_security_group_ids.#": "2",
                            "vpc_security_group_ids.2973286420": "sg-632e9a1e",
                            "vpc_security_group_ids.3413107033": "sg-852c98f8"
                        },
                        "meta": {
                            "e2bfb730-ecaa-11e6-8f88-34363bc7c4c0": {
                                "create": 600000000000,
                                "delete": 600000000000,
                                "update": 600000000000
                            },
                            "schema_version": "1"
                        },
                        "tainted": false
                    },
                    "deposed": [],
                    "provider": ""
                },
                "aws_route53_record.hostname": {
                    "type": "aws_route53_record",
                    "depends_on": [
                        "aws_instance.hostname"
                    ],
                    "primary": {
                        "id": "Z3GTC2DDZGDB36_red-pulp-01_A",
                        "attributes": {
                            "fqdn": "red-pulp-01.red.lan",
                            "health_check_id": "",
                            "id": "Z3GTC2DDZGDB36_red-pulp-01_A",
                            "name": "red-pulp-01",
                            "records.#": "1",
                            "records.1209236534": "172.20.40.91",
                            "set_identifier": "",
                            "ttl": "300",
                            "type": "A",
                            "zone_id": "Z3GTC2DDZGDB36"
                        },
                        "meta": {
                            "schema_version": "2"
                        },
                        "tainted": false
                    },
                    "deposed": [],
                    "provider": ""
                }
            },
            "depends_on": []
        },
        {
            "path": [
                "root",
                "security_groups"
            ],
            "outputs": {
                "app-lb_id": {
                    "sensitive": false,
                    "type": "string",
                    "value": "sg-30f1b54d"
                },
                "foreman_id": {
                    "sensitive": false,
                    "type": "string",
                    "value": "sg-182e9a65"
                },
                "general_id": {
                    "sensitive": false,
                    "type": "string",
                    "value": "sg-632e9a1e"
                },
                "gitlab_id": {
                    "sensitive": false,
                    "type": "string",
                    "value": "sg-f2e0568f"
                },
                "group_id": {
                    "sensitive": false,
                    "type": "string",
                    "value": "sg-632e9a1e"
                },
                "prodapp_id": {
                    "sensitive": false,
                    "type": "string",
                    "value": "sg-047ff379"
                },
                "proddb_id": {
                    "sensitive": false,
                    "type": "string",
                    "value": "sg-c679f5bb"
                },
                "ssh_jump_id": {
                    "sensitive": false,
                    "type": "string",
                    "value": "sg-852c98f8"
                },
                "stageapp_id": {
                    "sensitive": false,
                    "type": "string",
                    "value": "sg-fa93d787"
                }
            },
            "resources": {
                "aws_security_group.app-lb": {
                    "type": "aws_security_group",
                    "depends_on": [],
                    "primary": {
                        "id": "sg-30f1b54d",
                        "attributes": {
                            "description": "Allow stageapp ELB connections.",
                            "egress.#": "2",
                            "egress.1916272010.cidr_blocks.#": "0",
                            "egress.1916272010.from_port": "80",
                            "egress.1916272010.ipv6_cidr_blocks.#": "0",
                            "egress.1916272010.prefix_list_ids.#": "0",
                            "egress.1916272010.protocol": "tcp",
                            "egress.1916272010.security_groups.#": "1",
                            "egress.1916272010.security_groups.2284916488": "sg-fa93d787",
                            "egress.1916272010.self": "false",
                            "egress.1916272010.to_port": "80",
                            "egress.2654391628.cidr_blocks.#": "0",
                            "egress.2654391628.from_port": "443",
                            "egress.2654391628.ipv6_cidr_blocks.#": "0",
                            "egress.2654391628.prefix_list_ids.#": "0",
                            "egress.2654391628.protocol": "tcp",
                            "egress.2654391628.security_groups.#": "1",
                            "egress.2654391628.security_groups.2284916488": "sg-fa93d787",
                            "egress.2654391628.self": "false",
                            "egress.2654391628.to_port": "443",
                            "id": "sg-30f1b54d",
                            "ingress.#": "2",
                            "ingress.3224597687.cidr_blocks.#": "1",
                            "ingress.3224597687.cidr_blocks.0": "0.0.0.0/0",
                            "ingress.3224597687.from_port": "80",
                            "ingress.3224597687.ipv6_cidr_blocks.#": "1",
                            "ingress.3224597687.ipv6_cidr_blocks.0": "::/0",
                            "ingress.3224597687.protocol": "tcp",
                            "ingress.3224597687.security_groups.#": "0",
                            "ingress.3224597687.self": "false",
                            "ingress.3224597687.to_port": "80",
                            "ingress.4249917644.cidr_blocks.#": "1",
                            "ingress.4249917644.cidr_blocks.0": "0.0.0.0/0",
                            "ingress.4249917644.from_port": "443",
                            "ingress.4249917644.ipv6_cidr_blocks.#": "1",
                            "ingress.4249917644.ipv6_cidr_blocks.0": "::/0",
                            "ingress.4249917644.protocol": "tcp",
                            "ingress.4249917644.security_groups.#": "0",
                            "ingress.4249917644.self": "false",
                            "ingress.4249917644.to_port": "443",
                            "name": "app-lb",
                            "owner_id": "251764077246",
                            "tags.%": "1",
                            "tags.Name": "app-lb",
                            "vpc_id": "vpc-21c2ba47"
                        },
                        "meta": {},
                        "tainted": false
                    },
                    "deposed": [],
                    "provider": ""
                },
                "aws_security_group.foreman": {
                    "type": "aws_security_group",
                    "depends_on": [],
                    "primary": {
                        "id": "sg-182e9a65",
                        "attributes": {
                            "description": "Allow puppet and foreman connections.",
                            "egress.#": "3",
                            "egress.2214680975.cidr_blocks.#": "1",
                            "egress.2214680975.cidr_blocks.0": "0.0.0.0/0",
                            "egress.2214680975.from_port": "80",
                            "egress.2214680975.ipv6_cidr_blocks.#": "0",
                            "egress.2214680975.prefix_list_ids.#": "0",
                            "egress.2214680975.protocol": "tcp",
                            "egress.2214680975.security_groups.#": "0",
                            "egress.2214680975.self": "false",
                            "egress.2214680975.to_port": "80",
                            "egress.2617001939.cidr_blocks.#": "1",
                            "egress.2617001939.cidr_blocks.0": "0.0.0.0/0",
                            "egress.2617001939.from_port": "443",
                            "egress.2617001939.ipv6_cidr_blocks.#": "0",
                            "egress.2617001939.prefix_list_ids.#": "0",
                            "egress.2617001939.protocol": "tcp",
                            "egress.2617001939.security_groups.#": "0",
                            "egress.2617001939.self": "false",
                            "egress.2617001939.to_port": "443",
                            "egress.4004907278.cidr_blocks.#": "2",
                            "egress.4004907278.cidr_blocks.0": "192.30.252.0/22",
                            "egress.4004907278.cidr_blocks.1": "185.199.108.0/22",
                            "egress.4004907278.from_port": "22",
                            "egress.4004907278.ipv6_cidr_blocks.#": "0",
                            "egress.4004907278.prefix_list_ids.#": "0",
                            "egress.4004907278.protocol": "tcp",
                            "egress.4004907278.security_groups.#": "1",
                            "egress.4004907278.security_groups.3372166636": "sg-f2e0568f",
                            "egress.4004907278.self": "false",
                            "egress.4004907278.to_port": "22",
                            "id": "sg-182e9a65",
                            "ingress.#": "3",
                            "ingress.143743864.cidr_blocks.#": "0",
                            "ingress.143743864.from_port": "8088",
                            "ingress.143743864.ipv6_cidr_blocks.#": "0",
                            "ingress.143743864.protocol": "tcp",
                            "ingress.143743864.security_groups.#": "1",
                            "ingress.143743864.security_groups.3372166636": "sg-f2e0568f",
                            "ingress.143743864.self": "false",
                            "ingress.143743864.to_port": "8088",
                            "ingress.2182738624.cidr_blocks.#": "0",
                            "ingress.2182738624.from_port": "443",
                            "ingress.2182738624.ipv6_cidr_blocks.#": "0",
                            "ingress.2182738624.protocol": "tcp",
                            "ingress.2182738624.security_groups.#": "1",
                            "ingress.2182738624.security_groups.3413107033": "sg-852c98f8",
                            "ingress.2182738624.self": "false",
                            "ingress.2182738624.to_port": "443",
                            "ingress.638204318.cidr_blocks.#": "1",
                            "ingress.638204318.cidr_blocks.0": "172.20.0.0/16",
                            "ingress.638204318.from_port": "8140",
                            "ingress.638204318.ipv6_cidr_blocks.#": "0",
                            "ingress.638204318.protocol": "tcp",
                            "ingress.638204318.security_groups.#": "0",
                            "ingress.638204318.self": "false",
                            "ingress.638204318.to_port": "8140",
                            "name": "foreman",
                            "owner_id": "251764077246",
                            "tags.%": "1",
                            "tags.Name": "foreman",
                            "vpc_id": "vpc-21c2ba47"
                        },
                        "meta": {},
                        "tainted": false
                    },
                    "deposed": [],
                    "provider": ""
                },
                "aws_security_group.general": {
                    "type": "aws_security_group",
                    "depends_on": [],
                    "primary": {
                        "id": "sg-632e9a1e",
                        "attributes": {
                            "description": "Generic allows for ALL systems",
                            "egress.#": "5",
                            "egress.1893906438.cidr_blocks.#": "0",
                            "egress.1893906438.from_port": "443",
                            "egress.1893906438.ipv6_cidr_blocks.#": "0",
                            "egress.1893906438.prefix_list_ids.#": "0",
                            "egress.1893906438.protocol": "tcp",
                            "egress.1893906438.security_groups.#": "1",
                            "egress.1893906438.security_groups.1378183434": "sg-5fe05622",
                            "egress.1893906438.self": "false",
                            "egress.1893906438.to_port": "443",
                            "egress.2632157376.cidr_blocks.#": "0",
                            "egress.2632157376.from_port": "80",
                            "egress.2632157376.ipv6_cidr_blocks.#": "0",
                            "egress.2632157376.prefix_list_ids.#": "0",
                            "egress.2632157376.protocol": "tcp",
                            "egress.2632157376.security_groups.#": "1",
                            "egress.2632157376.security_groups.1378183434": "sg-5fe05622",
                            "egress.2632157376.self": "false",
                            "egress.2632157376.to_port": "80",
                            "egress.2912905928.cidr_blocks.#": "4",
                            "egress.2912905928.cidr_blocks.0": "162.213.2.253/32",
                            "egress.2912905928.cidr_blocks.1": "184.105.182.7/32",
                            "egress.2912905928.cidr_blocks.2": "23.239.24.67/32",
                            "egress.2912905928.cidr_blocks.3": "129.6.15.28/32",
                            "egress.2912905928.from_port": "123",
                            "egress.2912905928.ipv6_cidr_blocks.#": "0",
                            "egress.2912905928.prefix_list_ids.#": "0",
                            "egress.2912905928.protocol": "udp",
                            "egress.2912905928.security_groups.#": "0",
                            "egress.2912905928.self": "false",
                            "egress.2912905928.to_port": "123",
                            "egress.3055100098.cidr_blocks.#": "0",
                            "egress.3055100098.from_port": "8140",
                            "egress.3055100098.ipv6_cidr_blocks.#": "0",
                            "egress.3055100098.prefix_list_ids.#": "0",
                            "egress.3055100098.protocol": "tcp",
                            "egress.3055100098.security_groups.#": "1",
                            "egress.3055100098.security_groups.2647677636": "sg-182e9a65",
                            "egress.3055100098.self": "false",
                            "egress.3055100098.to_port": "8140",
                            "egress.530348071.cidr_blocks.#": "0",
                            "egress.530348071.from_port": "3128",
                            "egress.530348071.ipv6_cidr_blocks.#": "0",
                            "egress.530348071.prefix_list_ids.#": "0",
                            "egress.530348071.protocol": "tcp",
                            "egress.530348071.security_groups.#": "1",
                            "egress.530348071.security_groups.1258650256": "sg-6eee5813",
                            "egress.530348071.self": "false",
                            "egress.530348071.to_port": "3128",
                            "id": "sg-632e9a1e",
                            "ingress.#": "6",
                            "ingress.2239990441.cidr_blocks.#": "0",
                            "ingress.2239990441.from_port": "22",
                            "ingress.2239990441.ipv6_cidr_blocks.#": "0",
                            "ingress.2239990441.protocol": "tcp",
                            "ingress.2239990441.security_groups.#": "1",
                            "ingress.2239990441.security_groups.2992765347": "sg-6fe35512",
                            "ingress.2239990441.self": "false",
                            "ingress.2239990441.to_port": "22",
                            "ingress.2912905928.cidr_blocks.#": "4",
                            "ingress.2912905928.cidr_blocks.0": "162.213.2.253/32",
                            "ingress.2912905928.cidr_blocks.1": "184.105.182.7/32",
                            "ingress.2912905928.cidr_blocks.2": "23.239.24.67/32",
                            "ingress.2912905928.cidr_blocks.3": "129.6.15.28/32",
                            "ingress.2912905928.from_port": "123",
                            "ingress.2912905928.ipv6_cidr_blocks.#": "0",
                            "ingress.2912905928.protocol": "udp",
                            "ingress.2912905928.security_groups.#": "0",
                            "ingress.2912905928.self": "false",
                            "ingress.2912905928.to_port": "123",
                            "ingress.3224597687.cidr_blocks.#": "1",
                            "ingress.3224597687.cidr_blocks.0": "0.0.0.0/0",
                            "ingress.3224597687.from_port": "80",
                            "ingress.3224597687.ipv6_cidr_blocks.#": "1",
                            "ingress.3224597687.ipv6_cidr_blocks.0": "::/0",
                            "ingress.3224597687.protocol": "tcp",
                            "ingress.3224597687.security_groups.#": "0",
                            "ingress.3224597687.self": "false",
                            "ingress.3224597687.to_port": "80",
                            "ingress.3633487795.cidr_blocks.#": "0",
                            "ingress.3633487795.from_port": "22",
                            "ingress.3633487795.ipv6_cidr_blocks.#": "0",
                            "ingress.3633487795.protocol": "tcp",
                            "ingress.3633487795.security_groups.#": "1",
                            "ingress.3633487795.security_groups.3413107033": "sg-852c98f8",
                            "ingress.3633487795.self": "false",
                            "ingress.3633487795.to_port": "22",
                            "ingress.4249917644.cidr_blocks.#": "1",
                            "ingress.4249917644.cidr_blocks.0": "0.0.0.0/0",
                            "ingress.4249917644.from_port": "443",
                            "ingress.4249917644.ipv6_cidr_blocks.#": "1",
                            "ingress.4249917644.ipv6_cidr_blocks.0": "::/0",
                            "ingress.4249917644.protocol": "tcp",
                            "ingress.4249917644.security_groups.#": "0",
                            "ingress.4249917644.self": "false",
                            "ingress.4249917644.to_port": "443",
                            "ingress.662514794.cidr_blocks.#": "1",
                            "ingress.662514794.cidr_blocks.0": "172.20.0.0/16",
                            "ingress.662514794.from_port": "-1",
                            "ingress.662514794.ipv6_cidr_blocks.#": "0",
                            "ingress.662514794.protocol": "icmp",
                            "ingress.662514794.security_groups.#": "0",
                            "ingress.662514794.self": "false",
                            "ingress.662514794.to_port": "-1",
                            "name": "GENERAL",
                            "owner_id": "251764077246",
                            "tags.%": "1",
                            "tags.Name": "GENERAL",
                            "vpc_id": "vpc-21c2ba47"
                        },
                        "meta": {},
                        "tainted": false
                    },
                    "deposed": [],
                    "provider": ""
                },
                "aws_security_group.gitlab": {
                    "type": "aws_security_group",
                    "depends_on": [],
                    "primary": {
                        "id": "sg-f2e0568f",
                        "attributes": {
                            "description": "Allow  GitLab connections.",
                            "egress.#": "4",
                            "egress.1030872309.cidr_blocks.#": "0",
                            "egress.1030872309.from_port": "8088",
                            "egress.1030872309.ipv6_cidr_blocks.#": "0",
                            "egress.1030872309.prefix_list_ids.#": "0",
                            "egress.1030872309.protocol": "tcp",
                            "egress.1030872309.security_groups.#": "1",
                            "egress.1030872309.security_groups.2647677636": "sg-182e9a65",
                            "egress.1030872309.self": "false",
                            "egress.1030872309.to_port": "8088",
                            "egress.1421879845.cidr_blocks.#": "1",
                            "egress.1421879845.cidr_blocks.0": "172.20.0.0/16",
                            "egress.1421879845.from_port": "0",
                            "egress.1421879845.ipv6_cidr_blocks.#": "0",
                            "egress.1421879845.prefix_list_ids.#": "0",
                            "egress.1421879845.protocol": "-1",
                            "egress.1421879845.security_groups.#": "0",
                            "egress.1421879845.self": "false",
                            "egress.1421879845.to_port": "0",
                            "egress.2214680975.cidr_blocks.#": "1",
                            "egress.2214680975.cidr_blocks.0": "0.0.0.0/0",
                            "egress.2214680975.from_port": "80",
                            "egress.2214680975.ipv6_cidr_blocks.#": "0",
                            "egress.2214680975.prefix_list_ids.#": "0",
                            "egress.2214680975.protocol": "tcp",
                            "egress.2214680975.security_groups.#": "0",
                            "egress.2214680975.self": "false",
                            "egress.2214680975.to_port": "80",
                            "egress.2617001939.cidr_blocks.#": "1",
                            "egress.2617001939.cidr_blocks.0": "0.0.0.0/0",
                            "egress.2617001939.from_port": "443",
                            "egress.2617001939.ipv6_cidr_blocks.#": "0",
                            "egress.2617001939.prefix_list_ids.#": "0",
                            "egress.2617001939.protocol": "tcp",
                            "egress.2617001939.security_groups.#": "0",
                            "egress.2617001939.self": "false",
                            "egress.2617001939.to_port": "443",
                            "id": "sg-f2e0568f",
                            "ingress.#": "3",
                            "ingress.1450889201.cidr_blocks.#": "0",
                            "ingress.1450889201.from_port": "22",
                            "ingress.1450889201.ipv6_cidr_blocks.#": "0",
                            "ingress.1450889201.protocol": "tcp",
                            "ingress.1450889201.security_groups.#": "1",
                            "ingress.1450889201.security_groups.2647677636": "sg-182e9a65",
                            "ingress.1450889201.self": "false",
                            "ingress.1450889201.to_port": "22",
                            "ingress.331002306.cidr_blocks.#": "1",
                            "ingress.331002306.cidr_blocks.0": "172.20.40.0/24",
                            "ingress.331002306.from_port": "443",
                            "ingress.331002306.ipv6_cidr_blocks.#": "0",
                            "ingress.331002306.protocol": "tcp",
                            "ingress.331002306.security_groups.#": "0",
                            "ingress.331002306.self": "false",
                            "ingress.331002306.to_port": "443",
                            "ingress.785997241.cidr_blocks.#": "1",
                            "ingress.785997241.cidr_blocks.0": "172.20.40.0/24",
                            "ingress.785997241.from_port": "80",
                            "ingress.785997241.ipv6_cidr_blocks.#": "0",
                            "ingress.785997241.protocol": "tcp",
                            "ingress.785997241.security_groups.#": "0",
                            "ingress.785997241.self": "false",
                            "ingress.785997241.to_port": "80",
                            "name": "gitlab",
                            "owner_id": "251764077246",
                            "tags.%": "1",
                            "tags.Name": "gitlab",
                            "vpc_id": "vpc-21c2ba47"
                        },
                        "meta": {},
                        "tainted": false
                    },
                    "deposed": [],
                    "provider": ""
                },
                "aws_security_group.prodapp": {
                    "type": "aws_security_group",
                    "depends_on": [],
                    "primary": {
                        "id": "sg-047ff379",
                        "attributes": {
                            "description": "Allow prodapp connections.",
                            "egress.#": "3",
                            "egress.210351787.cidr_blocks.#": "2",
                            "egress.210351787.cidr_blocks.0": "172.20.0.0/16",
                            "egress.210351787.cidr_blocks.1": "0.0.0.0/0",
                            "egress.210351787.from_port": "0",
                            "egress.210351787.ipv6_cidr_blocks.#": "0",
                            "egress.210351787.prefix_list_ids.#": "0",
                            "egress.210351787.protocol": "-1",
                            "egress.210351787.security_groups.#": "0",
                            "egress.210351787.self": "false",
                            "egress.210351787.to_port": "0",
                            "egress.2224876650.cidr_blocks.#": "0",
                            "egress.2224876650.from_port": "5432",
                            "egress.2224876650.ipv6_cidr_blocks.#": "0",
                            "egress.2224876650.prefix_list_ids.#": "0",
                            "egress.2224876650.protocol": "tcp",
                            "egress.2224876650.security_groups.#": "1",
                            "egress.2224876650.security_groups.2764153796": "sg-c679f5bb",
                            "egress.2224876650.self": "false",
                            "egress.2224876650.to_port": "5432",
                            "egress.530348071.cidr_blocks.#": "0",
                            "egress.530348071.from_port": "3128",
                            "egress.530348071.ipv6_cidr_blocks.#": "0",
                            "egress.530348071.prefix_list_ids.#": "0",
                            "egress.530348071.protocol": "tcp",
                            "egress.530348071.security_groups.#": "1",
                            "egress.530348071.security_groups.1258650256": "sg-6eee5813",
                            "egress.530348071.self": "false",
                            "egress.530348071.to_port": "3128",
                            "id": "sg-047ff379",
                            "ingress.#": "2",
                            "ingress.1098825681.cidr_blocks.#": "0",
                            "ingress.1098825681.from_port": "80",
                            "ingress.1098825681.ipv6_cidr_blocks.#": "0",
                            "ingress.1098825681.protocol": "tcp",
                            "ingress.1098825681.security_groups.#": "2",
                            "ingress.1098825681.security_groups.2992765347": "sg-6fe35512",
                            "ingress.1098825681.security_groups.3413107033": "sg-852c98f8",
                            "ingress.1098825681.self": "false",
                            "ingress.1098825681.to_port": "80",
                            "ingress.3847065852.cidr_blocks.#": "0",
                            "ingress.3847065852.from_port": "443",
                            "ingress.3847065852.ipv6_cidr_blocks.#": "0",
                            "ingress.3847065852.protocol": "tcp",
                            "ingress.3847065852.security_groups.#": "2",
                            "ingress.3847065852.security_groups.2992765347": "sg-6fe35512",
                            "ingress.3847065852.security_groups.3413107033": "sg-852c98f8",
                            "ingress.3847065852.self": "false",
                            "ingress.3847065852.to_port": "443",
                            "name": "prodapp",
                            "owner_id": "251764077246",
                            "tags.%": "1",
                            "tags.Name": "prodapp",
                            "vpc_id": "vpc-21c2ba47"
                        },
                        "meta": {},
                        "tainted": false
                    },
                    "deposed": [],
                    "provider": ""
                },
                "aws_security_group.proddb": {
                    "type": "aws_security_group",
                    "depends_on": [],
                    "primary": {
                        "id": "sg-c679f5bb",
                        "attributes": {
                            "description": "Allow proddb connections.",
                            "egress.#": "0",
                            "id": "sg-c679f5bb",
                            "ingress.#": "1",
                            "ingress.1726815134.cidr_blocks.#": "0",
                            "ingress.1726815134.from_port": "5432",
                            "ingress.1726815134.ipv6_cidr_blocks.#": "0",
                            "ingress.1726815134.protocol": "tcp",
                            "ingress.1726815134.security_groups.#": "1",
                            "ingress.1726815134.security_groups.1833714445": "sg-047ff379",
                            "ingress.1726815134.self": "false",
                            "ingress.1726815134.to_port": "5432",
                            "name": "proddb",
                            "owner_id": "251764077246",
                            "tags.%": "1",
                            "tags.Name": "proddb",
                            "vpc_id": "vpc-21c2ba47"
                        },
                        "meta": {},
                        "tainted": false
                    },
                    "deposed": [],
                    "provider": ""
                },
                "aws_security_group.proxy": {
                    "type": "aws_security_group",
                    "depends_on": [],
                    "primary": {
                        "id": "sg-6eee5813",
                        "attributes": {
                            "description": "Allow proxy connections.",
                            "egress.#": "2",
                            "egress.2214680975.cidr_blocks.#": "1",
                            "egress.2214680975.cidr_blocks.0": "0.0.0.0/0",
                            "egress.2214680975.from_port": "80",
                            "egress.2214680975.ipv6_cidr_blocks.#": "0",
                            "egress.2214680975.prefix_list_ids.#": "0",
                            "egress.2214680975.protocol": "tcp",
                            "egress.2214680975.security_groups.#": "0",
                            "egress.2214680975.self": "false",
                            "egress.2214680975.to_port": "80",
                            "egress.2617001939.cidr_blocks.#": "1",
                            "egress.2617001939.cidr_blocks.0": "0.0.0.0/0",
                            "egress.2617001939.from_port": "443",
                            "egress.2617001939.ipv6_cidr_blocks.#": "0",
                            "egress.2617001939.prefix_list_ids.#": "0",
                            "egress.2617001939.protocol": "tcp",
                            "egress.2617001939.security_groups.#": "0",
                            "egress.2617001939.self": "false",
                            "egress.2617001939.to_port": "443",
                            "id": "sg-6eee5813",
                            "ingress.#": "1",
                            "ingress.4122149540.cidr_blocks.#": "0",
                            "ingress.4122149540.from_port": "3128",
                            "ingress.4122149540.ipv6_cidr_blocks.#": "0",
                            "ingress.4122149540.protocol": "tcp",
                            "ingress.4122149540.security_groups.#": "1",
                            "ingress.4122149540.security_groups.2973286420": "sg-632e9a1e",
                            "ingress.4122149540.self": "false",
                            "ingress.4122149540.to_port": "3128",
                            "name": "proxy",
                            "owner_id": "251764077246",
                            "tags.%": "1",
                            "tags.Name": "proxy",
                            "vpc_id": "vpc-21c2ba47"
                        },
                        "meta": {},
                        "tainted": false
                    },
                    "deposed": [],
                    "provider": ""
                },
                "aws_security_group.pulp": {
                    "type": "aws_security_group",
                    "depends_on": [],
                    "primary": {
                        "id": "sg-5fe05622",
                        "attributes": {
                            "description": "Allow pulp connections.",
                            "egress.#": "2",
                            "egress.2214680975.cidr_blocks.#": "1",
                            "egress.2214680975.cidr_blocks.0": "0.0.0.0/0",
                            "egress.2214680975.from_port": "80",
                            "egress.2214680975.ipv6_cidr_blocks.#": "0",
                            "egress.2214680975.prefix_list_ids.#": "0",
                            "egress.2214680975.protocol": "tcp",
                            "egress.2214680975.security_groups.#": "0",
                            "egress.2214680975.self": "false",
                            "egress.2214680975.to_port": "80",
                            "egress.2617001939.cidr_blocks.#": "1",
                            "egress.2617001939.cidr_blocks.0": "0.0.0.0/0",
                            "egress.2617001939.from_port": "443",
                            "egress.2617001939.ipv6_cidr_blocks.#": "0",
                            "egress.2617001939.prefix_list_ids.#": "0",
                            "egress.2617001939.protocol": "tcp",
                            "egress.2617001939.security_groups.#": "0",
                            "egress.2617001939.self": "false",
                            "egress.2617001939.to_port": "443",
                            "id": "sg-5fe05622",
                            "ingress.#": "3",
                            "ingress.1857847834.cidr_blocks.#": "1",
                            "ingress.1857847834.cidr_blocks.0": "172.20.0.0/16",
                            "ingress.1857847834.from_port": "80",
                            "ingress.1857847834.ipv6_cidr_blocks.#": "0",
                            "ingress.1857847834.protocol": "tcp",
                            "ingress.1857847834.security_groups.#": "0",
                            "ingress.1857847834.self": "false",
                            "ingress.1857847834.to_port": "80",
                            "ingress.279272094.cidr_blocks.#": "1",
                            "ingress.279272094.cidr_blocks.0": "172.20.0.0/16",
                            "ingress.279272094.from_port": "5671",
                            "ingress.279272094.ipv6_cidr_blocks.#": "0",
                            "ingress.279272094.protocol": "tcp",
                            "ingress.279272094.security_groups.#": "0",
                            "ingress.279272094.self": "false",
                            "ingress.279272094.to_port": "5672",
                            "ingress.3586469503.cidr_blocks.#": "1",
                            "ingress.3586469503.cidr_blocks.0": "172.20.0.0/16",
                            "ingress.3586469503.from_port": "443",
                            "ingress.3586469503.ipv6_cidr_blocks.#": "0",
                            "ingress.3586469503.protocol": "tcp",
                            "ingress.3586469503.security_groups.#": "0",
                            "ingress.3586469503.self": "false",
                            "ingress.3586469503.to_port": "443",
                            "name": "pulp",
                            "owner_id": "251764077246",
                            "tags.%": "1",
                            "tags.Name": "pulp",
                            "vpc_id": "vpc-21c2ba47"
                        },
                        "meta": {},
                        "tainted": false
                    },
                    "deposed": [],
                    "provider": ""
                },
                "aws_security_group.ssh_jump": {
                    "type": "aws_security_group",
                    "depends_on": [],
                    "primary": {
                        "id": "sg-852c98f8",
                        "attributes": {
                            "description": "SSH Jump Host - Temporary Access",
                            "egress.#": "2",
                            "egress.1403647648.cidr_blocks.#": "1",
                            "egress.1403647648.cidr_blocks.0": "0.0.0.0/0",
                            "egress.1403647648.from_port": "0",
                            "egress.1403647648.ipv6_cidr_blocks.#": "0",
                            "egress.1403647648.prefix_list_ids.#": "0",
                            "egress.1403647648.protocol": "tcp",
                            "egress.1403647648.security_groups.#": "0",
                            "egress.1403647648.self": "false",
                            "egress.1403647648.to_port": "65535",
                            "egress.1421879845.cidr_blocks.#": "1",
                            "egress.1421879845.cidr_blocks.0": "172.20.0.0/16",
                            "egress.1421879845.from_port": "0",
                            "egress.1421879845.ipv6_cidr_blocks.#": "0",
                            "egress.1421879845.prefix_list_ids.#": "0",
                            "egress.1421879845.protocol": "-1",
                            "egress.1421879845.security_groups.#": "0",
                            "egress.1421879845.self": "false",
                            "egress.1421879845.to_port": "0",
                            "id": "sg-852c98f8",
                            "ingress.#": "2",
                            "ingress.2213656308.cidr_blocks.#": "1",
                            "ingress.2213656308.cidr_blocks.0": "0.0.0.0/0",
                            "ingress.2213656308.from_port": "1022",
                            "ingress.2213656308.ipv6_cidr_blocks.#": "0",
                            "ingress.2213656308.protocol": "tcp",
                            "ingress.2213656308.security_groups.#": "0",
                            "ingress.2213656308.self": "false",
                            "ingress.2213656308.to_port": "1022",
                            "ingress.2541437006.cidr_blocks.#": "1",
                            "ingress.2541437006.cidr_blocks.0": "0.0.0.0/0",
                            "ingress.2541437006.from_port": "22",
                            "ingress.2541437006.ipv6_cidr_blocks.#": "0",
                            "ingress.2541437006.protocol": "tcp",
                            "ingress.2541437006.security_groups.#": "0",
                            "ingress.2541437006.self": "false",
                            "ingress.2541437006.to_port": "22",
                            "name": "ssh_jump",
                            "owner_id": "251764077246",
                            "tags.%": "1",
                            "tags.Name": "red-jumphost-01",
                            "vpc_id": "vpc-21c2ba47"
                        },
                        "meta": {},
                        "tainted": false
                    },
                    "deposed": [],
                    "provider": ""
                },
                "aws_security_group.stageapp": {
                    "type": "aws_security_group",
                    "depends_on": [],
                    "primary": {
                        "id": "sg-fa93d787",
                        "attributes": {
                            "description": "Allow stageapp connections.",
                            "egress.#": "2",
                            "egress.210351787.cidr_blocks.#": "2",
                            "egress.210351787.cidr_blocks.0": "172.20.0.0/16",
                            "egress.210351787.cidr_blocks.1": "0.0.0.0/0",
                            "egress.210351787.from_port": "0",
                            "egress.210351787.ipv6_cidr_blocks.#": "0",
                            "egress.210351787.prefix_list_ids.#": "0",
                            "egress.210351787.protocol": "-1",
                            "egress.210351787.security_groups.#": "0",
                            "egress.210351787.self": "false",
                            "egress.210351787.to_port": "0",
                            "egress.530348071.cidr_blocks.#": "0",
                            "egress.530348071.from_port": "3128",
                            "egress.530348071.ipv6_cidr_blocks.#": "0",
                            "egress.530348071.prefix_list_ids.#": "0",
                            "egress.530348071.protocol": "tcp",
                            "egress.530348071.security_groups.#": "1",
                            "egress.530348071.security_groups.1258650256": "sg-6eee5813",
                            "egress.530348071.self": "false",
                            "egress.530348071.to_port": "3128",
                            "id": "sg-fa93d787",
                            "ingress.#": "2",
                            "ingress.1098825681.cidr_blocks.#": "0",
                            "ingress.1098825681.from_port": "80",
                            "ingress.1098825681.ipv6_cidr_blocks.#": "0",
                            "ingress.1098825681.protocol": "tcp",
                            "ingress.1098825681.security_groups.#": "2",
                            "ingress.1098825681.security_groups.2992765347": "sg-6fe35512",
                            "ingress.1098825681.security_groups.3413107033": "sg-852c98f8",
                            "ingress.1098825681.self": "false",
                            "ingress.1098825681.to_port": "80",
                            "ingress.3847065852.cidr_blocks.#": "0",
                            "ingress.3847065852.from_port": "443",
                            "ingress.3847065852.ipv6_cidr_blocks.#": "0",
                            "ingress.3847065852.protocol": "tcp",
                            "ingress.3847065852.security_groups.#": "2",
                            "ingress.3847065852.security_groups.2992765347": "sg-6fe35512",
                            "ingress.3847065852.security_groups.3413107033": "sg-852c98f8",
                            "ingress.3847065852.self": "false",
                            "ingress.3847065852.to_port": "443",
                            "name": "stageapp",
                            "owner_id": "251764077246",
                            "tags.%": "1",
                            "tags.Name": "stageapp",
                            "vpc_id": "vpc-21c2ba47"
                        },
                        "meta": {},
                        "tainted": false
                    },
                    "deposed": [],
                    "provider": ""
                },
                "aws_security_group.vpn": {
                    "type": "aws_security_group",
                    "depends_on": [],
                    "primary": {
                        "id": "sg-6fe35512",
                        "attributes": {
                            "description": "Allow vpn connections.",
                            "egress.#": "1",
                            "egress.1421879845.cidr_blocks.#": "1",
                            "egress.1421879845.cidr_blocks.0": "172.20.0.0/16",
                            "egress.1421879845.from_port": "0",
                            "egress.1421879845.ipv6_cidr_blocks.#": "0",
                            "egress.1421879845.prefix_list_ids.#": "0",
                            "egress.1421879845.protocol": "-1",
                            "egress.1421879845.security_groups.#": "0",
                            "egress.1421879845.self": "false",
                            "egress.1421879845.to_port": "0",
                            "id": "sg-6fe35512",
                            "ingress.#": "3",
                            "ingress.2214680975.cidr_blocks.#": "1",
                            "ingress.2214680975.cidr_blocks.0": "0.0.0.0/0",
                            "ingress.2214680975.from_port": "80",
                            "ingress.2214680975.ipv6_cidr_blocks.#": "0",
                            "ingress.2214680975.protocol": "tcp",
                            "ingress.2214680975.security_groups.#": "0",
                            "ingress.2214680975.self": "false",
                            "ingress.2214680975.to_port": "80",
                            "ingress.2617001939.cidr_blocks.#": "1",
                            "ingress.2617001939.cidr_blocks.0": "0.0.0.0/0",
                            "ingress.2617001939.from_port": "443",
                            "ingress.2617001939.ipv6_cidr_blocks.#": "0",
                            "ingress.2617001939.protocol": "tcp",
                            "ingress.2617001939.security_groups.#": "0",
                            "ingress.2617001939.self": "false",
                            "ingress.2617001939.to_port": "443",
                            "ingress.4178520169.cidr_blocks.#": "1",
                            "ingress.4178520169.cidr_blocks.0": "0.0.0.0/0",
                            "ingress.4178520169.from_port": "1194",
                            "ingress.4178520169.ipv6_cidr_blocks.#": "0",
                            "ingress.4178520169.protocol": "udp",
                            "ingress.4178520169.security_groups.#": "0",
                            "ingress.4178520169.self": "false",
                            "ingress.4178520169.to_port": "1194",
                            "name": "vpn",
                            "owner_id": "251764077246",
                            "tags.%": "1",
                            "tags.Name": "vpn",
                            "vpc_id": "vpc-21c2ba47"
                        },
                        "meta": {},
                        "tainted": false
                    },
                    "deposed": [],
                    "provider": ""
                },
                "aws_security_group_rule.app-lb-in-any-http": {
                    "type": "aws_security_group_rule",
                    "depends_on": [
                        "aws_security_group.app-lb"
                    ],
                    "primary": {
                        "id": "sgrule-3926821806",
                        "attributes": {
                            "cidr_blocks.#": "1",
                            "cidr_blocks.0": "0.0.0.0/0",
                            "from_port": "80",
                            "id": "sgrule-3926821806",
                            "ipv6_cidr_blocks.#": "1",
                            "ipv6_cidr_blocks.0": "::/0",
                            "prefix_list_ids.#": "0",
                            "protocol": "tcp",
                            "security_group_id": "sg-30f1b54d",
                            "self": "false",
                            "to_port": "80",
                            "type": "ingress"
                        },
                        "meta": {
                            "schema_version": "2"
                        },
                        "tainted": false
                    },
                    "deposed": [],
                    "provider": ""
                },
                "aws_security_group_rule.app-lb-in-any-https": {
                    "type": "aws_security_group_rule",
                    "depends_on": [
                        "aws_security_group.app-lb"
                    ],
                    "primary": {
                        "id": "sgrule-3332791447",
                        "attributes": {
                            "cidr_blocks.#": "1",
                            "cidr_blocks.0": "0.0.0.0/0",
                            "from_port": "443",
                            "id": "sgrule-3332791447",
                            "ipv6_cidr_blocks.#": "1",
                            "ipv6_cidr_blocks.0": "::/0",
                            "prefix_list_ids.#": "0",
                            "protocol": "tcp",
                            "security_group_id": "sg-30f1b54d",
                            "self": "false",
                            "to_port": "443",
                            "type": "ingress"
                        },
                        "meta": {
                            "schema_version": "2"
                        },
                        "tainted": false
                    },
                    "deposed": [],
                    "provider": ""
                },
                "aws_security_group_rule.app-lb-out-app-http": {
                    "type": "aws_security_group_rule",
                    "depends_on": [
                        "aws_security_group.app-lb",
                        "aws_security_group.stageapp"
                    ],
                    "primary": {
                        "id": "sgrule-3079098317",
                        "attributes": {
                            "cidr_blocks.#": "0",
                            "from_port": "80",
                            "id": "sgrule-3079098317",
                            "ipv6_cidr_blocks.#": "0",
                            "prefix_list_ids.#": "0",
                            "protocol": "tcp",
                            "security_group_id": "sg-30f1b54d",
                            "self": "false",
                            "source_security_group_id": "sg-fa93d787",
                            "to_port": "80",
                            "type": "egress"
                        },
                        "meta": {
                            "schema_version": "2"
                        },
                        "tainted": false
                    },
                    "deposed": [],
                    "provider": ""
                },
                "aws_security_group_rule.app-lb-out-app-https": {
                    "type": "aws_security_group_rule",
                    "depends_on": [
                        "aws_security_group.app-lb",
                        "aws_security_group.stageapp"
                    ],
                    "primary": {
                        "id": "sgrule-3793642000",
                        "attributes": {
                            "cidr_blocks.#": "0",
                            "from_port": "443",
                            "id": "sgrule-3793642000",
                            "ipv6_cidr_blocks.#": "0",
                            "prefix_list_ids.#": "0",
                            "protocol": "tcp",
                            "security_group_id": "sg-30f1b54d",
                            "self": "false",
                            "source_security_group_id": "sg-fa93d787",
                            "to_port": "443",
                            "type": "egress"
                        },
                        "meta": {
                            "schema_version": "2"
                        },
                        "tainted": false
                    },
                    "deposed": [],
                    "provider": ""
                },
                "aws_security_group_rule.foreman-in-gitlab-webhook": {
                    "type": "aws_security_group_rule",
                    "depends_on": [
                        "aws_security_group.foreman",
                        "aws_security_group.gitlab"
                    ],
                    "primary": {
                        "id": "sgrule-2465213953",
                        "attributes": {
                            "cidr_blocks.#": "0",
                            "from_port": "8088",
                            "id": "sgrule-2465213953",
                            "ipv6_cidr_blocks.#": "0",
                            "prefix_list_ids.#": "0",
                            "protocol": "tcp",
                            "security_group_id": "sg-182e9a65",
                            "self": "false",
                            "source_security_group_id": "sg-f2e0568f",
                            "to_port": "8088",
                            "type": "ingress"
                        },
                        "meta": {
                            "schema_version": "2"
                        },
                        "tainted": false
                    },
                    "deposed": [],
                    "provider": ""
                },
                "aws_security_group_rule.foreman-in-jumphost-https": {
                    "type": "aws_security_group_rule",
                    "depends_on": [
                        "aws_security_group.foreman",
                        "aws_security_group.ssh_jump"
                    ],
                    "primary": {
                        "id": "sgrule-3979560000",
                        "attributes": {
                            "cidr_blocks.#": "0",
                            "from_port": "443",
                            "id": "sgrule-3979560000",
                            "ipv6_cidr_blocks.#": "0",
                            "prefix_list_ids.#": "0",
                            "protocol": "tcp",
                            "security_group_id": "sg-182e9a65",
                            "self": "false",
                            "source_security_group_id": "sg-852c98f8",
                            "to_port": "443",
                            "type": "ingress"
                        },
                        "meta": {
                            "schema_version": "2"
                        },
                        "tainted": false
                    },
                    "deposed": [],
                    "provider": ""
                },
                "aws_security_group_rule.foreman-in-vpc-puppet": {
                    "type": "aws_security_group_rule",
                    "depends_on": [
                        "aws_security_group.foreman"
                    ],
                    "primary": {
                        "id": "sgrule-3679537512",
                        "attributes": {
                            "cidr_blocks.#": "1",
                            "cidr_blocks.0": "172.20.0.0/16",
                            "from_port": "8140",
                            "id": "sgrule-3679537512",
                            "ipv6_cidr_blocks.#": "0",
                            "prefix_list_ids.#": "0",
                            "protocol": "tcp",
                            "security_group_id": "sg-182e9a65",
                            "self": "false",
                            "to_port": "8140",
                            "type": "ingress"
                        },
                        "meta": {
                            "schema_version": "2"
                        },
                        "tainted": false
                    },
                    "deposed": [],
                    "provider": ""
                },
                "aws_security_group_rule.foreman-out-any-http": {
                    "type": "aws_security_group_rule",
                    "depends_on": [
                        "aws_security_group.foreman"
                    ],
                    "primary": {
                        "id": "sgrule-856027055",
                        "attributes": {
                            "cidr_blocks.#": "1",
                            "cidr_blocks.0": "0.0.0.0/0",
                            "from_port": "80",
                            "id": "sgrule-856027055",
                            "ipv6_cidr_blocks.#": "0",
                            "prefix_list_ids.#": "0",
                            "protocol": "tcp",
                            "security_group_id": "sg-182e9a65",
                            "self": "false",
                            "to_port": "80",
                            "type": "egress"
                        },
                        "meta": {
                            "schema_version": "2"
                        },
                        "tainted": false
                    },
                    "deposed": [],
                    "provider": ""
                },
                "aws_security_group_rule.foreman-out-github-ssh": {
                    "type": "aws_security_group_rule",
                    "depends_on": [
                        "aws_security_group.foreman"
                    ],
                    "primary": {
                        "id": "sgrule-2898183216",
                        "attributes": {
                            "cidr_blocks.#": "2",
                            "cidr_blocks.0": "192.30.252.0/22",
                            "cidr_blocks.1": "185.199.108.0/22",
                            "from_port": "22",
                            "id": "sgrule-2898183216",
                            "ipv6_cidr_blocks.#": "0",
                            "prefix_list_ids.#": "0",
                            "protocol": "tcp",
                            "security_group_id": "sg-182e9a65",
                            "self": "false",
                            "to_port": "22",
                            "type": "egress"
                        },
                        "meta": {
                            "schema_version": "2"
                        },
                        "tainted": false
                    },
                    "deposed": [],
                    "provider": ""
                },
                "aws_security_group_rule.foreman-out-gitlab-ssh": {
                    "type": "aws_security_group_rule",
                    "depends_on": [
                        "aws_security_group.foreman",
                        "aws_security_group.gitlab"
                    ],
                    "primary": {
                        "id": "sgrule-1952945079",
                        "attributes": {
                            "cidr_blocks.#": "0",
                            "from_port": "22",
                            "id": "sgrule-1952945079",
                            "ipv6_cidr_blocks.#": "0",
                            "prefix_list_ids.#": "0",
                            "protocol": "tcp",
                            "security_group_id": "sg-182e9a65",
                            "self": "false",
                            "source_security_group_id": "sg-f2e0568f",
                            "to_port": "22",
                            "type": "egress"
                        },
                        "meta": {
                            "schema_version": "2"
                        },
                        "tainted": false
                    },
                    "deposed": [],
                    "provider": ""
                },
                "aws_security_group_rule.foreman-out-https-any": {
                    "type": "aws_security_group_rule",
                    "depends_on": [
                        "aws_security_group.foreman"
                    ],
                    "primary": {
                        "id": "sgrule-3763141623",
                        "attributes": {
                            "cidr_blocks.#": "1",
                            "cidr_blocks.0": "0.0.0.0/0",
                            "from_port": "443",
                            "id": "sgrule-3763141623",
                            "ipv6_cidr_blocks.#": "0",
                            "prefix_list_ids.#": "0",
                            "protocol": "tcp",
                            "security_group_id": "sg-182e9a65",
                            "self": "false",
                            "to_port": "443",
                            "type": "egress"
                        },
                        "meta": {
                            "schema_version": "2"
                        },
                        "tainted": false
                    },
                    "deposed": [],
                    "provider": ""
                },
                "aws_security_group_rule.general-in-jumphost-ssh": {
                    "type": "aws_security_group_rule",
                    "depends_on": [
                        "aws_security_group.general",
                        "aws_security_group.ssh_jump"
                    ],
                    "primary": {
                        "id": "sgrule-3235800244",
                        "attributes": {
                            "cidr_blocks.#": "0",
                            "from_port": "22",
                            "id": "sgrule-3235800244",
                            "ipv6_cidr_blocks.#": "0",
                            "prefix_list_ids.#": "0",
                            "protocol": "tcp",
                            "security_group_id": "sg-632e9a1e",
                            "self": "false",
                            "source_security_group_id": "sg-852c98f8",
                            "to_port": "22",
                            "type": "ingress"
                        },
                        "meta": {
                            "schema_version": "2"
                        },
                        "tainted": false
                    },
                    "deposed": [],
                    "provider": ""
                },
                "aws_security_group_rule.general-in-ntp": {
                    "type": "aws_security_group_rule",
                    "depends_on": [
                        "aws_security_group.general"
                    ],
                    "primary": {
                        "id": "sgrule-327321652",
                        "attributes": {
                            "cidr_blocks.#": "4",
                            "cidr_blocks.0": "162.213.2.253/32",
                            "cidr_blocks.1": "184.105.182.7/32",
                            "cidr_blocks.2": "23.239.24.67/32",
                            "cidr_blocks.3": "129.6.15.28/32",
                            "from_port": "123",
                            "id": "sgrule-327321652",
                            "ipv6_cidr_blocks.#": "0",
                            "prefix_list_ids.#": "0",
                            "protocol": "udp",
                            "security_group_id": "sg-632e9a1e",
                            "self": "false",
                            "to_port": "123",
                            "type": "ingress"
                        },
                        "meta": {
                            "schema_version": "2"
                        },
                        "tainted": false
                    },
                    "deposed": [],
                    "provider": ""
                },
                "aws_security_group_rule.general-in-vpc-ping": {
                    "type": "aws_security_group_rule",
                    "depends_on": [
                        "aws_security_group.general"
                    ],
                    "primary": {
                        "id": "sgrule-2184853798",
                        "attributes": {
                            "cidr_blocks.#": "1",
                            "cidr_blocks.0": "172.20.0.0/16",
                            "from_port": "-1",
                            "id": "sgrule-2184853798",
                            "ipv6_cidr_blocks.#": "0",
                            "prefix_list_ids.#": "0",
                            "protocol": "icmp",
                            "security_group_id": "sg-632e9a1e",
                            "self": "false",
                            "to_port": "-1",
                            "type": "ingress"
                        },
                        "meta": {
                            "schema_version": "2"
                        },
                        "tainted": false
                    },
                    "deposed": [],
                    "provider": ""
                },
                "aws_security_group_rule.general-in-vpn-ssh": {
                    "type": "aws_security_group_rule",
                    "depends_on": [
                        "aws_security_group.general",
                        "aws_security_group.vpn"
                    ],
                    "primary": {
                        "id": "sgrule-1038191835",
                        "attributes": {
                            "cidr_blocks.#": "0",
                            "from_port": "22",
                            "id": "sgrule-1038191835",
                            "ipv6_cidr_blocks.#": "0",
                            "prefix_list_ids.#": "0",
                            "protocol": "tcp",
                            "security_group_id": "sg-632e9a1e",
                            "self": "false",
                            "source_security_group_id": "sg-6fe35512",
                            "to_port": "22",
                            "type": "ingress"
                        },
                        "meta": {
                            "schema_version": "2"
                        },
                        "tainted": false
                    },
                    "deposed": [],
                    "provider": ""
                },
                "aws_security_group_rule.general-out-foreman-puppet": {
                    "type": "aws_security_group_rule",
                    "depends_on": [
                        "aws_security_group.foreman",
                        "aws_security_group.general"
                    ],
                    "primary": {
                        "id": "sgrule-3345961940",
                        "attributes": {
                            "cidr_blocks.#": "0",
                            "from_port": "8140",
                            "id": "sgrule-3345961940",
                            "ipv6_cidr_blocks.#": "0",
                            "prefix_list_ids.#": "0",
                            "protocol": "tcp",
                            "security_group_id": "sg-632e9a1e",
                            "self": "false",
                            "source_security_group_id": "sg-182e9a65",
                            "to_port": "8140",
                            "type": "egress"
                        },
                        "meta": {
                            "schema_version": "2"
                        },
                        "tainted": false
                    },
                    "deposed": [],
                    "provider": ""
                },
                "aws_security_group_rule.general-out-ntp": {
                    "type": "aws_security_group_rule",
                    "depends_on": [
                        "aws_security_group.general"
                    ],
                    "primary": {
                        "id": "sgrule-3295040575",
                        "attributes": {
                            "cidr_blocks.#": "4",
                            "cidr_blocks.0": "162.213.2.253/32",
                            "cidr_blocks.1": "184.105.182.7/32",
                            "cidr_blocks.2": "23.239.24.67/32",
                            "cidr_blocks.3": "129.6.15.28/32",
                            "from_port": "123",
                            "id": "sgrule-3295040575",
                            "ipv6_cidr_blocks.#": "0",
                            "prefix_list_ids.#": "0",
                            "protocol": "udp",
                            "security_group_id": "sg-632e9a1e",
                            "self": "false",
                            "to_port": "123",
                            "type": "egress"
                        },
                        "meta": {
                            "schema_version": "2"
                        },
                        "tainted": false
                    },
                    "deposed": [],
                    "provider": ""
                },
                "aws_security_group_rule.general-out-proxy-squid": {
                    "type": "aws_security_group_rule",
                    "depends_on": [
                        "aws_security_group.general",
                        "aws_security_group.proxy"
                    ],
                    "primary": {
                        "id": "sgrule-1827130928",
                        "attributes": {
                            "cidr_blocks.#": "0",
                            "from_port": "3128",
                            "id": "sgrule-1827130928",
                            "ipv6_cidr_blocks.#": "0",
                            "prefix_list_ids.#": "0",
                            "protocol": "tcp",
                            "security_group_id": "sg-632e9a1e",
                            "self": "false",
                            "source_security_group_id": "sg-6eee5813",
                            "to_port": "3128",
                            "type": "egress"
                        },
                        "meta": {
                            "schema_version": "2"
                        },
                        "tainted": false
                    },
                    "deposed": [],
                    "provider": ""
                },
                "aws_security_group_rule.general-out-pulp-http": {
                    "type": "aws_security_group_rule",
                    "depends_on": [
                        "aws_security_group.general",
                        "aws_security_group.pulp"
                    ],
                    "primary": {
                        "id": "sgrule-2705125579",
                        "attributes": {
                            "cidr_blocks.#": "0",
                            "from_port": "80",
                            "id": "sgrule-2705125579",
                            "ipv6_cidr_blocks.#": "0",
                            "prefix_list_ids.#": "0",
                            "protocol": "tcp",
                            "security_group_id": "sg-632e9a1e",
                            "self": "false",
                            "source_security_group_id": "sg-5fe05622",
                            "to_port": "80",
                            "type": "egress"
                        },
                        "meta": {
                            "schema_version": "2"
                        },
                        "tainted": false
                    },
                    "deposed": [],
                    "provider": ""
                },
                "aws_security_group_rule.general-out-pulp-https": {
                    "type": "aws_security_group_rule",
                    "depends_on": [
                        "aws_security_group.general",
                        "aws_security_group.pulp"
                    ],
                    "primary": {
                        "id": "sgrule-3615920717",
                        "attributes": {
                            "cidr_blocks.#": "0",
                            "from_port": "443",
                            "id": "sgrule-3615920717",
                            "ipv6_cidr_blocks.#": "0",
                            "prefix_list_ids.#": "0",
                            "protocol": "tcp",
                            "security_group_id": "sg-632e9a1e",
                            "self": "false",
                            "source_security_group_id": "sg-5fe05622",
                            "to_port": "443",
                            "type": "egress"
                        },
                        "meta": {
                            "schema_version": "2"
                        },
                        "tainted": false
                    },
                    "deposed": [],
                    "provider": ""
                },
                "aws_security_group_rule.gitlab-in-any-http": {
                    "type": "aws_security_group_rule",
                    "depends_on": [
                        "aws_security_group.gitlab"
                    ],
                    "primary": {
                        "id": "sgrule-843209215",
                        "attributes": {
                            "cidr_blocks.#": "1",
                            "cidr_blocks.0": "172.20.40.0/24",
                            "from_port": "80",
                            "id": "sgrule-843209215",
                            "ipv6_cidr_blocks.#": "0",
                            "prefix_list_ids.#": "0",
                            "protocol": "tcp",
                            "security_group_id": "sg-f2e0568f",
                            "self": "false",
                            "to_port": "80",
                            "type": "ingress"
                        },
                        "meta": {
                            "schema_version": "2"
                        },
                        "tainted": false
                    },
                    "deposed": [],
                    "provider": ""
                },
                "aws_security_group_rule.gitlab-in-any-https": {
                    "type": "aws_security_group_rule",
                    "depends_on": [
                        "aws_security_group.gitlab"
                    ],
                    "primary": {
                        "id": "sgrule-1056975152",
                        "attributes": {
                            "cidr_blocks.#": "1",
                            "cidr_blocks.0": "172.20.40.0/24",
                            "from_port": "443",
                            "id": "sgrule-1056975152",
                            "ipv6_cidr_blocks.#": "0",
                            "prefix_list_ids.#": "0",
                            "protocol": "tcp",
                            "security_group_id": "sg-f2e0568f",
                            "self": "false",
                            "to_port": "443",
                            "type": "ingress"
                        },
                        "meta": {
                            "schema_version": "2"
                        },
                        "tainted": false
                    },
                    "deposed": [],
                    "provider": ""
                },
                "aws_security_group_rule.gitlab-in-foreman-ssh": {
                    "type": "aws_security_group_rule",
                    "depends_on": [
                        "aws_security_group.foreman",
                        "aws_security_group.gitlab"
                    ],
                    "primary": {
                        "id": "sgrule-538099485",
                        "attributes": {
                            "cidr_blocks.#": "0",
                            "from_port": "22",
                            "id": "sgrule-538099485",
                            "ipv6_cidr_blocks.#": "0",
                            "prefix_list_ids.#": "0",
                            "protocol": "tcp",
                            "security_group_id": "sg-f2e0568f",
                            "self": "false",
                            "source_security_group_id": "sg-182e9a65",
                            "to_port": "22",
                            "type": "ingress"
                        },
                        "meta": {
                            "schema_version": "2"
                        },
                        "tainted": false
                    },
                    "deposed": [],
                    "provider": ""
                },
                "aws_security_group_rule.gitlab-out-any": {
                    "type": "aws_security_group_rule",
                    "depends_on": [
                        "aws_security_group.gitlab"
                    ],
                    "primary": {
                        "id": "sgrule-2393793697",
                        "attributes": {
                            "cidr_blocks.#": "1",
                            "cidr_blocks.0": "172.20.0.0/16",
                            "from_port": "0",
                            "id": "sgrule-2393793697",
                            "ipv6_cidr_blocks.#": "0",
                            "prefix_list_ids.#": "0",
                            "protocol": "-1",
                            "security_group_id": "sg-f2e0568f",
                            "self": "false",
                            "to_port": "0",
                            "type": "egress"
                        },
                        "meta": {
                            "schema_version": "2"
                        },
                        "tainted": false
                    },
                    "deposed": [],
                    "provider": ""
                },
                "aws_security_group_rule.gitlab-out-any-http": {
                    "type": "aws_security_group_rule",
                    "depends_on": [
                        "aws_security_group.gitlab"
                    ],
                    "primary": {
                        "id": "sgrule-634205378",
                        "attributes": {
                            "cidr_blocks.#": "1",
                            "cidr_blocks.0": "0.0.0.0/0",
                            "from_port": "80",
                            "id": "sgrule-634205378",
                            "ipv6_cidr_blocks.#": "0",
                            "prefix_list_ids.#": "0",
                            "protocol": "tcp",
                            "security_group_id": "sg-f2e0568f",
                            "self": "false",
                            "to_port": "80",
                            "type": "egress"
                        },
                        "meta": {
                            "schema_version": "2"
                        },
                        "tainted": false
                    },
                    "deposed": [],
                    "provider": ""
                },
                "aws_security_group_rule.gitlab-out-any-https": {
                    "type": "aws_security_group_rule",
                    "depends_on": [
                        "aws_security_group.gitlab"
                    ],
                    "primary": {
                        "id": "sgrule-555676553",
                        "attributes": {
                            "cidr_blocks.#": "1",
                            "cidr_blocks.0": "0.0.0.0/0",
                            "from_port": "443",
                            "id": "sgrule-555676553",
                            "ipv6_cidr_blocks.#": "0",
                            "prefix_list_ids.#": "0",
                            "protocol": "tcp",
                            "security_group_id": "sg-f2e0568f",
                            "self": "false",
                            "to_port": "443",
                            "type": "egress"
                        },
                        "meta": {
                            "schema_version": "2"
                        },
                        "tainted": false
                    },
                    "deposed": [],
                    "provider": ""
                },
                "aws_security_group_rule.gitlab-out-foreman-webhook": {
                    "type": "aws_security_group_rule",
                    "depends_on": [
                        "aws_security_group.foreman",
                        "aws_security_group.gitlab"
                    ],
                    "primary": {
                        "id": "sgrule-80894778",
                        "attributes": {
                            "cidr_blocks.#": "0",
                            "from_port": "8088",
                            "id": "sgrule-80894778",
                            "ipv6_cidr_blocks.#": "0",
                            "prefix_list_ids.#": "0",
                            "protocol": "tcp",
                            "security_group_id": "sg-f2e0568f",
                            "self": "false",
                            "source_security_group_id": "sg-182e9a65",
                            "to_port": "8088",
                            "type": "egress"
                        },
                        "meta": {
                            "schema_version": "2"
                        },
                        "tainted": false
                    },
                    "deposed": [],
                    "provider": ""
                },
                "aws_security_group_rule.prodapp-in-jumphost-http": {
                    "type": "aws_security_group_rule",
                    "depends_on": [
                        "aws_security_group.prodapp",
                        "aws_security_group.ssh_jump"
                    ],
                    "primary": {
                        "id": "sgrule-2674086238",
                        "attributes": {
                            "cidr_blocks.#": "0",
                            "from_port": "80",
                            "id": "sgrule-2674086238",
                            "ipv6_cidr_blocks.#": "0",
                            "prefix_list_ids.#": "0",
                            "protocol": "tcp",
                            "security_group_id": "sg-047ff379",
                            "self": "false",
                            "source_security_group_id": "sg-852c98f8",
                            "to_port": "80",
                            "type": "ingress"
                        },
                        "meta": {
                            "schema_version": "2"
                        },
                        "tainted": false
                    },
                    "deposed": [],
                    "provider": ""
                },
                "aws_security_group_rule.prodapp-in-jumphost-https": {
                    "type": "aws_security_group_rule",
                    "depends_on": [
                        "aws_security_group.prodapp",
                        "aws_security_group.ssh_jump"
                    ],
                    "primary": {
                        "id": "sgrule-1220659746",
                        "attributes": {
                            "cidr_blocks.#": "0",
                            "from_port": "443",
                            "id": "sgrule-1220659746",
                            "ipv6_cidr_blocks.#": "0",
                            "prefix_list_ids.#": "0",
                            "protocol": "tcp",
                            "security_group_id": "sg-047ff379",
                            "self": "false",
                            "source_security_group_id": "sg-852c98f8",
                            "to_port": "443",
                            "type": "ingress"
                        },
                        "meta": {
                            "schema_version": "2"
                        },
                        "tainted": false
                    },
                    "deposed": [],
                    "provider": ""
                },
                "aws_security_group_rule.prodapp-in-vpn-http": {
                    "type": "aws_security_group_rule",
                    "depends_on": [
                        "aws_security_group.prodapp",
                        "aws_security_group.vpn"
                    ],
                    "primary": {
                        "id": "sgrule-1650243889",
                        "attributes": {
                            "cidr_blocks.#": "0",
                            "from_port": "80",
                            "id": "sgrule-1650243889",
                            "ipv6_cidr_blocks.#": "0",
                            "prefix_list_ids.#": "0",
                            "protocol": "tcp",
                            "security_group_id": "sg-047ff379",
                            "self": "false",
                            "source_security_group_id": "sg-6fe35512",
                            "to_port": "80",
                            "type": "ingress"
                        },
                        "meta": {
                            "schema_version": "2"
                        },
                        "tainted": false
                    },
                    "deposed": [],
                    "provider": ""
                },
                "aws_security_group_rule.prodapp-in-vpn-https": {
                    "type": "aws_security_group_rule",
                    "depends_on": [
                        "aws_security_group.prodapp",
                        "aws_security_group.vpn"
                    ],
                    "primary": {
                        "id": "sgrule-3053331021",
                        "attributes": {
                            "cidr_blocks.#": "0",
                            "from_port": "443",
                            "id": "sgrule-3053331021",
                            "ipv6_cidr_blocks.#": "0",
                            "prefix_list_ids.#": "0",
                            "protocol": "tcp",
                            "security_group_id": "sg-047ff379",
                            "self": "false",
                            "source_security_group_id": "sg-6fe35512",
                            "to_port": "443",
                            "type": "ingress"
                        },
                        "meta": {
                            "schema_version": "2"
                        },
                        "tainted": false
                    },
                    "deposed": [],
                    "provider": ""
                },
                "aws_security_group_rule.prodapp-out-all": {
                    "type": "aws_security_group_rule",
                    "depends_on": [
                        "aws_security_group.prodapp"
                    ],
                    "primary": {
                        "id": "sgrule-2725491117",
                        "attributes": {
                            "cidr_blocks.#": "2",
                            "cidr_blocks.0": "172.20.0.0/16",
                            "cidr_blocks.1": "0.0.0.0/0",
                            "from_port": "0",
                            "id": "sgrule-2725491117",
                            "ipv6_cidr_blocks.#": "0",
                            "prefix_list_ids.#": "0",
                            "protocol": "-1",
                            "security_group_id": "sg-047ff379",
                            "self": "false",
                            "to_port": "0",
                            "type": "egress"
                        },
                        "meta": {
                            "schema_version": "2"
                        },
                        "tainted": false
                    },
                    "deposed": [],
                    "provider": ""
                },
                "aws_security_group_rule.prodapp-out-proddb-psql": {
                    "type": "aws_security_group_rule",
                    "depends_on": [
                        "aws_security_group.prodapp",
                        "aws_security_group.proddb"
                    ],
                    "primary": {
                        "id": "sgrule-585880914",
                        "attributes": {
                            "cidr_blocks.#": "0",
                            "from_port": "5432",
                            "id": "sgrule-585880914",
                            "ipv6_cidr_blocks.#": "0",
                            "prefix_list_ids.#": "0",
                            "protocol": "tcp",
                            "security_group_id": "sg-047ff379",
                            "self": "false",
                            "source_security_group_id": "sg-c679f5bb",
                            "to_port": "5432",
                            "type": "egress"
                        },
                        "meta": {
                            "schema_version": "2"
                        },
                        "tainted": false
                    },
                    "deposed": [],
                    "provider": ""
                },
                "aws_security_group_rule.prodapp-out-proxy": {
                    "type": "aws_security_group_rule",
                    "depends_on": [
                        "aws_security_group.prodapp",
                        "aws_security_group.proxy"
                    ],
                    "primary": {
                        "id": "sgrule-381733855",
                        "attributes": {
                            "cidr_blocks.#": "0",
                            "from_port": "3128",
                            "id": "sgrule-381733855",
                            "ipv6_cidr_blocks.#": "0",
                            "prefix_list_ids.#": "0",
                            "protocol": "tcp",
                            "security_group_id": "sg-047ff379",
                            "self": "false",
                            "source_security_group_id": "sg-6eee5813",
                            "to_port": "3128",
                            "type": "egress"
                        },
                        "meta": {
                            "schema_version": "2"
                        },
                        "tainted": false
                    },
                    "deposed": [],
                    "provider": ""
                },
                "aws_security_group_rule.proddb-in-prodapp-psql": {
                    "type": "aws_security_group_rule",
                    "depends_on": [
                        "aws_security_group.prodapp",
                        "aws_security_group.proddb"
                    ],
                    "primary": {
                        "id": "sgrule-4159156107",
                        "attributes": {
                            "cidr_blocks.#": "0",
                            "from_port": "5432",
                            "id": "sgrule-4159156107",
                            "ipv6_cidr_blocks.#": "0",
                            "prefix_list_ids.#": "0",
                            "protocol": "tcp",
                            "security_group_id": "sg-c679f5bb",
                            "self": "false",
                            "source_security_group_id": "sg-047ff379",
                            "to_port": "5432",
                            "type": "ingress"
                        },
                        "meta": {
                            "schema_version": "2"
                        },
                        "tainted": false
                    },
                    "deposed": [],
                    "provider": ""
                },
                "aws_security_group_rule.proxy-in-general-squid": {
                    "type": "aws_security_group_rule",
                    "depends_on": [
                        "aws_security_group.general",
                        "aws_security_group.proxy"
                    ],
                    "primary": {
                        "id": "sgrule-2781858684",
                        "attributes": {
                            "cidr_blocks.#": "0",
                            "from_port": "3128",
                            "id": "sgrule-2781858684",
                            "ipv6_cidr_blocks.#": "0",
                            "prefix_list_ids.#": "0",
                            "protocol": "tcp",
                            "security_group_id": "sg-6eee5813",
                            "self": "false",
                            "source_security_group_id": "sg-632e9a1e",
                            "to_port": "3128",
                            "type": "ingress"
                        },
                        "meta": {
                            "schema_version": "2"
                        },
                        "tainted": false
                    },
                    "deposed": [],
                    "provider": ""
                },
                "aws_security_group_rule.proxy-out-any-http": {
                    "type": "aws_security_group_rule",
                    "depends_on": [
                        "aws_security_group.proxy"
                    ],
                    "primary": {
                        "id": "sgrule-722796150",
                        "attributes": {
                            "cidr_blocks.#": "1",
                            "cidr_blocks.0": "0.0.0.0/0",
                            "from_port": "80",
                            "id": "sgrule-722796150",
                            "ipv6_cidr_blocks.#": "0",
                            "prefix_list_ids.#": "0",
                            "protocol": "tcp",
                            "security_group_id": "sg-6eee5813",
                            "self": "false",
                            "to_port": "80",
                            "type": "egress"
                        },
                        "meta": {
                            "schema_version": "2"
                        },
                        "tainted": false
                    },
                    "deposed": [],
                    "provider": ""
                },
                "aws_security_group_rule.proxy-out-any-https": {
                    "type": "aws_security_group_rule",
                    "depends_on": [
                        "aws_security_group.proxy"
                    ],
                    "primary": {
                        "id": "sgrule-3657874754",
                        "attributes": {
                            "cidr_blocks.#": "1",
                            "cidr_blocks.0": "0.0.0.0/0",
                            "from_port": "443",
                            "id": "sgrule-3657874754",
                            "ipv6_cidr_blocks.#": "0",
                            "prefix_list_ids.#": "0",
                            "protocol": "tcp",
                            "security_group_id": "sg-6eee5813",
                            "self": "false",
                            "to_port": "443",
                            "type": "egress"
                        },
                        "meta": {
                            "schema_version": "2"
                        },
                        "tainted": false
                    },
                    "deposed": [],
                    "provider": ""
                },
                "aws_security_group_rule.pulp-in-vpc-http": {
                    "type": "aws_security_group_rule",
                    "depends_on": [
                        "aws_security_group.pulp"
                    ],
                    "primary": {
                        "id": "sgrule-2124627880",
                        "attributes": {
                            "cidr_blocks.#": "1",
                            "cidr_blocks.0": "172.20.0.0/16",
                            "from_port": "80",
                            "id": "sgrule-2124627880",
                            "ipv6_cidr_blocks.#": "0",
                            "prefix_list_ids.#": "0",
                            "protocol": "tcp",
                            "security_group_id": "sg-5fe05622",
                            "self": "false",
                            "to_port": "80",
                            "type": "ingress"
                        },
                        "meta": {
                            "schema_version": "2"
                        },
                        "tainted": false
                    },
                    "deposed": [],
                    "provider": ""
                },
                "aws_security_group_rule.pulp-in-vpc-https": {
                    "type": "aws_security_group_rule",
                    "depends_on": [
                        "aws_security_group.pulp"
                    ],
                    "primary": {
                        "id": "sgrule-1245920116",
                        "attributes": {
                            "cidr_blocks.#": "1",
                            "cidr_blocks.0": "172.20.0.0/16",
                            "from_port": "443",
                            "id": "sgrule-1245920116",
                            "ipv6_cidr_blocks.#": "0",
                            "prefix_list_ids.#": "0",
                            "protocol": "tcp",
                            "security_group_id": "sg-5fe05622",
                            "self": "false",
                            "to_port": "443",
                            "type": "ingress"
                        },
                        "meta": {
                            "schema_version": "2"
                        },
                        "tainted": false
                    },
                    "deposed": [],
                    "provider": ""
                },
                "aws_security_group_rule.pulp-in-vpc-messagebus": {
                    "type": "aws_security_group_rule",
                    "depends_on": [
                        "aws_security_group.pulp"
                    ],
                    "primary": {
                        "id": "sgrule-242940152",
                        "attributes": {
                            "cidr_blocks.#": "1",
                            "cidr_blocks.0": "172.20.0.0/16",
                            "from_port": "5671",
                            "id": "sgrule-242940152",
                            "ipv6_cidr_blocks.#": "0",
                            "prefix_list_ids.#": "0",
                            "protocol": "tcp",
                            "security_group_id": "sg-5fe05622",
                            "self": "false",
                            "to_port": "5672",
                            "type": "ingress"
                        },
                        "meta": {
                            "schema_version": "2"
                        },
                        "tainted": false
                    },
                    "deposed": [],
                    "provider": ""
                },
                "aws_security_group_rule.pulp-out-any-http": {
                    "type": "aws_security_group_rule",
                    "depends_on": [
                        "aws_security_group.pulp"
                    ],
                    "primary": {
                        "id": "sgrule-1473487108",
                        "attributes": {
                            "cidr_blocks.#": "1",
                            "cidr_blocks.0": "0.0.0.0/0",
                            "from_port": "80",
                            "id": "sgrule-1473487108",
                            "ipv6_cidr_blocks.#": "0",
                            "prefix_list_ids.#": "0",
                            "protocol": "tcp",
                            "security_group_id": "sg-5fe05622",
                            "self": "false",
                            "to_port": "80",
                            "type": "egress"
                        },
                        "meta": {
                            "schema_version": "2"
                        },
                        "tainted": false
                    },
                    "deposed": [],
                    "provider": ""
                },
                "aws_security_group_rule.pulp-out-any-https": {
                    "type": "aws_security_group_rule",
                    "depends_on": [
                        "aws_security_group.pulp"
                    ],
                    "primary": {
                        "id": "sgrule-1021023892",
                        "attributes": {
                            "cidr_blocks.#": "1",
                            "cidr_blocks.0": "0.0.0.0/0",
                            "from_port": "443",
                            "id": "sgrule-1021023892",
                            "ipv6_cidr_blocks.#": "0",
                            "prefix_list_ids.#": "0",
                            "protocol": "tcp",
                            "security_group_id": "sg-5fe05622",
                            "self": "false",
                            "to_port": "443",
                            "type": "egress"
                        },
                        "meta": {
                            "schema_version": "2"
                        },
                        "tainted": false
                    },
                    "deposed": [],
                    "provider": ""
                },
                "aws_security_group_rule.stageapp-in-jumphost-http": {
                    "type": "aws_security_group_rule",
                    "depends_on": [
                        "aws_security_group.ssh_jump",
                        "aws_security_group.stageapp"
                    ],
                    "primary": {
                        "id": "sgrule-1504818289",
                        "attributes": {
                            "cidr_blocks.#": "0",
                            "from_port": "80",
                            "id": "sgrule-1504818289",
                            "ipv6_cidr_blocks.#": "0",
                            "prefix_list_ids.#": "0",
                            "protocol": "tcp",
                            "security_group_id": "sg-fa93d787",
                            "self": "false",
                            "source_security_group_id": "sg-852c98f8",
                            "to_port": "80",
                            "type": "ingress"
                        },
                        "meta": {
                            "schema_version": "2"
                        },
                        "tainted": false
                    },
                    "deposed": [],
                    "provider": ""
                },
                "aws_security_group_rule.stageapp-in-jumphost-https": {
                    "type": "aws_security_group_rule",
                    "depends_on": [
                        "aws_security_group.ssh_jump",
                        "aws_security_group.stageapp"
                    ],
                    "primary": {
                        "id": "sgrule-2327650922",
                        "attributes": {
                            "cidr_blocks.#": "0",
                            "from_port": "443",
                            "id": "sgrule-2327650922",
                            "ipv6_cidr_blocks.#": "0",
                            "prefix_list_ids.#": "0",
                            "protocol": "tcp",
                            "security_group_id": "sg-fa93d787",
                            "self": "false",
                            "source_security_group_id": "sg-852c98f8",
                            "to_port": "443",
                            "type": "ingress"
                        },
                        "meta": {
                            "schema_version": "2"
                        },
                        "tainted": false
                    },
                    "deposed": [],
                    "provider": ""
                },
                "aws_security_group_rule.stageapp-in-vpn-http": {
                    "type": "aws_security_group_rule",
                    "depends_on": [
                        "aws_security_group.stageapp",
                        "aws_security_group.vpn"
                    ],
                    "primary": {
                        "id": "sgrule-2760793118",
                        "attributes": {
                            "cidr_blocks.#": "0",
                            "from_port": "80",
                            "id": "sgrule-2760793118",
                            "ipv6_cidr_blocks.#": "0",
                            "prefix_list_ids.#": "0",
                            "protocol": "tcp",
                            "security_group_id": "sg-fa93d787",
                            "self": "false",
                            "source_security_group_id": "sg-6fe35512",
                            "to_port": "80",
                            "type": "ingress"
                        },
                        "meta": {
                            "schema_version": "2"
                        },
                        "tainted": false
                    },
                    "deposed": [],
                    "provider": ""
                },
                "aws_security_group_rule.stageapp-in-vpn-https": {
                    "type": "aws_security_group_rule",
                    "depends_on": [
                        "aws_security_group.stageapp",
                        "aws_security_group.vpn"
                    ],
                    "primary": {
                        "id": "sgrule-2005060101",
                        "attributes": {
                            "cidr_blocks.#": "0",
                            "from_port": "443",
                            "id": "sgrule-2005060101",
                            "ipv6_cidr_blocks.#": "0",
                            "prefix_list_ids.#": "0",
                            "protocol": "tcp",
                            "security_group_id": "sg-fa93d787",
                            "self": "false",
                            "source_security_group_id": "sg-6fe35512",
                            "to_port": "443",
                            "type": "ingress"
                        },
                        "meta": {
                            "schema_version": "2"
                        },
                        "tainted": false
                    },
                    "deposed": [],
                    "provider": ""
                },
                "aws_security_group_rule.stageapp-out-all": {
                    "type": "aws_security_group_rule",
                    "depends_on": [
                        "aws_security_group.stageapp"
                    ],
                    "primary": {
                        "id": "sgrule-3669361895",
                        "attributes": {
                            "cidr_blocks.#": "2",
                            "cidr_blocks.0": "172.20.0.0/16",
                            "cidr_blocks.1": "0.0.0.0/0",
                            "from_port": "0",
                            "id": "sgrule-3669361895",
                            "ipv6_cidr_blocks.#": "0",
                            "prefix_list_ids.#": "0",
                            "protocol": "-1",
                            "security_group_id": "sg-fa93d787",
                            "self": "false",
                            "to_port": "0",
                            "type": "egress"
                        },
                        "meta": {
                            "schema_version": "2"
                        },
                        "tainted": false
                    },
                    "deposed": [],
                    "provider": ""
                },
                "aws_security_group_rule.stageapp-out-proxy": {
                    "type": "aws_security_group_rule",
                    "depends_on": [
                        "aws_security_group.proxy",
                        "aws_security_group.stageapp"
                    ],
                    "primary": {
                        "id": "sgrule-1845853845",
                        "attributes": {
                            "cidr_blocks.#": "0",
                            "from_port": "3128",
                            "id": "sgrule-1845853845",
                            "ipv6_cidr_blocks.#": "0",
                            "prefix_list_ids.#": "0",
                            "protocol": "tcp",
                            "security_group_id": "sg-fa93d787",
                            "self": "false",
                            "source_security_group_id": "sg-6eee5813",
                            "to_port": "3128",
                            "type": "egress"
                        },
                        "meta": {
                            "schema_version": "2"
                        },
                        "tainted": false
                    },
                    "deposed": [],
                    "provider": ""
                },
                "aws_security_group_rule.vpn-in-any-http": {
                    "type": "aws_security_group_rule",
                    "depends_on": [
                        "aws_security_group.vpn"
                    ],
                    "primary": {
                        "id": "sgrule-1760086298",
                        "attributes": {
                            "cidr_blocks.#": "1",
                            "cidr_blocks.0": "0.0.0.0/0",
                            "from_port": "80",
                            "id": "sgrule-1760086298",
                            "ipv6_cidr_blocks.#": "0",
                            "prefix_list_ids.#": "0",
                            "protocol": "tcp",
                            "security_group_id": "sg-6fe35512",
                            "self": "false",
                            "to_port": "80",
                            "type": "ingress"
                        },
                        "meta": {
                            "schema_version": "2"
                        },
                        "tainted": false
                    },
                    "deposed": [],
                    "provider": ""
                },
                "aws_security_group_rule.vpn-in-any-https": {
                    "type": "aws_security_group_rule",
                    "depends_on": [
                        "aws_security_group.vpn"
                    ],
                    "primary": {
                        "id": "sgrule-4105603797",
                        "attributes": {
                            "cidr_blocks.#": "1",
                            "cidr_blocks.0": "0.0.0.0/0",
                            "from_port": "443",
                            "id": "sgrule-4105603797",
                            "ipv6_cidr_blocks.#": "0",
                            "prefix_list_ids.#": "0",
                            "protocol": "tcp",
                            "security_group_id": "sg-6fe35512",
                            "self": "false",
                            "to_port": "443",
                            "type": "ingress"
                        },
                        "meta": {
                            "schema_version": "2"
                        },
                        "tainted": false
                    },
                    "deposed": [],
                    "provider": ""
                },
                "aws_security_group_rule.vpn-in-any-ovpn": {
                    "type": "aws_security_group_rule",
                    "depends_on": [
                        "aws_security_group.vpn"
                    ],
                    "primary": {
                        "id": "sgrule-794769741",
                        "attributes": {
                            "cidr_blocks.#": "1",
                            "cidr_blocks.0": "0.0.0.0/0",
                            "from_port": "1194",
                            "id": "sgrule-794769741",
                            "ipv6_cidr_blocks.#": "0",
                            "prefix_list_ids.#": "0",
                            "protocol": "udp",
                            "security_group_id": "sg-6fe35512",
                            "self": "false",
                            "to_port": "1194",
                            "type": "ingress"
                        },
                        "meta": {
                            "schema_version": "2"
                        },
                        "tainted": false
                    },
                    "deposed": [],
                    "provider": ""
                },
                "aws_security_group_rule.vpn-out-vpc-any": {
                    "type": "aws_security_group_rule",
                    "depends_on": [
                        "aws_security_group.vpn"
                    ],
                    "primary": {
                        "id": "sgrule-829484879",
                        "attributes": {
                            "cidr_blocks.#": "1",
                            "cidr_blocks.0": "172.20.0.0/16",
                            "from_port": "0",
                            "id": "sgrule-829484879",
                            "ipv6_cidr_blocks.#": "0",
                            "prefix_list_ids.#": "0",
                            "protocol": "-1",
                            "security_group_id": "sg-6fe35512",
                            "self": "false",
                            "to_port": "0",
                            "type": "egress"
                        },
                        "meta": {
                            "schema_version": "2"
                        },
                        "tainted": false
                    },
                    "deposed": [],
                    "provider": ""
                }
            },
            "depends_on": []
        },
        {
            "path": [
                "root",
                "stage_db"
            ],
            "outputs": {
                "this_db_instance_address": {
                    "sensitive": false,
                    "type": "string",
                    "value": "stage.clxtbeltidcx.us-west-2.rds.amazonaws.com"
                },
                "this_db_instance_arn": {
                    "sensitive": false,
                    "type": "string",
                    "value": "arn:aws:rds:us-west-2:251764077246:db:stage"
                },
                "this_db_instance_availability_zone": {
                    "sensitive": false,
                    "type": "string",
                    "value": "us-west-2a"
                },
                "this_db_instance_endpoint": {
                    "sensitive": false,
                    "type": "string",
                    "value": "stage.clxtbeltidcx.us-west-2.rds.amazonaws.com:5432"
                },
                "this_db_instance_hosted_zone_id": {
                    "sensitive": false,
                    "type": "string",
                    "value": "Z1PVIF0B656C1W"
                },
                "this_db_instance_id": {
                    "sensitive": false,
                    "type": "string",
                    "value": "stage"
                },
                "this_db_instance_name": {
                    "sensitive": false,
                    "type": "string",
                    "value": "stagedb"
                },
                "this_db_instance_password": {
                    "sensitive": false,
                    "type": "string",
                    "value": "YourPwdShouldBeLongAndSecure!"
                },
                "this_db_instance_port": {
                    "sensitive": false,
                    "type": "string",
                    "value": "5432"
                },
                "this_db_instance_resource_id": {
                    "sensitive": false,
                    "type": "string",
                    "value": "db-ZUVMPDMZHZGSPTV5ONCOFAW7H4"
                },
                "this_db_instance_status": {
                    "sensitive": false,
                    "type": "string",
                    "value": "available"
                },
                "this_db_instance_username": {
                    "sensitive": false,
                    "type": "string",
                    "value": "dbadmin"
                },
                "this_db_parameter_group_arn": {
                    "sensitive": false,
                    "type": "string",
                    "value": "arn:aws:rds:us-west-2:251764077246:pg:stage-20171026215614465400000001"
                },
                "this_db_parameter_group_id": {
                    "sensitive": false,
                    "type": "string",
                    "value": "stage-20171026215614465400000001"
                },
                "this_db_subnet_group_arn": {
                    "sensitive": false,
                    "type": "string",
                    "value": "arn:aws:rds:us-west-2:251764077246:subgrp:stage-20171026215614478500000002"
                },
                "this_db_subnet_group_id": {
                    "sensitive": false,
                    "type": "string",
                    "value": "stage-20171026215614478500000002"
                }
            },
            "resources": {},
            "depends_on": []
        },
        {
            "path": [
                "root",
                "stage_lb"
            ],
            "outputs": {
                "app-https_arn": {
                    "sensitive": false,
                    "type": "string",
                    "value": "arn:aws:elasticloadbalancing:us-west-2:251764077246:targetgroup/red-app-https/d8bb5211d9f82820"
                }
            },
            "resources": {
                "aws_alb.appserver": {
                    "type": "aws_alb",
                    "depends_on": [],
                    "primary": {
                        "id": "arn:aws:elasticloadbalancing:us-west-2:251764077246:loadbalancer/app/red-stagingapp-lb/d3112b0bdf0159dd",
                        "attributes": {
                            "access_logs.#": "0",
                            "arn": "arn:aws:elasticloadbalancing:us-west-2:251764077246:loadbalancer/app/red-stagingapp-lb/d3112b0bdf0159dd",
                            "arn_suffix": "app/red-stagingapp-lb/d3112b0bdf0159dd",
                            "dns_name": "red-stagingapp-lb-537267760.us-west-2.elb.amazonaws.com",
                            "enable_deletion_protection": "false",
                            "id": "arn:aws:elasticloadbalancing:us-west-2:251764077246:loadbalancer/app/red-stagingapp-lb/d3112b0bdf0159dd",
                            "idle_timeout": "600",
                            "internal": "false",
                            "ip_address_type": "ipv4",
                            "name": "red-stagingapp-lb",
                            "security_groups.#": "2",
                            "security_groups.2973286420": "sg-632e9a1e",
                            "security_groups.4017437979": "sg-30f1b54d",
                            "subnets.#": "2",
                            "subnets.2200485057": "subnet-1ef87178",
                            "subnets.2652384640": "subnet-4ed67806",
                            "tags.%": "1",
                            "tags.Environment": "staging",
                            "vpc_id": "vpc-21c2ba47",
                            "zone_id": "Z1H1FL5HABSF5"
                        },
                        "meta": {
                            "e2bfb730-ecaa-11e6-8f88-34363bc7c4c0": {
                                "create": 600000000000,
                                "delete": 600000000000,
                                "update": 600000000000
                            }
                        },
                        "tainted": false
                    },
                    "deposed": [],
                    "provider": ""
                },
                "aws_alb_listener.app-http": {
                    "type": "aws_alb_listener",
                    "depends_on": [
                        "aws_alb.appserver",
                        "aws_alb_target_group.app-http"
                    ],
                    "primary": {
                        "id": "arn:aws:elasticloadbalancing:us-west-2:251764077246:listener/app/red-stagingapp-lb/d3112b0bdf0159dd/8799f137e3c0fb4e",
                        "attributes": {
                            "arn": "arn:aws:elasticloadbalancing:us-west-2:251764077246:listener/app/red-stagingapp-lb/d3112b0bdf0159dd/8799f137e3c0fb4e",
                            "default_action.#": "1",
                            "default_action.0.target_group_arn": "arn:aws:elasticloadbalancing:us-west-2:251764077246:targetgroup/red-app-http/4a1a858af4f3f091",
                            "default_action.0.type": "forward",
                            "id": "arn:aws:elasticloadbalancing:us-west-2:251764077246:listener/app/red-stagingapp-lb/d3112b0bdf0159dd/8799f137e3c0fb4e",
                            "load_balancer_arn": "arn:aws:elasticloadbalancing:us-west-2:251764077246:loadbalancer/app/red-stagingapp-lb/d3112b0bdf0159dd",
                            "port": "80",
                            "protocol": "HTTP",
                            "ssl_policy": ""
                        },
                        "meta": {},
                        "tainted": false
                    },
                    "deposed": [],
                    "provider": ""
                },
                "aws_alb_listener.app-https": {
                    "type": "aws_alb_listener",
                    "depends_on": [
                        "aws_alb.appserver",
                        "aws_alb_target_group.app-https",
                        "data.aws_acm_certificate.app_cert"
                    ],
                    "primary": {
                        "id": "arn:aws:elasticloadbalancing:us-west-2:251764077246:listener/app/red-stagingapp-lb/d3112b0bdf0159dd/a5a92615fd859c67",
                        "attributes": {
                            "arn": "arn:aws:elasticloadbalancing:us-west-2:251764077246:listener/app/red-stagingapp-lb/d3112b0bdf0159dd/a5a92615fd859c67",
                            "certificate_arn": "arn:aws:acm:us-west-2:251764077246:certificate/1087e53a-0f6d-4781-8789-16941d5becbf",
                            "default_action.#": "1",
                            "default_action.0.target_group_arn": "arn:aws:elasticloadbalancing:us-west-2:251764077246:targetgroup/red-app-https/d8bb5211d9f82820",
                            "default_action.0.type": "forward",
                            "id": "arn:aws:elasticloadbalancing:us-west-2:251764077246:listener/app/red-stagingapp-lb/d3112b0bdf0159dd/a5a92615fd859c67",
                            "load_balancer_arn": "arn:aws:elasticloadbalancing:us-west-2:251764077246:loadbalancer/app/red-stagingapp-lb/d3112b0bdf0159dd",
                            "port": "443",
                            "protocol": "HTTPS",
                            "ssl_policy": "ELBSecurityPolicy-TLS-1-2-2017-01"
                        },
                        "meta": {},
                        "tainted": false
                    },
                    "deposed": [],
                    "provider": ""
                },
                "aws_alb_target_group.app-http": {
                    "type": "aws_alb_target_group",
                    "depends_on": [],
                    "primary": {
                        "id": "arn:aws:elasticloadbalancing:us-west-2:251764077246:targetgroup/red-app-http/4a1a858af4f3f091",
                        "attributes": {
                            "arn": "arn:aws:elasticloadbalancing:us-west-2:251764077246:targetgroup/red-app-http/4a1a858af4f3f091",
                            "arn_suffix": "targetgroup/red-app-http/4a1a858af4f3f091",
                            "deregistration_delay": "300",
                            "health_check.#": "1",
                            "health_check.0.healthy_threshold": "5",
                            "health_check.0.interval": "30",
                            "health_check.0.matcher": "200",
                            "health_check.0.path": "/",
                            "health_check.0.port": "traffic-port",
                            "health_check.0.protocol": "HTTP",
                            "health_check.0.timeout": "5",
                            "health_check.0.unhealthy_threshold": "2",
                            "id": "arn:aws:elasticloadbalancing:us-west-2:251764077246:targetgroup/red-app-http/4a1a858af4f3f091",
                            "name": "red-app-http",
                            "port": "80",
                            "protocol": "HTTP",
                            "stickiness.#": "1",
                            "stickiness.0.cookie_duration": "86400",
                            "stickiness.0.enabled": "false",
                            "stickiness.0.type": "lb_cookie",
                            "tags.%": "0",
                            "vpc_id": "vpc-21c2ba47"
                        },
                        "meta": {},
                        "tainted": false
                    },
                    "deposed": [],
                    "provider": ""
                },
                "aws_alb_target_group.app-https": {
                    "type": "aws_alb_target_group",
                    "depends_on": [],
                    "primary": {
                        "id": "arn:aws:elasticloadbalancing:us-west-2:251764077246:targetgroup/red-app-https/d8bb5211d9f82820",
                        "attributes": {
                            "arn": "arn:aws:elasticloadbalancing:us-west-2:251764077246:targetgroup/red-app-https/d8bb5211d9f82820",
                            "arn_suffix": "targetgroup/red-app-https/d8bb5211d9f82820",
                            "deregistration_delay": "300",
                            "health_check.#": "1",
                            "health_check.0.healthy_threshold": "5",
                            "health_check.0.interval": "30",
                            "health_check.0.matcher": "200",
                            "health_check.0.path": "/",
                            "health_check.0.port": "traffic-port",
                            "health_check.0.protocol": "HTTPS",
                            "health_check.0.timeout": "5",
                            "health_check.0.unhealthy_threshold": "2",
                            "id": "arn:aws:elasticloadbalancing:us-west-2:251764077246:targetgroup/red-app-https/d8bb5211d9f82820",
                            "name": "red-app-https",
                            "port": "443",
                            "protocol": "HTTPS",
                            "stickiness.#": "1",
                            "stickiness.0.cookie_duration": "86400",
                            "stickiness.0.enabled": "false",
                            "stickiness.0.type": "lb_cookie",
                            "tags.%": "0",
                            "vpc_id": "vpc-21c2ba47"
                        },
                        "meta": {},
                        "tainted": false
                    },
                    "deposed": [],
                    "provider": ""
                },
                "aws_alb_target_group_attachment.app-http": {
                    "type": "aws_alb_target_group_attachment",
                    "depends_on": [
                        "aws_alb_target_group.app-http"
                    ],
                    "primary": {
                        "id": "arn:aws:elasticloadbalancing:us-west-2:251764077246:targetgroup/red-app-http/4a1a858af4f3f091-20171006151811580900000001",
                        "attributes": {
                            "id": "arn:aws:elasticloadbalancing:us-west-2:251764077246:targetgroup/red-app-http/4a1a858af4f3f091-20171006151811580900000001",
                            "target_group_arn": "arn:aws:elasticloadbalancing:us-west-2:251764077246:targetgroup/red-app-http/4a1a858af4f3f091",
                            "target_id": "i-0aef3f7dfcdd5e07b"
                        },
                        "meta": {},
                        "tainted": false
                    },
                    "deposed": [],
                    "provider": ""
                },
                "aws_route53_record.app-lb-ext": {
                    "type": "aws_route53_record",
                    "depends_on": [
                        "aws_alb.appserver",
                        "aws_route53_zone.external"
                    ],
                    "primary": {
                        "id": "Z1M9DBY0SGLN01_aws.reddotstorage.com_A",
                        "attributes": {
                            "alias.#": "1",
                            "alias.4243162610.evaluate_target_health": "false",
                            "alias.4243162610.name": "red-stagingapp-lb-537267760.us-west-2.elb.amazonaws.com",
                            "alias.4243162610.zone_id": "Z1H1FL5HABSF5",
                            "fqdn": "aws.reddotstorage.com",
                            "health_check_id": "",
                            "id": "Z1M9DBY0SGLN01_aws.reddotstorage.com_A",
                            "name": "aws.reddotstorage.com",
                            "records.#": "0",
                            "set_identifier": "",
                            "ttl": "0",
                            "type": "A",
                            "zone_id": "Z1M9DBY0SGLN01"
                        },
                        "meta": {
                            "schema_version": "2"
                        },
                        "tainted": false
                    },
                    "deposed": [],
                    "provider": ""
                },
                "aws_route53_zone.external": {
                    "type": "aws_route53_zone",
                    "depends_on": [],
                    "primary": {
                        "id": "Z1M9DBY0SGLN01",
                        "attributes": {
                            "comment": "External Domain",
                            "force_destroy": "false",
                            "id": "Z1M9DBY0SGLN01",
                            "name": "aws.reddotstorage.com",
                            "name_servers.#": "4",
                            "name_servers.0": "ns-1105.awsdns-10.org",
                            "name_servers.1": "ns-1954.awsdns-52.co.uk",
                            "name_servers.2": "ns-53.awsdns-06.com",
                            "name_servers.3": "ns-873.awsdns-45.net",
                            "tags.%": "0",
                            "zone_id": "Z1M9DBY0SGLN01"
                        },
                        "meta": {},
                        "tainted": false
                    },
                    "deposed": [],
                    "provider": ""
                },
                "data.aws_acm_certificate.app_cert": {
                    "type": "aws_acm_certificate",
                    "depends_on": [],
                    "primary": {
                        "id": "2017-10-26 22:02:58.806566116 +0000 UTC",
                        "attributes": {
                            "arn": "arn:aws:acm:us-west-2:251764077246:certificate/1087e53a-0f6d-4781-8789-16941d5becbf",
                            "domain": "staging.reddotstorage.com",
                            "id": "2017-10-26 22:02:58.806566116 +0000 UTC",
                            "statuses.#": "1",
                            "statuses.0": "ISSUED"
                        },
                        "meta": {},
                        "tainted": false
                    },
                    "deposed": [],
                    "provider": ""
                }
            },
            "depends_on": []
        },
        {
            "path": [
                "root",
                "stage_railsapp"
            ],
            "outputs": {
                "hostname": {
                    "sensitive": false,
                    "type": "string",
                    "value": "red-stageapp-01 (172.20.40.167)\t[34.210.233.124]"
                },
                "hostname_id": {
                    "sensitive": false,
                    "type": "string",
                    "value": "i-0aef3f7dfcdd5e07b"
                }
            },
            "resources": {
                "aws_eip.hostname": {
                    "type": "aws_eip",
                    "depends_on": [
                        "aws_instance.hostname"
                    ],
                    "primary": {
                        "id": "eipalloc-da8c36e7",
                        "attributes": {
                            "association_id": "eipassoc-9cbd56a3",
                            "domain": "vpc",
                            "id": "eipalloc-da8c36e7",
                            "instance": "i-0aef3f7dfcdd5e07b",
                            "network_interface": "eni-a816bb98",
                            "private_ip": "172.20.40.167",
                            "public_ip": "34.210.233.124",
                            "vpc": "true"
                        },
                        "meta": {},
                        "tainted": false
                    },
                    "deposed": [],
                    "provider": ""
                },
                "aws_instance.hostname": {
                    "type": "aws_instance",
                    "depends_on": [],
                    "primary": {
                        "id": "i-0aef3f7dfcdd5e07b",
                        "attributes": {
                            "ami": "ami-f4533694",
                            "associate_public_ip_address": "true",
                            "availability_zone": "us-west-2a",
                            "disable_api_termination": "false",
                            "ebs_block_device.#": "0",
                            "ebs_optimized": "false",
                            "ephemeral_block_device.#": "0",
                            "iam_instance_profile": "basicServer",
                            "id": "i-0aef3f7dfcdd5e07b",
                            "instance_state": "running",
                            "instance_type": "t2.small",
                            "ipv6_addresses.#": "0",
                            "key_name": "lark-provisioning",
                            "monitoring": "false",
                            "network_interface.#": "0",
                            "network_interface_id": "eni-a816bb98",
                            "primary_network_interface_id": "eni-a816bb98",
                            "private_dns": "ip-172-20-40-167.us-west-2.compute.internal",
                            "private_ip": "172.20.40.167",
                            "public_dns": "ec2-34-210-233-124.us-west-2.compute.amazonaws.com",
                            "public_ip": "34.210.233.124",
                            "root_block_device.#": "1",
                            "root_block_device.0.delete_on_termination": "false",
                            "root_block_device.0.iops": "0",
                            "root_block_device.0.volume_size": "8",
                            "root_block_device.0.volume_type": "standard",
                            "security_groups.#": "0",
                            "source_dest_check": "true",
                            "subnet_id": "subnet-4ed67806",
                            "tags.%": "1",
                            "tags.Name": "red-stageapp-01",
                            "tenancy": "default",
                            "user_data": "7becc80f886173bd8f78c7db747baf36911b9fcb",
                            "volume_tags.%": "0",
                            "vpc_security_group_ids.#": "3",
                            "vpc_security_group_ids.2284916488": "sg-fa93d787",
                            "vpc_security_group_ids.2973286420": "sg-632e9a1e",
                            "vpc_security_group_ids.3413107033": "sg-852c98f8"
                        },
                        "meta": {
                            "e2bfb730-ecaa-11e6-8f88-34363bc7c4c0": {
                                "create": 600000000000,
                                "delete": 600000000000,
                                "update": 600000000000
                            },
                            "schema_version": "1"
                        },
                        "tainted": false
                    },
                    "deposed": [],
                    "provider": ""
                },
                "aws_route53_record.hostname": {
                    "type": "aws_route53_record",
                    "depends_on": [
                        "aws_instance.hostname"
                    ],
                    "primary": {
                        "id": "Z3GTC2DDZGDB36_red-stageapp-01_A",
                        "attributes": {
                            "fqdn": "red-stageapp-01.red.lan",
                            "health_check_id": "",
                            "id": "Z3GTC2DDZGDB36_red-stageapp-01_A",
                            "name": "red-stageapp-01",
                            "records.#": "1",
                            "records.3827239704": "172.20.40.167",
                            "set_identifier": "",
                            "ttl": "300",
                            "type": "A",
                            "zone_id": "Z3GTC2DDZGDB36"
                        },
                        "meta": {
                            "schema_version": "2"
                        },
                        "tainted": false
                    },
                    "deposed": [],
                    "provider": ""
                }
            },
            "depends_on": []
        },
        {
            "path": [
                "root",
                "vpc"
            ],
            "outputs": {
                "Egress elastic ip": {
                    "sensitive": false,
                    "type": "string",
                    "value": "34.208.70.90"
                },
                "a-db": {
                    "sensitive": false,
                    "type": "string",
                    "value": "subnet-3fd67877"
                },
                "a-dmz": {
                    "sensitive": false,
                    "type": "string",
                    "value": "subnet-4ed67806"
                },
                "a-shared": {
                    "sensitive": false,
                    "type": "string",
                    "value": "subnet-65d27c2d"
                },
                "a_app": {
                    "sensitive": false,
                    "type": "string",
                    "value": "subnet-3ed67876"
                },
                "a_public_id": {
                    "sensitive": false,
                    "type": "string",
                    "value": "subnet-39d57b71"
                },
                "availability_zone": {
                    "sensitive": false,
                    "type": "string",
                    "value": "a"
                },
                "b-app": {
                    "sensitive": false,
                    "type": "string",
                    "value": "subnet-a3f970c5"
                },
                "b-db": {
                    "sensitive": false,
                    "type": "string",
                    "value": "subnet-d6fa73b0"
                },
                "b-dmz": {
                    "sensitive": false,
                    "type": "string",
                    "value": "subnet-1ef87178"
                },
                "b-shared": {
                    "sensitive": false,
                    "type": "string",
                    "value": "subnet-5afb723c"
                },
                "b_public_id": {
                    "sensitive": false,
                    "type": "string",
                    "value": "subnet-9dfb72fb"
                },
                "c-app": {
                    "sensitive": false,
                    "type": "string",
                    "value": "subnet-6a297831"
                },
                "c-db": {
                    "sensitive": false,
                    "type": "string",
                    "value": "subnet-1c287947"
                },
                "c-dmz": {
                    "sensitive": false,
                    "type": "string",
                    "value": "subnet-4a2b7a11"
                },
                "c-shared": {
                    "sensitive": false,
                    "type": "string",
                    "value": "subnet-ed2776b6"
                },
                "c_public_id": {
                    "sensitive": false,
                    "type": "string",
                    "value": "subnet-1122734a"
                },
                "cidr": {
                    "sensitive": false,
                    "type": "string",
                    "value": "172.20.0.0/16"
                },
                "dmz_subnet_cidr": {
                    "sensitive": false,
                    "type": "map",
                    "value": {
                        "a": "172.20.40.0/24",
                        "b": "172.20.140.0/24",
                        "c": "172.20.240.0/24"
                    }
                },
                "eip": {
                    "sensitive": false,
                    "type": "string",
                    "value": "34.208.70.90"
                },
                "host_prefix": {
                    "sensitive": false,
                    "type": "string",
                    "value": "red"
                },
                "region": {
                    "sensitive": false,
                    "type": "string",
                    "value": "us-west-2"
                },
                "subnet_a-vpn_user": {
                    "sensitive": false,
                    "type": "string",
                    "value": "172.22.40.0/24"
                },
                "subnet_b-vpn_user": {
                    "sensitive": false,
                    "type": "string",
                    "value": "172.22.140.0/24"
                },
                "subnet_c-vpn_user": {
                    "sensitive": false,
                    "type": "string",
                    "value": "172.22.240.0/24"
                },
                "vpc_id": {
                    "sensitive": false,
                    "type": "string",
                    "value": "vpc-21c2ba47"
                }
            },
            "resources": {
                "aws_eip.nat_eip": {
                    "type": "aws_eip",
                    "depends_on": [],
                    "primary": {
                        "id": "eipalloc-1b239b26",
                        "attributes": {
                            "association_id": "eipassoc-127f932d",
                            "domain": "vpc",
                            "id": "eipalloc-1b239b26",
                            "instance": "",
                            "network_interface": "eni-1bbe1b2b",
                            "private_ip": "172.20.40.148",
                            "public_ip": "34.208.70.90",
                            "vpc": "true"
                        },
                        "meta": {},
                        "tainted": false
                    },
                    "deposed": [],
                    "provider": ""
                },
                "aws_internet_gateway.default_gw": {
                    "type": "aws_internet_gateway",
                    "depends_on": [
                        "aws_vpc.environment"
                    ],
                    "primary": {
                        "id": "igw-557b2b32",
                        "attributes": {
                            "id": "igw-557b2b32",
                            "tags.%": "1",
                            "tags.Name": "red-default-gateway",
                            "vpc_id": "vpc-21c2ba47"
                        },
                        "meta": {},
                        "tainted": false
                    },
                    "deposed": [],
                    "provider": ""
                },
                "aws_nat_gateway.natGW": {
                    "type": "aws_nat_gateway",
                    "depends_on": [
                        "aws_eip.nat_eip",
                        "aws_internet_gateway.default_gw",
                        "aws_subnet.a-dmz"
                    ],
                    "primary": {
                        "id": "nat-0f3ab139fdb8c272a",
                        "attributes": {
                            "allocation_id": "eipalloc-1b239b26",
                            "id": "nat-0f3ab139fdb8c272a",
                            "network_interface_id": "eni-1bbe1b2b",
                            "private_ip": "172.20.40.148",
                            "public_ip": "34.208.70.90",
                            "subnet_id": "subnet-4ed67806",
                            "tags.%": "0"
                        },
                        "meta": {},
                        "tainted": false
                    },
                    "deposed": [],
                    "provider": ""
                },
                "aws_network_interface.vpn-interface-a": {
                    "type": "aws_network_interface",
                    "depends_on": [
                        "aws_subnet.a-dmz"
                    ],
                    "primary": {
                        "id": "eni-cbb316fb",
                        "attributes": {
                            "attachment.#": "0",
                            "description": "",
                            "id": "eni-cbb316fb",
                            "private_dns_name": "ip-172-20-40-100.us-west-2.compute.internal",
                            "private_ip": "172.20.40.100",
                            "private_ips.#": "1",
                            "private_ips.740374845": "172.20.40.100",
                            "security_groups.#": "1",
                            "security_groups.3300287264": "sg-55219528",
                            "source_dest_check": "true",
                            "subnet_id": "subnet-4ed67806",
                            "tags.%": "1",
                            "tags.Name": "vpn-interface-a"
                        },
                        "meta": {},
                        "tainted": false
                    },
                    "deposed": [],
                    "provider": ""
                },
                "aws_network_interface.vpn-interface-b": {
                    "type": "aws_network_interface",
                    "depends_on": [
                        "aws_subnet.b-dmz"
                    ],
                    "primary": {
                        "id": "eni-9603ecb7",
                        "attributes": {
                            "attachment.#": "0",
                            "description": "",
                            "id": "eni-9603ecb7",
                            "private_dns_name": "ip-172-20-140-100.us-west-2.compute.internal",
                            "private_ip": "172.20.140.100",
                            "private_ips.#": "1",
                            "private_ips.3009338277": "172.20.140.100",
                            "security_groups.#": "1",
                            "security_groups.3300287264": "sg-55219528",
                            "source_dest_check": "true",
                            "subnet_id": "subnet-1ef87178",
                            "tags.%": "1",
                            "tags.Name": "vpn-interface-b"
                        },
                        "meta": {},
                        "tainted": false
                    },
                    "deposed": [],
                    "provider": ""
                },
                "aws_network_interface.vpn-interface-c": {
                    "type": "aws_network_interface",
                    "depends_on": [
                        "aws_subnet.c-dmz"
                    ],
                    "primary": {
                        "id": "eni-0125d903",
                        "attributes": {
                            "attachment.#": "0",
                            "description": "",
                            "id": "eni-0125d903",
                            "private_dns_name": "ip-172-20-240-100.us-west-2.compute.internal",
                            "private_ip": "172.20.240.100",
                            "private_ips.#": "1",
                            "private_ips.2193015096": "172.20.240.100",
                            "security_groups.#": "1",
                            "security_groups.3300287264": "sg-55219528",
                            "source_dest_check": "true",
                            "subnet_id": "subnet-4a2b7a11",
                            "tags.%": "1",
                            "tags.Name": "vpn-interface-c"
                        },
                        "meta": {},
                        "tainted": false
                    },
                    "deposed": [],
                    "provider": ""
                },
                "aws_route.public_internet_gateway": {
                    "type": "aws_route",
                    "depends_on": [
                        "aws_internet_gateway.default_gw",
                        "aws_route_table.public-rt"
                    ],
                    "primary": {
                        "id": "r-rtb-83a804fa1080289494",
                        "attributes": {
                            "destination_cidr_block": "0.0.0.0/0",
                            "destination_prefix_list_id": "",
                            "egress_only_gateway_id": "",
                            "gateway_id": "igw-557b2b32",
                            "id": "r-rtb-83a804fa1080289494",
                            "instance_id": "",
                            "instance_owner_id": "",
                            "nat_gateway_id": "",
                            "network_interface_id": "",
                            "origin": "CreateRoute",
                            "route_table_id": "rtb-83a804fa",
                            "state": "active",
                            "vpc_peering_connection_id": ""
                        },
                        "meta": {},
                        "tainted": false
                    },
                    "deposed": [],
                    "provider": ""
                },
                "aws_route_table.internal-rt": {
                    "type": "aws_route_table",
                    "depends_on": [
                        "aws_network_interface.vpn-interface-a",
                        "aws_network_interface.vpn-interface-b",
                        "aws_network_interface.vpn-interface-c",
                        "aws_vpc.environment"
                    ],
                    "primary": {
                        "id": "rtb-37ab074e",
                        "attributes": {
                            "id": "rtb-37ab074e",
                            "propagating_vgws.#": "0",
                            "route.#": "3",
                            "route.1595550413.cidr_block": "172.22.240.0/24",
                            "route.1595550413.egress_only_gateway_id": "",
                            "route.1595550413.gateway_id": "",
                            "route.1595550413.instance_id": "",
                            "route.1595550413.ipv6_cidr_block": "",
                            "route.1595550413.nat_gateway_id": "",
                            "route.1595550413.network_interface_id": "eni-0125d903",
                            "route.1595550413.vpc_peering_connection_id": "",
                            "route.2334729190.cidr_block": "172.22.40.0/24",
                            "route.2334729190.egress_only_gateway_id": "",
                            "route.2334729190.gateway_id": "",
                            "route.2334729190.instance_id": "",
                            "route.2334729190.ipv6_cidr_block": "",
                            "route.2334729190.nat_gateway_id": "",
                            "route.2334729190.network_interface_id": "eni-cbb316fb",
                            "route.2334729190.vpc_peering_connection_id": "",
                            "route.2578101204.cidr_block": "172.22.140.0/24",
                            "route.2578101204.egress_only_gateway_id": "",
                            "route.2578101204.gateway_id": "",
                            "route.2578101204.instance_id": "",
                            "route.2578101204.ipv6_cidr_block": "",
                            "route.2578101204.nat_gateway_id": "",
                            "route.2578101204.network_interface_id": "eni-9603ecb7",
                            "route.2578101204.vpc_peering_connection_id": "",
                            "tags.%": "1",
                            "tags.Name": "internal-rt",
                            "vpc_id": "vpc-21c2ba47"
                        },
                        "meta": {},
                        "tainted": false
                    },
                    "deposed": [],
                    "provider": ""
                },
                "aws_route_table.nat-rt": {
                    "type": "aws_route_table",
                    "depends_on": [
                        "aws_nat_gateway.natGW",
                        "aws_network_interface.vpn-interface-a",
                        "aws_network_interface.vpn-interface-b",
                        "aws_network_interface.vpn-interface-c",
                        "aws_vpc.environment"
                    ],
                    "primary": {
                        "id": "rtb-8baa06f2",
                        "attributes": {
                            "id": "rtb-8baa06f2",
                            "propagating_vgws.#": "0",
                            "route.#": "4",
                            "route.1595550413.cidr_block": "172.22.240.0/24",
                            "route.1595550413.egress_only_gateway_id": "",
                            "route.1595550413.gateway_id": "",
                            "route.1595550413.instance_id": "",
                            "route.1595550413.ipv6_cidr_block": "",
                            "route.1595550413.nat_gateway_id": "",
                            "route.1595550413.network_interface_id": "eni-0125d903",
                            "route.1595550413.vpc_peering_connection_id": "",
                            "route.2334729190.cidr_block": "172.22.40.0/24",
                            "route.2334729190.egress_only_gateway_id": "",
                            "route.2334729190.gateway_id": "",
                            "route.2334729190.instance_id": "",
                            "route.2334729190.ipv6_cidr_block": "",
                            "route.2334729190.nat_gateway_id": "",
                            "route.2334729190.network_interface_id": "eni-cbb316fb",
                            "route.2334729190.vpc_peering_connection_id": "",
                            "route.2578101204.cidr_block": "172.22.140.0/24",
                            "route.2578101204.egress_only_gateway_id": "",
                            "route.2578101204.gateway_id": "",
                            "route.2578101204.instance_id": "",
                            "route.2578101204.ipv6_cidr_block": "",
                            "route.2578101204.nat_gateway_id": "",
                            "route.2578101204.network_interface_id": "eni-9603ecb7",
                            "route.2578101204.vpc_peering_connection_id": "",
                            "route.3455643124.cidr_block": "0.0.0.0/0",
                            "route.3455643124.egress_only_gateway_id": "",
                            "route.3455643124.gateway_id": "",
                            "route.3455643124.instance_id": "",
                            "route.3455643124.ipv6_cidr_block": "",
                            "route.3455643124.nat_gateway_id": "nat-0f3ab139fdb8c272a",
                            "route.3455643124.network_interface_id": "",
                            "route.3455643124.vpc_peering_connection_id": "",
                            "tags.%": "1",
                            "tags.Name": "nat-rt",
                            "vpc_id": "vpc-21c2ba47"
                        },
                        "meta": {},
                        "tainted": false
                    },
                    "deposed": [],
                    "provider": ""
                },
                "aws_route_table.public-rt": {
                    "type": "aws_route_table",
                    "depends_on": [
                        "aws_internet_gateway.default_gw",
                        "aws_network_interface.vpn-interface-a",
                        "aws_network_interface.vpn-interface-b",
                        "aws_network_interface.vpn-interface-c",
                        "aws_vpc.environment"
                    ],
                    "primary": {
                        "id": "rtb-83a804fa",
                        "attributes": {
                            "id": "rtb-83a804fa",
                            "propagating_vgws.#": "0",
                            "route.#": "4",
                            "route.1595550413.cidr_block": "172.22.240.0/24",
                            "route.1595550413.egress_only_gateway_id": "",
                            "route.1595550413.gateway_id": "",
                            "route.1595550413.instance_id": "",
                            "route.1595550413.ipv6_cidr_block": "",
                            "route.1595550413.nat_gateway_id": "",
                            "route.1595550413.network_interface_id": "eni-0125d903",
                            "route.1595550413.vpc_peering_connection_id": "",
                            "route.2334729190.cidr_block": "172.22.40.0/24",
                            "route.2334729190.egress_only_gateway_id": "",
                            "route.2334729190.gateway_id": "",
                            "route.2334729190.instance_id": "",
                            "route.2334729190.ipv6_cidr_block": "",
                            "route.2334729190.nat_gateway_id": "",
                            "route.2334729190.network_interface_id": "eni-cbb316fb",
                            "route.2334729190.vpc_peering_connection_id": "",
                            "route.2578101204.cidr_block": "172.22.140.0/24",
                            "route.2578101204.egress_only_gateway_id": "",
                            "route.2578101204.gateway_id": "",
                            "route.2578101204.instance_id": "",
                            "route.2578101204.ipv6_cidr_block": "",
                            "route.2578101204.nat_gateway_id": "",
                            "route.2578101204.network_interface_id": "eni-9603ecb7",
                            "route.2578101204.vpc_peering_connection_id": "",
                            "route.3977690015.cidr_block": "0.0.0.0/0",
                            "route.3977690015.egress_only_gateway_id": "",
                            "route.3977690015.gateway_id": "igw-557b2b32",
                            "route.3977690015.instance_id": "",
                            "route.3977690015.ipv6_cidr_block": "",
                            "route.3977690015.nat_gateway_id": "",
                            "route.3977690015.network_interface_id": "",
                            "route.3977690015.vpc_peering_connection_id": "",
                            "tags.%": "1",
                            "tags.Name": "public-rt",
                            "vpc_id": "vpc-21c2ba47"
                        },
                        "meta": {},
                        "tainted": false
                    },
                    "deposed": [],
                    "provider": ""
                },
                "aws_route_table_association.appSubA": {
                    "type": "aws_route_table_association",
                    "depends_on": [
                        "aws_route_table.internal-rt",
                        "aws_subnet.a-app"
                    ],
                    "primary": {
                        "id": "rtbassoc-7fb9fd07",
                        "attributes": {
                            "id": "rtbassoc-7fb9fd07",
                            "route_table_id": "rtb-37ab074e",
                            "subnet_id": "subnet-3ed67876"
                        },
                        "meta": {},
                        "tainted": false
                    },
                    "deposed": [],
                    "provider": ""
                },
                "aws_route_table_association.appSubB": {
                    "type": "aws_route_table_association",
                    "depends_on": [
                        "aws_route_table.internal-rt",
                        "aws_subnet.b-app"
                    ],
                    "primary": {
                        "id": "rtbassoc-e2b8fc9a",
                        "attributes": {
                            "id": "rtbassoc-e2b8fc9a",
                            "route_table_id": "rtb-37ab074e",
                            "subnet_id": "subnet-a3f970c5"
                        },
                        "meta": {},
                        "tainted": false
                    },
                    "deposed": [],
                    "provider": ""
                },
                "aws_route_table_association.appSubC": {
                    "type": "aws_route_table_association",
                    "depends_on": [
                        "aws_route_table.internal-rt",
                        "aws_subnet.c-app"
                    ],
                    "primary": {
                        "id": "rtbassoc-89bbfff1",
                        "attributes": {
                            "id": "rtbassoc-89bbfff1",
                            "route_table_id": "rtb-37ab074e",
                            "subnet_id": "subnet-6a297831"
                        },
                        "meta": {},
                        "tainted": false
                    },
                    "deposed": [],
                    "provider": ""
                },
                "aws_route_table_association.dbSubA": {
                    "type": "aws_route_table_association",
                    "depends_on": [
                        "aws_route_table.internal-rt",
                        "aws_subnet.a-db"
                    ],
                    "primary": {
                        "id": "rtbassoc-b1c480c9",
                        "attributes": {
                            "id": "rtbassoc-b1c480c9",
                            "route_table_id": "rtb-37ab074e",
                            "subnet_id": "subnet-3fd67877"
                        },
                        "meta": {},
                        "tainted": false
                    },
                    "deposed": [],
                    "provider": ""
                },
                "aws_route_table_association.dbSubB": {
                    "type": "aws_route_table_association",
                    "depends_on": [
                        "aws_route_table.internal-rt",
                        "aws_subnet.b-db"
                    ],
                    "primary": {
                        "id": "rtbassoc-22c4805a",
                        "attributes": {
                            "id": "rtbassoc-22c4805a",
                            "route_table_id": "rtb-37ab074e",
                            "subnet_id": "subnet-d6fa73b0"
                        },
                        "meta": {},
                        "tainted": false
                    },
                    "deposed": [],
                    "provider": ""
                },
                "aws_route_table_association.dbSubC": {
                    "type": "aws_route_table_association",
                    "depends_on": [
                        "aws_route_table.internal-rt",
                        "aws_subnet.c-db"
                    ],
                    "primary": {
                        "id": "rtbassoc-d6b9fdae",
                        "attributes": {
                            "id": "rtbassoc-d6b9fdae",
                            "route_table_id": "rtb-37ab074e",
                            "subnet_id": "subnet-1c287947"
                        },
                        "meta": {},
                        "tainted": false
                    },
                    "deposed": [],
                    "provider": ""
                },
                "aws_route_table_association.dmzSubA": {
                    "type": "aws_route_table_association",
                    "depends_on": [
                        "aws_route_table.public-rt",
                        "aws_subnet.a-dmz"
                    ],
                    "primary": {
                        "id": "rtbassoc-e3b8fc9b",
                        "attributes": {
                            "id": "rtbassoc-e3b8fc9b",
                            "route_table_id": "rtb-83a804fa",
                            "subnet_id": "subnet-4ed67806"
                        },
                        "meta": {},
                        "tainted": false
                    },
                    "deposed": [],
                    "provider": ""
                },
                "aws_route_table_association.dmzSubB": {
                    "type": "aws_route_table_association",
                    "depends_on": [
                        "aws_route_table.public-rt",
                        "aws_subnet.b-dmz"
                    ],
                    "primary": {
                        "id": "rtbassoc-03c5817b",
                        "attributes": {
                            "id": "rtbassoc-03c5817b",
                            "route_table_id": "rtb-83a804fa",
                            "subnet_id": "subnet-1ef87178"
                        },
                        "meta": {},
                        "tainted": false
                    },
                    "deposed": [],
                    "provider": ""
                },
                "aws_route_table_association.dmzSubC": {
                    "type": "aws_route_table_association",
                    "depends_on": [
                        "aws_route_table.public-rt",
                        "aws_subnet.c-dmz"
                    ],
                    "primary": {
                        "id": "rtbassoc-d7b9fdaf",
                        "attributes": {
                            "id": "rtbassoc-d7b9fdaf",
                            "route_table_id": "rtb-83a804fa",
                            "subnet_id": "subnet-4a2b7a11"
                        },
                        "meta": {},
                        "tainted": false
                    },
                    "deposed": [],
                    "provider": ""
                },
                "aws_route_table_association.sharedSubA": {
                    "type": "aws_route_table_association",
                    "depends_on": [
                        "aws_route_table.nat-rt",
                        "aws_subnet.a-shared"
                    ],
                    "primary": {
                        "id": "rtbassoc-71c48009",
                        "attributes": {
                            "id": "rtbassoc-71c48009",
                            "route_table_id": "rtb-8baa06f2",
                            "subnet_id": "subnet-65d27c2d"
                        },
                        "meta": {},
                        "tainted": false
                    },
                    "deposed": [],
                    "provider": ""
                },
                "aws_route_table_association.sharedSubB": {
                    "type": "aws_route_table_association",
                    "depends_on": [
                        "aws_route_table.nat-rt",
                        "aws_subnet.b-shared"
                    ],
                    "primary": {
                        "id": "rtbassoc-b2b9fdca",
                        "attributes": {
                            "id": "rtbassoc-b2b9fdca",
                            "route_table_id": "rtb-8baa06f2",
                            "subnet_id": "subnet-5afb723c"
                        },
                        "meta": {},
                        "tainted": false
                    },
                    "deposed": [],
                    "provider": ""
                },
                "aws_route_table_association.sharedSubC": {
                    "type": "aws_route_table_association",
                    "depends_on": [
                        "aws_route_table.nat-rt",
                        "aws_subnet.c-shared"
                    ],
                    "primary": {
                        "id": "rtbassoc-a3c480db",
                        "attributes": {
                            "id": "rtbassoc-a3c480db",
                            "route_table_id": "rtb-8baa06f2",
                            "subnet_id": "subnet-ed2776b6"
                        },
                        "meta": {},
                        "tainted": false
                    },
                    "deposed": [],
                    "provider": ""
                },
                "aws_subnet.a-app": {
                    "type": "aws_subnet",
                    "depends_on": [
                        "aws_vpc.environment"
                    ],
                    "primary": {
                        "id": "subnet-3ed67876",
                        "attributes": {
                            "assign_ipv6_address_on_creation": "false",
                            "availability_zone": "us-west-2a",
                            "cidr_block": "172.20.20.0/24",
                            "id": "subnet-3ed67876",
                            "map_public_ip_on_launch": "false",
                            "tags.%": "1",
                            "tags.Name": "App-A-20",
                            "vpc_id": "vpc-21c2ba47"
                        },
                        "meta": {
                            "schema_version": "1"
                        },
                        "tainted": false
                    },
                    "deposed": [],
                    "provider": ""
                },
                "aws_subnet.a-db": {
                    "type": "aws_subnet",
                    "depends_on": [
                        "aws_vpc.environment"
                    ],
                    "primary": {
                        "id": "subnet-3fd67877",
                        "attributes": {
                            "assign_ipv6_address_on_creation": "false",
                            "availability_zone": "us-west-2a",
                            "cidr_block": "172.20.30.0/24",
                            "id": "subnet-3fd67877",
                            "map_public_ip_on_launch": "false",
                            "tags.%": "1",
                            "tags.Name": "Db-A-30",
                            "vpc_id": "vpc-21c2ba47"
                        },
                        "meta": {
                            "schema_version": "1"
                        },
                        "tainted": false
                    },
                    "deposed": [],
                    "provider": ""
                },
                "aws_subnet.a-dmz": {
                    "type": "aws_subnet",
                    "depends_on": [
                        "aws_vpc.environment"
                    ],
                    "primary": {
                        "id": "subnet-4ed67806",
                        "attributes": {
                            "assign_ipv6_address_on_creation": "false",
                            "availability_zone": "us-west-2a",
                            "cidr_block": "172.20.40.0/24",
                            "id": "subnet-4ed67806",
                            "map_public_ip_on_launch": "false",
                            "tags.%": "2",
                            "tags.Name": "Dmz-A-40",
                            "tags.Tier": "DMZ",
                            "vpc_id": "vpc-21c2ba47"
                        },
                        "meta": {
                            "schema_version": "1"
                        },
                        "tainted": false
                    },
                    "deposed": [],
                    "provider": ""
                },
                "aws_subnet.a-public": {
                    "type": "aws_subnet",
                    "depends_on": [
                        "aws_vpc.environment"
                    ],
                    "primary": {
                        "id": "subnet-39d57b71",
                        "attributes": {
                            "assign_ipv6_address_on_creation": "false",
                            "availability_zone": "us-west-2a",
                            "cidr_block": "172.20.0.0/24",
                            "id": "subnet-39d57b71",
                            "map_public_ip_on_launch": "false",
                            "tags.%": "1",
                            "tags.Name": "Public-A-0",
                            "vpc_id": "vpc-21c2ba47"
                        },
                        "meta": {
                            "schema_version": "1"
                        },
                        "tainted": false
                    },
                    "deposed": [],
                    "provider": ""
                },
                "aws_subnet.a-shared": {
                    "type": "aws_subnet",
                    "depends_on": [
                        "aws_vpc.environment"
                    ],
                    "primary": {
                        "id": "subnet-65d27c2d",
                        "attributes": {
                            "assign_ipv6_address_on_creation": "false",
                            "availability_zone": "us-west-2a",
                            "cidr_block": "172.20.50.0/24",
                            "id": "subnet-65d27c2d",
                            "map_public_ip_on_launch": "false",
                            "tags.%": "1",
                            "tags.Name": "Shared-A-50",
                            "vpc_id": "vpc-21c2ba47"
                        },
                        "meta": {
                            "schema_version": "1"
                        },
                        "tainted": false
                    },
                    "deposed": [],
                    "provider": ""
                },
                "aws_subnet.b-app": {
                    "type": "aws_subnet",
                    "depends_on": [
                        "aws_vpc.environment"
                    ],
                    "primary": {
                        "id": "subnet-a3f970c5",
                        "attributes": {
                            "assign_ipv6_address_on_creation": "false",
                            "availability_zone": "us-west-2b",
                            "cidr_block": "172.20.120.0/24",
                            "id": "subnet-a3f970c5",
                            "map_public_ip_on_launch": "false",
                            "tags.%": "1",
                            "tags.Name": "App-B-120",
                            "vpc_id": "vpc-21c2ba47"
                        },
                        "meta": {
                            "schema_version": "1"
                        },
                        "tainted": false
                    },
                    "deposed": [],
                    "provider": ""
                },
                "aws_subnet.b-db": {
                    "type": "aws_subnet",
                    "depends_on": [
                        "aws_vpc.environment"
                    ],
                    "primary": {
                        "id": "subnet-d6fa73b0",
                        "attributes": {
                            "assign_ipv6_address_on_creation": "false",
                            "availability_zone": "us-west-2b",
                            "cidr_block": "172.20.130.0/24",
                            "id": "subnet-d6fa73b0",
                            "map_public_ip_on_launch": "false",
                            "tags.%": "1",
                            "tags.Name": "Db-B-130",
                            "vpc_id": "vpc-21c2ba47"
                        },
                        "meta": {
                            "schema_version": "1"
                        },
                        "tainted": false
                    },
                    "deposed": [],
                    "provider": ""
                },
                "aws_subnet.b-dmz": {
                    "type": "aws_subnet",
                    "depends_on": [
                        "aws_vpc.environment"
                    ],
                    "primary": {
                        "id": "subnet-1ef87178",
                        "attributes": {
                            "assign_ipv6_address_on_creation": "false",
                            "availability_zone": "us-west-2b",
                            "cidr_block": "172.20.140.0/24",
                            "id": "subnet-1ef87178",
                            "map_public_ip_on_launch": "false",
                            "tags.%": "2",
                            "tags.Name": "Dmz-B-140",
                            "tags.Tier": "DMZ",
                            "vpc_id": "vpc-21c2ba47"
                        },
                        "meta": {
                            "schema_version": "1"
                        },
                        "tainted": false
                    },
                    "deposed": [],
                    "provider": ""
                },
                "aws_subnet.b-public": {
                    "type": "aws_subnet",
                    "depends_on": [
                        "aws_vpc.environment"
                    ],
                    "primary": {
                        "id": "subnet-9dfb72fb",
                        "attributes": {
                            "assign_ipv6_address_on_creation": "false",
                            "availability_zone": "us-west-2b",
                            "cidr_block": "172.20.100.0/24",
                            "id": "subnet-9dfb72fb",
                            "map_public_ip_on_launch": "false",
                            "tags.%": "1",
                            "tags.Name": "Public-B-100",
                            "vpc_id": "vpc-21c2ba47"
                        },
                        "meta": {
                            "schema_version": "1"
                        },
                        "tainted": false
                    },
                    "deposed": [],
                    "provider": ""
                },
                "aws_subnet.b-shared": {
                    "type": "aws_subnet",
                    "depends_on": [
                        "aws_vpc.environment"
                    ],
                    "primary": {
                        "id": "subnet-5afb723c",
                        "attributes": {
                            "assign_ipv6_address_on_creation": "false",
                            "availability_zone": "us-west-2b",
                            "cidr_block": "172.20.150.0/24",
                            "id": "subnet-5afb723c",
                            "map_public_ip_on_launch": "false",
                            "tags.%": "1",
                            "tags.Name": "Shared-B-150",
                            "vpc_id": "vpc-21c2ba47"
                        },
                        "meta": {
                            "schema_version": "1"
                        },
                        "tainted": false
                    },
                    "deposed": [],
                    "provider": ""
                },
                "aws_subnet.c-app": {
                    "type": "aws_subnet",
                    "depends_on": [
                        "aws_vpc.environment"
                    ],
                    "primary": {
                        "id": "subnet-6a297831",
                        "attributes": {
                            "assign_ipv6_address_on_creation": "false",
                            "availability_zone": "us-west-2c",
                            "cidr_block": "172.20.220.0/24",
                            "id": "subnet-6a297831",
                            "map_public_ip_on_launch": "false",
                            "tags.%": "1",
                            "tags.Name": "App-C-220",
                            "vpc_id": "vpc-21c2ba47"
                        },
                        "meta": {
                            "schema_version": "1"
                        },
                        "tainted": false
                    },
                    "deposed": [],
                    "provider": ""
                },
                "aws_subnet.c-db": {
                    "type": "aws_subnet",
                    "depends_on": [
                        "aws_vpc.environment"
                    ],
                    "primary": {
                        "id": "subnet-1c287947",
                        "attributes": {
                            "assign_ipv6_address_on_creation": "false",
                            "availability_zone": "us-west-2c",
                            "cidr_block": "172.20.230.0/24",
                            "id": "subnet-1c287947",
                            "map_public_ip_on_launch": "false",
                            "tags.%": "1",
                            "tags.Name": "Db-C-230",
                            "vpc_id": "vpc-21c2ba47"
                        },
                        "meta": {
                            "schema_version": "1"
                        },
                        "tainted": false
                    },
                    "deposed": [],
                    "provider": ""
                },
                "aws_subnet.c-dmz": {
                    "type": "aws_subnet",
                    "depends_on": [
                        "aws_vpc.environment"
                    ],
                    "primary": {
                        "id": "subnet-4a2b7a11",
                        "attributes": {
                            "assign_ipv6_address_on_creation": "false",
                            "availability_zone": "us-west-2c",
                            "cidr_block": "172.20.240.0/24",
                            "id": "subnet-4a2b7a11",
                            "map_public_ip_on_launch": "false",
                            "tags.%": "2",
                            "tags.Name": "Dmz-C-240",
                            "tags.Tier": "DMZ",
                            "vpc_id": "vpc-21c2ba47"
                        },
                        "meta": {
                            "schema_version": "1"
                        },
                        "tainted": false
                    },
                    "deposed": [],
                    "provider": ""
                },
                "aws_subnet.c-public": {
                    "type": "aws_subnet",
                    "depends_on": [
                        "aws_vpc.environment"
                    ],
                    "primary": {
                        "id": "subnet-1122734a",
                        "attributes": {
                            "assign_ipv6_address_on_creation": "false",
                            "availability_zone": "us-west-2c",
                            "cidr_block": "172.20.200.0/24",
                            "id": "subnet-1122734a",
                            "map_public_ip_on_launch": "false",
                            "tags.%": "1",
                            "tags.Name": "Public-C-200",
                            "vpc_id": "vpc-21c2ba47"
                        },
                        "meta": {
                            "schema_version": "1"
                        },
                        "tainted": false
                    },
                    "deposed": [],
                    "provider": ""
                },
                "aws_subnet.c-shared": {
                    "type": "aws_subnet",
                    "depends_on": [
                        "aws_vpc.environment"
                    ],
                    "primary": {
                        "id": "subnet-ed2776b6",
                        "attributes": {
                            "assign_ipv6_address_on_creation": "false",
                            "availability_zone": "us-west-2c",
                            "cidr_block": "172.20.250.0/24",
                            "id": "subnet-ed2776b6",
                            "map_public_ip_on_launch": "false",
                            "tags.%": "1",
                            "tags.Name": "Shared-C-250",
                            "vpc_id": "vpc-21c2ba47"
                        },
                        "meta": {
                            "schema_version": "1"
                        },
                        "tainted": false
                    },
                    "deposed": [],
                    "provider": ""
                },
                "aws_vpc.environment": {
                    "type": "aws_vpc",
                    "depends_on": [],
                    "primary": {
                        "id": "vpc-21c2ba47",
                        "attributes": {
                            "assign_generated_ipv6_cidr_block": "false",
                            "cidr_block": "172.20.0.0/16",
                            "default_network_acl_id": "acl-16f2ed70",
                            "default_route_table_id": "rtb-bda408c4",
                            "default_security_group_id": "sg-55219528",
                            "dhcp_options_id": "dopt-35b53353",
                            "enable_classiclink": "false",
                            "enable_classiclink_dns_support": "false",
                            "enable_dns_hostnames": "true",
                            "enable_dns_support": "true",
                            "id": "vpc-21c2ba47",
                            "instance_tenancy": "default",
                            "main_route_table_id": "rtb-bda408c4",
                            "tags.%": "1",
                            "tags.Name": "red-production-vpc"
                        },
                        "meta": {
                            "schema_version": "1"
                        },
                        "tainted": false
                    },
                    "deposed": [],
                    "provider": ""
                }
            },
            "depends_on": []
        },
        {
            "path": [
                "root",
                "db",
                "db_instance"
            ],
            "outputs": {
                "this_db_instance_address": {
                    "sensitive": false,
                    "type": "string",
                    "value": "stage.clxtbeltidcx.us-west-2.rds.amazonaws.com"
                },
                "this_db_instance_arn": {
                    "sensitive": false,
                    "type": "string",
                    "value": "arn:aws:rds:us-west-2:251764077246:db:stage"
                },
                "this_db_instance_availability_zone": {
                    "sensitive": false,
                    "type": "string",
                    "value": "us-west-2a"
                },
                "this_db_instance_endpoint": {
                    "sensitive": false,
                    "type": "string",
                    "value": "stage.clxtbeltidcx.us-west-2.rds.amazonaws.com:5432"
                },
                "this_db_instance_hosted_zone_id": {
                    "sensitive": false,
                    "type": "string",
                    "value": "Z1PVIF0B656C1W"
                },
                "this_db_instance_id": {
                    "sensitive": false,
                    "type": "string",
                    "value": "stage"
                },
                "this_db_instance_name": {
                    "sensitive": false,
                    "type": "string",
                    "value": "stagedb"
                },
                "this_db_instance_password": {
                    "sensitive": false,
                    "type": "string",
                    "value": "YourPwdShouldBeLongAndSecure!"
                },
                "this_db_instance_port": {
                    "sensitive": false,
                    "type": "string",
                    "value": "5432"
                },
                "this_db_instance_resource_id": {
                    "sensitive": false,
                    "type": "string",
                    "value": "db-WQYFW3KGF27NXPHHRZCI3DWTGQ"
                },
                "this_db_instance_status": {
                    "sensitive": false,
                    "type": "string",
                    "value": "available"
                },
                "this_db_instance_username": {
                    "sensitive": false,
                    "type": "string",
                    "value": "dbadmin"
                }
            },
            "resources": {},
            "depends_on": []
        },
        {
            "path": [
                "root",
                "db",
                "db_parameter_group"
            ],
            "outputs": {
                "this_db_parameter_group_arn": {
                    "sensitive": false,
                    "type": "string",
                    "value": "arn:aws:rds:us-west-2:251764077246:pg:stage-20171005184635510000000002"
                },
                "this_db_parameter_group_id": {
                    "sensitive": false,
                    "type": "string",
                    "value": "stage-20171005184635510000000002"
                }
            },
            "resources": {},
            "depends_on": []
        },
        {
            "path": [
                "root",
                "db",
                "db_subnet_group"
            ],
            "outputs": {
                "this_db_subnet_group_arn": {
                    "sensitive": false,
                    "type": "string",
                    "value": "arn:aws:rds:us-west-2:251764077246:subgrp:stage-20171005184635350600000001"
                },
                "this_db_subnet_group_id": {
                    "sensitive": false,
                    "type": "string",
                    "value": "stage-20171005184635350600000001"
                }
            },
            "resources": {},
            "depends_on": []
        },
        {
            "path": [
                "root",
                "stage_db",
                "db_instance"
            ],
            "outputs": {
                "this_db_instance_address": {
                    "sensitive": false,
                    "type": "string",
                    "value": "stage.clxtbeltidcx.us-west-2.rds.amazonaws.com"
                },
                "this_db_instance_arn": {
                    "sensitive": false,
                    "type": "string",
                    "value": "arn:aws:rds:us-west-2:251764077246:db:stage"
                },
                "this_db_instance_availability_zone": {
                    "sensitive": false,
                    "type": "string",
                    "value": "us-west-2a"
                },
                "this_db_instance_endpoint": {
                    "sensitive": false,
                    "type": "string",
                    "value": "stage.clxtbeltidcx.us-west-2.rds.amazonaws.com:5432"
                },
                "this_db_instance_hosted_zone_id": {
                    "sensitive": false,
                    "type": "string",
                    "value": "Z1PVIF0B656C1W"
                },
                "this_db_instance_id": {
                    "sensitive": false,
                    "type": "string",
                    "value": "stage"
                },
                "this_db_instance_name": {
                    "sensitive": false,
                    "type": "string",
                    "value": "stagedb"
                },
                "this_db_instance_password": {
                    "sensitive": false,
                    "type": "string",
                    "value": "YourPwdShouldBeLongAndSecure!"
                },
                "this_db_instance_port": {
                    "sensitive": false,
                    "type": "string",
                    "value": "5432"
                },
                "this_db_instance_resource_id": {
                    "sensitive": false,
                    "type": "string",
                    "value": "db-ZUVMPDMZHZGSPTV5ONCOFAW7H4"
                },
                "this_db_instance_status": {
                    "sensitive": false,
                    "type": "string",
                    "value": "available"
                },
                "this_db_instance_username": {
                    "sensitive": false,
                    "type": "string",
                    "value": "dbadmin"
                }
            },
            "resources": {
                "aws_db_instance.this": {
                    "type": "aws_db_instance",
                    "depends_on": [],
                    "primary": {
                        "id": "stage",
                        "attributes": {
                            "address": "stage.clxtbeltidcx.us-west-2.rds.amazonaws.com",
                            "allocated_storage": "5",
                            "allow_major_version_upgrade": "false",
                            "apply_immediately": "false",
                            "arn": "arn:aws:rds:us-west-2:251764077246:db:stage",
                            "auto_minor_version_upgrade": "true",
                            "availability_zone": "us-west-2a",
                            "backup_retention_period": "1",
                            "backup_window": "03:00-06:00",
                            "ca_cert_identifier": "rds-ca-2015",
                            "copy_tags_to_snapshot": "false",
                            "db_subnet_group_name": "stage-20171026215614478500000002",
                            "endpoint": "stage.clxtbeltidcx.us-west-2.rds.amazonaws.com:5432",
                            "engine": "postgres",
                            "engine_version": "9.6.2",
                            "hosted_zone_id": "Z1PVIF0B656C1W",
                            "iam_database_authentication_enabled": "false",
                            "id": "stage",
                            "identifier": "stage",
                            "instance_class": "db.t2.small",
                            "iops": "0",
                            "kms_key_id": "",
                            "license_model": "postgresql-license",
                            "maintenance_window": "mon:00:00-mon:03:00",
                            "monitoring_interval": "0",
                            "multi_az": "false",
                            "name": "stagedb",
                            "option_group_name": "default:postgres-9-6",
                            "parameter_group_name": "stage-20171026215614465400000001",
                            "password": "YourPwdShouldBeLongAndSecure!",
                            "port": "5432",
                            "publicly_accessible": "false",
                            "replicas.#": "0",
                            "replicate_source_db": "",
                            "resource_id": "db-ZUVMPDMZHZGSPTV5ONCOFAW7H4",
                            "security_group_names.#": "0",
                            "skip_final_snapshot": "true",
                            "status": "available",
                            "storage_encrypted": "false",
                            "storage_type": "gp2",
                            "tags.%": "3",
                            "tags.Environment": "dev",
                            "tags.Name": "stage",
                            "tags.Owner": "user",
                            "timezone": "",
                            "username": "dbadmin",
                            "vpc_security_group_ids.#": "2",
                            "vpc_security_group_ids.2764153796": "sg-c679f5bb",
                            "vpc_security_group_ids.2973286420": "sg-632e9a1e"
                        },
                        "meta": {
                            "e2bfb730-ecaa-11e6-8f88-34363bc7c4c0": {
                                "create": 2400000000000,
                                "delete": 2400000000000,
                                "update": 4800000000000
                            }
                        },
                        "tainted": false
                    },
                    "deposed": [],
                    "provider": ""
                }
            },
            "depends_on": []
        },
        {
            "path": [
                "root",
                "stage_db",
                "db_parameter_group"
            ],
            "outputs": {
                "this_db_parameter_group_arn": {
                    "sensitive": false,
                    "type": "string",
                    "value": "arn:aws:rds:us-west-2:251764077246:pg:stage-20171026215614465400000001"
                },
                "this_db_parameter_group_id": {
                    "sensitive": false,
                    "type": "string",
                    "value": "stage-20171026215614465400000001"
                }
            },
            "resources": {
                "aws_db_parameter_group.this": {
                    "type": "aws_db_parameter_group",
                    "depends_on": [],
                    "primary": {
                        "id": "stage-20171026215614465400000001",
                        "attributes": {
                            "arn": "arn:aws:rds:us-west-2:251764077246:pg:stage-20171026215614465400000001",
                            "description": "Database parameter group for stage",
                            "family": "postgres9.6",
                            "id": "stage-20171026215614465400000001",
                            "name": "stage-20171026215614465400000001",
                            "name_prefix": "stage-",
                            "parameter.#": "0",
                            "tags.%": "3",
                            "tags.Environment": "dev",
                            "tags.Name": "stage",
                            "tags.Owner": "user"
                        },
                        "meta": {},
                        "tainted": false
                    },
                    "deposed": [],
                    "provider": ""
                }
            },
            "depends_on": []
        },
        {
            "path": [
                "root",
                "stage_db",
                "db_subnet_group"
            ],
            "outputs": {
                "this_db_subnet_group_arn": {
                    "sensitive": false,
                    "type": "string",
                    "value": "arn:aws:rds:us-west-2:251764077246:subgrp:stage-20171026215614478500000002"
                },
                "this_db_subnet_group_id": {
                    "sensitive": false,
                    "type": "string",
                    "value": "stage-20171026215614478500000002"
                }
            },
            "resources": {
                "aws_db_subnet_group.this": {
                    "type": "aws_db_subnet_group",
                    "depends_on": [],
                    "primary": {
                        "id": "stage-20171026215614478500000002",
                        "attributes": {
                            "arn": "arn:aws:rds:us-west-2:251764077246:subgrp:stage-20171026215614478500000002",
                            "description": "Database subnet group for stage",
                            "id": "stage-20171026215614478500000002",
                            "name": "stage-20171026215614478500000002",
                            "name_prefix": "stage-",
                            "subnet_ids.#": "2",
                            "subnet_ids.1933830846": "subnet-d6fa73b0",
                            "subnet_ids.2641598549": "subnet-3fd67877",
                            "tags.%": "3",
                            "tags.Environment": "dev",
                            "tags.Name": "stage",
                            "tags.Owner": "user"
                        },
                        "meta": {},
                        "tainted": false
                    },
                    "deposed": [],
                    "provider": ""
                }
            },
            "depends_on": []
        }
    ]
}
